
Microsoft Visual Studio Solution File, Format Version 11.00
# Visual Studio 2010
Project("{8BC9CEB8-8B4A-11D0-8D11-00A0C91BC942}") = "testConsoleCpp", "Project_Cpp\exec\testConsole\testConsole.vcxproj", "{2E6C8E88-6D54-468B-9D31-9A68960A9F5A}"
	ProjectSection(ProjectDependencies) = postProject
		{470C3A4E-E667-4F8A-B89C-907F2C14B713} = {470C3A4E-E667-4F8A-B89C-907F2C14B713}
		{BC7E8D87-50F8-457D-9113-2C51323384E7} = {BC7E8D87-50F8-457D-9113-2C51323384E7}
		{AD0A27DA-91DA-46A2-ACBD-296C419ED3AA} = {AD0A27DA-91DA-46A2-ACBD-296C419ED3AA}
	EndProjectSection
EndProject
Project("{8BC9CEB8-8B4A-11D0-8D11-00A0C91BC942}") = "calculationModule", "Project_Cpp\lib_static\calculationModule\calculationModule.vcxproj", "{470C3A4E-E667-4F8A-B89C-907F2C14B713}"
	ProjectSection(ProjectDependencies) = postProject
		{AD0A27DA-91DA-46A2-ACBD-296C419ED3AA} = {AD0A27DA-91DA-46A2-ACBD-296C419ED3AA}
	EndProjectSection
EndProject
Project("{8BC9CEB8-8B4A-11D0-8D11-00A0C91BC942}") = "FpmlSerializedCpp", "Project_Cpp\lib_static\FpmlSerialized\FpmlSerialized.vcxproj", "{00E2E346-AD03-4596-9BEA-B6208847DFF0}"
EndProject
Project("{8BC9CEB8-8B4A-11D0-8D11-00A0C91BC942}") = "xmlFactory", "Project_Cpp\lib_static\xmlFactory\xmlFactory.vcxproj", "{BC7E8D87-50F8-457D-9113-2C51323384E7}"
	ProjectSection(ProjectDependencies) = postProject
		{470C3A4E-E667-4F8A-B89C-907F2C14B713} = {470C3A4E-E667-4F8A-B89C-907F2C14B713}
		{AD0A27DA-91DA-46A2-ACBD-296C419ED3AA} = {AD0A27DA-91DA-46A2-ACBD-296C419ED3AA}
	EndProjectSection
EndProject
Project("{FAE04EC0-301F-11D3-BF4B-00C04F79EFBC}") = "XmlBuilder", "Project_CSharp\XmlBuilder\XmlBuilder.csproj", "{48CDEB64-D1D7-4BDA-90E8-AE879AF8B0C5}"
EndProject
Project("{8BC9CEB8-8B4A-11D0-8D11-00A0C91BC942}") = "QuantLib", "Project_Cpp\lib_static\QuantLib\QuantLib_vc10.vcxproj", "{AD0A27DA-91DA-46A2-ACBD-296C419ED3AA}"
EndProject
Project("{FAE04EC0-301F-11D3-BF4B-00C04F79EFBC}") = "TestCppDLL", "Project_CSharp\TestCppDLL\TestCppDLL.csproj", "{8461B474-1CD9-4A1A-95A3-BCCF4BD2CFA3}"
EndProject
Project("{8BC9CEB8-8B4A-11D0-8D11-00A0C91BC942}") = "StepDownKI_DLL", "Project_Cpp\lib_dll\StepDownKI_DLL\StepDownKI_DLL.vcxproj", "{74A9CD30-24CE-4BCD-9638-0B009BAC7138}"
EndProject
Project("{FAE04EC0-301F-11D3-BF4B-00C04F79EFBC}") = "FpmlSerializedCodeGenerator", "Project_CSharp\CodeGen\FpmlSerializedCodeGenerator\FpmlSerializedCodeGenerator.csproj", "{A02687EC-F5E4-472D-B286-23B23F11A43B}"
EndProject
Project("{FAE04EC0-301F-11D3-BF4B-00C04F79EFBC}") = "FpmlSerializedCSharp", "Project_CSharp\FpmlSerializedCSharp\FpmlSerializedCSharp.csproj", "{49274CC4-6B5E-4D64-821E-6B6BBBDC507E}"
EndProject
Project("{FAE04EC0-301F-11D3-BF4B-00C04F79EFBC}") = "MatrixTest", "MatrixTest\MatrixTest.csproj", "{C272A5B1-ACB4-4F31-B847-07CCB803317C}"
EndProject
Project("{8BC9CEB8-8B4A-11D0-8D11-00A0C91BC942}") = "hullwhiteProcessGen", "hullwhiteProcessGen\hullwhiteProcessGen.vcxproj", "{6813D52F-9120-4C27-A7E5-ACDB775FF21F}"
EndProject
Project("{FAE04EC0-301F-11D3-BF4B-00C04F79EFBC}") = "CDSCalculatorTest", "Project_CSharp\CDSCalculatorTest\CDSCalculatorTest.csproj", "{FE1F6BE1-D81D-4CC3-B3C7-D726DFA476A4}"
EndProject
Project("{FAE04EC0-301F-11D3-BF4B-00C04F79EFBC}") = "SimpleCalculator", "SimpleCalculator\SimpleCalculator.csproj", "{B70227ED-CD68-4A97-B38A-89CE5651631A}"
EndProject
Project("{2150E333-8FDC-42A3-9474-1A3956D46DE8}") = "Cplus", "Cplus", "{A14D3605-7DCA-4C54-A3C9-33D5B6120828}"
EndProject
Project("{2150E333-8FDC-42A3-9474-1A3956D46DE8}") = "CSharp", "CSharp", "{C819577A-DEAC-43FE-BC68-E0EC1BB152CE}"
EndProject
Project("{2150E333-8FDC-42A3-9474-1A3956D46DE8}") = "Test", "Test", "{2C37C888-E7F6-4BF4-87FC-F1FF101FE476}"
EndProject
Project("{FAE04EC0-301F-11D3-BF4B-00C04F79EFBC}") = "MroPositionLoader", "Project_CSharp\MROLoader\MroPositionLoader\MroPositionLoader.csproj", "{10B98FF3-16FD-4C77-A1A3-3FF31B792FC2}"
EndProject
Project("{FAE04EC0-301F-11D3-BF4B-00C04F79EFBC}") = "MroParameterLoader", "MroParameterLoader\MroParameterLoader.csproj", "{F64BBDA3-36B0-4A8E-91B1-38A68393E229}"
EndProject
Project("{8BC9CEB8-8B4A-11D0-8D11-00A0C91BC942}") = "OTCcalculator", "OTCcalculator\OTCcalculator.vcxproj", "{89B10EDD-0CF0-4835-8CFA-456FA09F2DE2}"
	ProjectSection(ProjectDependencies) = postProject
		{470C3A4E-E667-4F8A-B89C-907F2C14B713} = {470C3A4E-E667-4F8A-B89C-907F2C14B713}
		{BC7E8D87-50F8-457D-9113-2C51323384E7} = {BC7E8D87-50F8-457D-9113-2C51323384E7}
		{AD0A27DA-91DA-46A2-ACBD-296C419ED3AA} = {AD0A27DA-91DA-46A2-ACBD-296C419ED3AA}
	EndProjectSection
EndProject
Project("{2150E333-8FDC-42A3-9474-1A3956D46DE8}") = "Excel", "Excel", "{22944B95-4F3E-4165-A611-A3848F0E74DD}"
EndProject
Project("{2150E333-8FDC-42A3-9474-1A3956D46DE8}") = "Test", "Test", "{3BDEC12B-3F54-4B3B-A313-0D62AC0FC1E6}"
EndProject
Project("{FAE04EC0-301F-11D3-BF4B-00C04F79EFBC}") = "ExcelOTCManagerAddIn", "ExcelOTCManagerAddIn\ExcelOTCManagerAddIn.csproj", "{0AF0FB43-2C1E-40E4-871F-A153124F9343}"
EndProject
Project("{FAE04EC0-301F-11D3-BF4B-00C04F79EFBC}") = "testExcelAddin", "testExcelAddin\testExcelAddin.csproj", "{85BAC141-2F14-49E3-AF17-0C90E465EF6C}"
EndProject
Project("{FAE04EC0-301F-11D3-BF4B-00C04F79EFBC}") = "Excel_Interface", "Excel_Interface2\Excel_Interface.csproj", "{67E26D74-90D1-4531-9B2D-91D19468B7A7}"
EndProject
Project("{FAE04EC0-301F-11D3-BF4B-00C04F79EFBC}") = "testExcelAddinWPF", "testExcelAddinWPF\testExcelAddinWPF.csproj", "{411E5479-58F8-4E4E-AAB0-3F8D65CE4F83}"
EndProject
Project("{FAE04EC0-301F-11D3-BF4B-00C04F79EFBC}") = "QLNet", "Project_CSharp\qlnet\QLNet\QLNet.csproj", "{F6E762BD-DCDF-4CA0-ABAD-CB21C7D03BEC}"
EndProject
Project("{FAE04EC0-301F-11D3-BF4B-00C04F79EFBC}") = "XMLViewer", "Project_CSharp\XMLViewerDomo\XMLViewer\XMLViewer.csproj", "{11D17F23-E54C-47D3-A04C-1338F456AC87}"
EndProject
Project("{8BC9CEB8-8B4A-11D0-8D11-00A0C91BC942}") = "testDLL", "Project_Cpp\lib_dll\testDLL\testDLL.vcxproj", "{19347527-F7C0-41E9-BDA4-D3A041BA330D}"
	ProjectSection(ProjectDependencies) = postProject
		{470C3A4E-E667-4F8A-B89C-907F2C14B713} = {470C3A4E-E667-4F8A-B89C-907F2C14B713}
		{BC7E8D87-50F8-457D-9113-2C51323384E7} = {BC7E8D87-50F8-457D-9113-2C51323384E7}
		{AD0A27DA-91DA-46A2-ACBD-296C419ED3AA} = {AD0A27DA-91DA-46A2-ACBD-296C419ED3AA}
	EndProjectSection
EndProject
Project("{2150E333-8FDC-42A3-9474-1A3956D46DE8}") = "CodeGenerator", "CodeGenerator", "{897EB31B-1319-4C1A-A53C-2E007DE6B60F}"
EndProject
Project("{FAE04EC0-301F-11D3-BF4B-00C04F79EFBC}") = "QuerySerializeCodeGenerator", "QuerySerializeCodeGenerator\QuerySerializeCodeGenerator.csproj", "{9EE40384-F139-4691-8E2D-882EA123FD68}"
EndProject
Project("{FAE04EC0-301F-11D3-BF4B-00C04F79EFBC}") = "testConsoleQNet", "testConsoleQNet\testConsoleQNet.csproj", "{BDD80A6B-A1AE-4ECC-9997-4CAF3D7A46AD}"
EndProject
Project("{FAE04EC0-301F-11D3-BF4B-00C04F79EFBC}") = "DynamicDataDisplay", "..\..\codeProject_lib\DynamicDataDisplay v0.3\src\DynamicDataDisplay\DynamicDataDisplay.csproj", "{ECD37682-DF7E-409F-912D-0965634556B5}"
EndProject
Project("{FAE04EC0-301F-11D3-BF4B-00C04F79EFBC}") = "testConsoleApplication", "testConsoleApplication\testConsoleApplication.csproj", "{F364D6DD-F617-44EA-AF5E-C7512299A8C8}"
EndProject
Project("{FAE04EC0-301F-11D3-BF4B-00C04F79EFBC}") = "testComboBoxBinding", "testComboBoxBinding\testComboBoxBinding.csproj", "{53F62ED9-1560-418B-BDA2-FB1DB8020F3F}"
EndProject
Project("{FAE04EC0-301F-11D3-BF4B-00C04F79EFBC}") = "TestConsole", "TestConsole\TestConsole.csproj", "{645BF639-1ECF-493C-BB0B-D659D71565B4}"
EndProject
Project("{FAE04EC0-301F-11D3-BF4B-00C04F79EFBC}") = "Ahn_OTCBookCOMLibrary", "Ahn_OTCBookCOMLibrary\Ahn_OTCBookCOMLibrary.csproj", "{99BCA8CF-5249-44EC-8DB3-68432C183EE8}"
EndProject
Project("{FAE04EC0-301F-11D3-BF4B-00C04F79EFBC}") = "OTCBookTool", "OTCBookTool\OTCBookTool.csproj", "{918C2A43-FAD6-4288-835A-60436A19C8EB}"
EndProject
Global
	GlobalSection(SolutionConfigurationPlatforms) = preSolution
		Debug (static runtime)|Any CPU = Debug (static runtime)|Any CPU
		Debug (static runtime)|Mixed Platforms = Debug (static runtime)|Mixed Platforms
		Debug (static runtime)|Win32 = Debug (static runtime)|Win32
		Debug (static runtime)|x86 = Debug (static runtime)|x86
		Debug|Any CPU = Debug|Any CPU
		Debug|Mixed Platforms = Debug|Mixed Platforms
		Debug|Win32 = Debug|Win32
		Debug|x86 = Debug|x86
		Release (static runtime)|Any CPU = Release (static runtime)|Any CPU
		Release (static runtime)|Mixed Platforms = Release (static runtime)|Mixed Platforms
		Release (static runtime)|Win32 = Release (static runtime)|Win32
		Release (static runtime)|x86 = Release (static runtime)|x86
		Release|Any CPU = Release|Any CPU
		Release|Mixed Platforms = Release|Mixed Platforms
		Release|Win32 = Release|Win32
		Release|x86 = Release|x86
	EndGlobalSection
	GlobalSection(ProjectConfigurationPlatforms) = postSolution
		{2E6C8E88-6D54-468B-9D31-9A68960A9F5A}.Debug (static runtime)|Any CPU.ActiveCfg = Debug|Win32
		{2E6C8E88-6D54-468B-9D31-9A68960A9F5A}.Debug (static runtime)|Mixed Platforms.ActiveCfg = Debug|Win32
		{2E6C8E88-6D54-468B-9D31-9A68960A9F5A}.Debug (static runtime)|Mixed Platforms.Build.0 = Debug|Win32
		{2E6C8E88-6D54-468B-9D31-9A68960A9F5A}.Debug (static runtime)|Win32.ActiveCfg = Debug|Win32
		{2E6C8E88-6D54-468B-9D31-9A68960A9F5A}.Debug (static runtime)|Win32.Build.0 = Debug|Win32
		{2E6C8E88-6D54-468B-9D31-9A68960A9F5A}.Debug (static runtime)|x86.ActiveCfg = Debug|Win32
		{2E6C8E88-6D54-468B-9D31-9A68960A9F5A}.Debug|Any CPU.ActiveCfg = Debug|Win32
		{2E6C8E88-6D54-468B-9D31-9A68960A9F5A}.Debug|Mixed Platforms.ActiveCfg = Debug|Win32
		{2E6C8E88-6D54-468B-9D31-9A68960A9F5A}.Debug|Mixed Platforms.Build.0 = Debug|Win32
		{2E6C8E88-6D54-468B-9D31-9A68960A9F5A}.Debug|Win32.ActiveCfg = Debug|Win32
		{2E6C8E88-6D54-468B-9D31-9A68960A9F5A}.Debug|Win32.Build.0 = Debug|Win32
		{2E6C8E88-6D54-468B-9D31-9A68960A9F5A}.Debug|x86.ActiveCfg = Debug|Win32
		{2E6C8E88-6D54-468B-9D31-9A68960A9F5A}.Release (static runtime)|Any CPU.ActiveCfg = Release|Win32
		{2E6C8E88-6D54-468B-9D31-9A68960A9F5A}.Release (static runtime)|Mixed Platforms.ActiveCfg = Release|Win32
		{2E6C8E88-6D54-468B-9D31-9A68960A9F5A}.Release (static runtime)|Mixed Platforms.Build.0 = Release|Win32
		{2E6C8E88-6D54-468B-9D31-9A68960A9F5A}.Release (static runtime)|Win32.ActiveCfg = Release|Win32
		{2E6C8E88-6D54-468B-9D31-9A68960A9F5A}.Release (static runtime)|Win32.Build.0 = Release|Win32
		{2E6C8E88-6D54-468B-9D31-9A68960A9F5A}.Release (static runtime)|x86.ActiveCfg = Release|Win32
		{2E6C8E88-6D54-468B-9D31-9A68960A9F5A}.Release|Any CPU.ActiveCfg = Release|Win32
		{2E6C8E88-6D54-468B-9D31-9A68960A9F5A}.Release|Mixed Platforms.ActiveCfg = Release|Win32
		{2E6C8E88-6D54-468B-9D31-9A68960A9F5A}.Release|Mixed Platforms.Build.0 = Release|Win32
		{2E6C8E88-6D54-468B-9D31-9A68960A9F5A}.Release|Win32.ActiveCfg = Release|Win32
		{2E6C8E88-6D54-468B-9D31-9A68960A9F5A}.Release|Win32.Build.0 = Release|Win32
		{2E6C8E88-6D54-468B-9D31-9A68960A9F5A}.Release|x86.ActiveCfg = Release|Win32
		{470C3A4E-E667-4F8A-B89C-907F2C14B713}.Debug (static runtime)|Any CPU.ActiveCfg = Debug|Win32
		{470C3A4E-E667-4F8A-B89C-907F2C14B713}.Debug (static runtime)|Mixed Platforms.ActiveCfg = Debug|Win32
		{470C3A4E-E667-4F8A-B89C-907F2C14B713}.Debug (static runtime)|Mixed Platforms.Build.0 = Debug|Win32
		{470C3A4E-E667-4F8A-B89C-907F2C14B713}.Debug (static runtime)|Win32.ActiveCfg = Debug|Win32
		{470C3A4E-E667-4F8A-B89C-907F2C14B713}.Debug (static runtime)|Win32.Build.0 = Debug|Win32
		{470C3A4E-E667-4F8A-B89C-907F2C14B713}.Debug (static runtime)|x86.ActiveCfg = Debug|Win32
		{470C3A4E-E667-4F8A-B89C-907F2C14B713}.Debug|Any CPU.ActiveCfg = Debug|Win32
		{470C3A4E-E667-4F8A-B89C-907F2C14B713}.Debug|Mixed Platforms.ActiveCfg = Debug|Win32
		{470C3A4E-E667-4F8A-B89C-907F2C14B713}.Debug|Mixed Platforms.Build.0 = Debug|Win32
		{470C3A4E-E667-4F8A-B89C-907F2C14B713}.Debug|Win32.ActiveCfg = Debug|Win32
		{470C3A4E-E667-4F8A-B89C-907F2C14B713}.Debug|Win32.Build.0 = Debug|Win32
		{470C3A4E-E667-4F8A-B89C-907F2C14B713}.Debug|x86.ActiveCfg = Debug|Win32
		{470C3A4E-E667-4F8A-B89C-907F2C14B713}.Release (static runtime)|Any CPU.ActiveCfg = Release|Win32
		{470C3A4E-E667-4F8A-B89C-907F2C14B713}.Release (static runtime)|Mixed Platforms.ActiveCfg = Release|Win32
		{470C3A4E-E667-4F8A-B89C-907F2C14B713}.Release (static runtime)|Mixed Platforms.Build.0 = Release|Win32
		{470C3A4E-E667-4F8A-B89C-907F2C14B713}.Release (static runtime)|Win32.ActiveCfg = Release|Win32
		{470C3A4E-E667-4F8A-B89C-907F2C14B713}.Release (static runtime)|Win32.Build.0 = Release|Win32
		{470C3A4E-E667-4F8A-B89C-907F2C14B713}.Release (static runtime)|x86.ActiveCfg = Release|Win32
		{470C3A4E-E667-4F8A-B89C-907F2C14B713}.Release|Any CPU.ActiveCfg = Release|Win32
		{470C3A4E-E667-4F8A-B89C-907F2C14B713}.Release|Mixed Platforms.ActiveCfg = Release|Win32
		{470C3A4E-E667-4F8A-B89C-907F2C14B713}.Release|Mixed Platforms.Build.0 = Release|Win32
		{470C3A4E-E667-4F8A-B89C-907F2C14B713}.Release|Win32.ActiveCfg = Release|Win32
		{470C3A4E-E667-4F8A-B89C-907F2C14B713}.Release|Win32.Build.0 = Release|Win32
		{470C3A4E-E667-4F8A-B89C-907F2C14B713}.Release|x86.ActiveCfg = Release|Win32
		{00E2E346-AD03-4596-9BEA-B6208847DFF0}.Debug (static runtime)|Any CPU.ActiveCfg = Debug|Win32
		{00E2E346-AD03-4596-9BEA-B6208847DFF0}.Debug (static runtime)|Mixed Platforms.ActiveCfg = Debug|Win32
		{00E2E346-AD03-4596-9BEA-B6208847DFF0}.Debug (static runtime)|Mixed Platforms.Build.0 = Debug|Win32
		{00E2E346-AD03-4596-9BEA-B6208847DFF0}.Debug (static runtime)|Win32.ActiveCfg = Debug|Win32
		{00E2E346-AD03-4596-9BEA-B6208847DFF0}.Debug (static runtime)|Win32.Build.0 = Debug|Win32
		{00E2E346-AD03-4596-9BEA-B6208847DFF0}.Debug (static runtime)|x86.ActiveCfg = Debug|Win32
		{00E2E346-AD03-4596-9BEA-B6208847DFF0}.Debug|Any CPU.ActiveCfg = Debug|Win32
		{00E2E346-AD03-4596-9BEA-B6208847DFF0}.Debug|Mixed Platforms.ActiveCfg = Debug|Win32
		{00E2E346-AD03-4596-9BEA-B6208847DFF0}.Debug|Mixed Platforms.Build.0 = Debug|Win32
		{00E2E346-AD03-4596-9BEA-B6208847DFF0}.Debug|Win32.ActiveCfg = Debug|Win32
		{00E2E346-AD03-4596-9BEA-B6208847DFF0}.Debug|Win32.Build.0 = Debug|Win32
		{00E2E346-AD03-4596-9BEA-B6208847DFF0}.Debug|x86.ActiveCfg = Debug|Win32
		{00E2E346-AD03-4596-9BEA-B6208847DFF0}.Release (static runtime)|Any CPU.ActiveCfg = Release|Win32
		{00E2E346-AD03-4596-9BEA-B6208847DFF0}.Release (static runtime)|Mixed Platforms.ActiveCfg = Release|Win32
		{00E2E346-AD03-4596-9BEA-B6208847DFF0}.Release (static runtime)|Mixed Platforms.Build.0 = Release|Win32
		{00E2E346-AD03-4596-9BEA-B6208847DFF0}.Release (static runtime)|Win32.ActiveCfg = Release|Win32
		{00E2E346-AD03-4596-9BEA-B6208847DFF0}.Release (static runtime)|Win32.Build.0 = Release|Win32
		{00E2E346-AD03-4596-9BEA-B6208847DFF0}.Release (static runtime)|x86.ActiveCfg = Release|Win32
		{00E2E346-AD03-4596-9BEA-B6208847DFF0}.Release|Any CPU.ActiveCfg = Release|Win32
		{00E2E346-AD03-4596-9BEA-B6208847DFF0}.Release|Mixed Platforms.ActiveCfg = Debug|Win32
		{00E2E346-AD03-4596-9BEA-B6208847DFF0}.Release|Mixed Platforms.Build.0 = Debug|Win32
		{00E2E346-AD03-4596-9BEA-B6208847DFF0}.Release|Win32.ActiveCfg = Release|Win32
		{00E2E346-AD03-4596-9BEA-B6208847DFF0}.Release|Win32.Build.0 = Release|Win32
		{00E2E346-AD03-4596-9BEA-B6208847DFF0}.Release|x86.ActiveCfg = Release|Win32
		{BC7E8D87-50F8-457D-9113-2C51323384E7}.Debug (static runtime)|Any CPU.ActiveCfg = Debug|Win32
		{BC7E8D87-50F8-457D-9113-2C51323384E7}.Debug (static runtime)|Mixed Platforms.ActiveCfg = Debug|Win32
		{BC7E8D87-50F8-457D-9113-2C51323384E7}.Debug (static runtime)|Mixed Platforms.Build.0 = Debug|Win32
		{BC7E8D87-50F8-457D-9113-2C51323384E7}.Debug (static runtime)|Win32.ActiveCfg = Debug|Win32
		{BC7E8D87-50F8-457D-9113-2C51323384E7}.Debug (static runtime)|Win32.Build.0 = Debug|Win32
		{BC7E8D87-50F8-457D-9113-2C51323384E7}.Debug (static runtime)|x86.ActiveCfg = Debug|Win32
		{BC7E8D87-50F8-457D-9113-2C51323384E7}.Debug|Any CPU.ActiveCfg = Debug|Win32
		{BC7E8D87-50F8-457D-9113-2C51323384E7}.Debug|Mixed Platforms.ActiveCfg = Debug|Win32
		{BC7E8D87-50F8-457D-9113-2C51323384E7}.Debug|Mixed Platforms.Build.0 = Debug|Win32
		{BC7E8D87-50F8-457D-9113-2C51323384E7}.Debug|Win32.ActiveCfg = Debug|Win32
		{BC7E8D87-50F8-457D-9113-2C51323384E7}.Debug|Win32.Build.0 = Debug|Win32
		{BC7E8D87-50F8-457D-9113-2C51323384E7}.Debug|x86.ActiveCfg = Debug|Win32
		{BC7E8D87-50F8-457D-9113-2C51323384E7}.Release (static runtime)|Any CPU.ActiveCfg = Release|Win32
		{BC7E8D87-50F8-457D-9113-2C51323384E7}.Release (static runtime)|Mixed Platforms.ActiveCfg = Release|Win32
		{BC7E8D87-50F8-457D-9113-2C51323384E7}.Release (static runtime)|Mixed Platforms.Build.0 = Release|Win32
		{BC7E8D87-50F8-457D-9113-2C51323384E7}.Release (static runtime)|Win32.ActiveCfg = Release|Win32
		{BC7E8D87-50F8-457D-9113-2C51323384E7}.Release (static runtime)|Win32.Build.0 = Release|Win32
		{BC7E8D87-50F8-457D-9113-2C51323384E7}.Release (static runtime)|x86.ActiveCfg = Release|Win32
		{BC7E8D87-50F8-457D-9113-2C51323384E7}.Release|Any CPU.ActiveCfg = Release|Win32
		{BC7E8D87-50F8-457D-9113-2C51323384E7}.Release|Mixed Platforms.ActiveCfg = Release|Win32
		{BC7E8D87-50F8-457D-9113-2C51323384E7}.Release|Mixed Platforms.Build.0 = Release|Win32
		{BC7E8D87-50F8-457D-9113-2C51323384E7}.Release|Win32.ActiveCfg = Release|Win32
		{BC7E8D87-50F8-457D-9113-2C51323384E7}.Release|Win32.Build.0 = Release|Win32
		{BC7E8D87-50F8-457D-9113-2C51323384E7}.Release|x86.ActiveCfg = Release|Win32
		{48CDEB64-D1D7-4BDA-90E8-AE879AF8B0C5}.Debug (static runtime)|Any CPU.ActiveCfg = Debug|x86
		{48CDEB64-D1D7-4BDA-90E8-AE879AF8B0C5}.Debug (static runtime)|Mixed Platforms.ActiveCfg = Debug|x86
		{48CDEB64-D1D7-4BDA-90E8-AE879AF8B0C5}.Debug (static runtime)|Mixed Platforms.Build.0 = Debug|x86
		{48CDEB64-D1D7-4BDA-90E8-AE879AF8B0C5}.Debug (static runtime)|Win32.ActiveCfg = Debug|x86
		{48CDEB64-D1D7-4BDA-90E8-AE879AF8B0C5}.Debug (static runtime)|x86.ActiveCfg = Debug|x86
		{48CDEB64-D1D7-4BDA-90E8-AE879AF8B0C5}.Debug (static runtime)|x86.Build.0 = Debug|x86
		{48CDEB64-D1D7-4BDA-90E8-AE879AF8B0C5}.Debug|Any CPU.ActiveCfg = Debug|x86
		{48CDEB64-D1D7-4BDA-90E8-AE879AF8B0C5}.Debug|Mixed Platforms.ActiveCfg = Debug|x86
		{48CDEB64-D1D7-4BDA-90E8-AE879AF8B0C5}.Debug|Mixed Platforms.Build.0 = Debug|x86
		{48CDEB64-D1D7-4BDA-90E8-AE879AF8B0C5}.Debug|Win32.ActiveCfg = Debug|x86
		{48CDEB64-D1D7-4BDA-90E8-AE879AF8B0C5}.Debug|x86.ActiveCfg = Debug|x86
		{48CDEB64-D1D7-4BDA-90E8-AE879AF8B0C5}.Debug|x86.Build.0 = Debug|x86
		{48CDEB64-D1D7-4BDA-90E8-AE879AF8B0C5}.Release (static runtime)|Any CPU.ActiveCfg = Release|x86
		{48CDEB64-D1D7-4BDA-90E8-AE879AF8B0C5}.Release (static runtime)|Mixed Platforms.ActiveCfg = Release|x86
		{48CDEB64-D1D7-4BDA-90E8-AE879AF8B0C5}.Release (static runtime)|Mixed Platforms.Build.0 = Release|x86
		{48CDEB64-D1D7-4BDA-90E8-AE879AF8B0C5}.Release (static runtime)|Win32.ActiveCfg = Release|x86
		{48CDEB64-D1D7-4BDA-90E8-AE879AF8B0C5}.Release (static runtime)|x86.ActiveCfg = Release|x86
		{48CDEB64-D1D7-4BDA-90E8-AE879AF8B0C5}.Release (static runtime)|x86.Build.0 = Release|x86
		{48CDEB64-D1D7-4BDA-90E8-AE879AF8B0C5}.Release|Any CPU.ActiveCfg = Release|x86
		{48CDEB64-D1D7-4BDA-90E8-AE879AF8B0C5}.Release|Mixed Platforms.ActiveCfg = Debug|x86
		{48CDEB64-D1D7-4BDA-90E8-AE879AF8B0C5}.Release|Mixed Platforms.Build.0 = Debug|x86
		{48CDEB64-D1D7-4BDA-90E8-AE879AF8B0C5}.Release|Win32.ActiveCfg = Release|x86
		{48CDEB64-D1D7-4BDA-90E8-AE879AF8B0C5}.Release|x86.ActiveCfg = Release|x86
		{48CDEB64-D1D7-4BDA-90E8-AE879AF8B0C5}.Release|x86.Build.0 = Release|x86
		{AD0A27DA-91DA-46A2-ACBD-296C419ED3AA}.Debug (static runtime)|Any CPU.ActiveCfg = Debug (static runtime)|Win32
		{AD0A27DA-91DA-46A2-ACBD-296C419ED3AA}.Debug (static runtime)|Mixed Platforms.ActiveCfg = Debug (static runtime)|Win32
		{AD0A27DA-91DA-46A2-ACBD-296C419ED3AA}.Debug (static runtime)|Mixed Platforms.Build.0 = Debug (static runtime)|Win32
		{AD0A27DA-91DA-46A2-ACBD-296C419ED3AA}.Debug (static runtime)|Win32.ActiveCfg = Debug (static runtime)|Win32
		{AD0A27DA-91DA-46A2-ACBD-296C419ED3AA}.Debug (static runtime)|Win32.Build.0 = Debug (static runtime)|Win32
		{AD0A27DA-91DA-46A2-ACBD-296C419ED3AA}.Debug (static runtime)|x86.ActiveCfg = Debug (static runtime)|Win32
		{AD0A27DA-91DA-46A2-ACBD-296C419ED3AA}.Debug|Any CPU.ActiveCfg = Debug|Win32
		{AD0A27DA-91DA-46A2-ACBD-296C419ED3AA}.Debug|Mixed Platforms.ActiveCfg = Debug|Win32
		{AD0A27DA-91DA-46A2-ACBD-296C419ED3AA}.Debug|Mixed Platforms.Build.0 = Debug|Win32
		{AD0A27DA-91DA-46A2-ACBD-296C419ED3AA}.Debug|Win32.ActiveCfg = Debug|Win32
		{AD0A27DA-91DA-46A2-ACBD-296C419ED3AA}.Debug|Win32.Build.0 = Debug|Win32
		{AD0A27DA-91DA-46A2-ACBD-296C419ED3AA}.Debug|x86.ActiveCfg = Debug|Win32
		{AD0A27DA-91DA-46A2-ACBD-296C419ED3AA}.Release (static runtime)|Any CPU.ActiveCfg = Release (static runtime)|Win32
		{AD0A27DA-91DA-46A2-ACBD-296C419ED3AA}.Release (static runtime)|Mixed Platforms.ActiveCfg = Release (static runtime)|Win32
		{AD0A27DA-91DA-46A2-ACBD-296C419ED3AA}.Release (static runtime)|Mixed Platforms.Build.0 = Release (static runtime)|Win32
		{AD0A27DA-91DA-46A2-ACBD-296C419ED3AA}.Release (static runtime)|Win32.ActiveCfg = Release (static runtime)|Win32
		{AD0A27DA-91DA-46A2-ACBD-296C419ED3AA}.Release (static runtime)|Win32.Build.0 = Release (static runtime)|Win32
		{AD0A27DA-91DA-46A2-ACBD-296C419ED3AA}.Release (static runtime)|x86.ActiveCfg = Release (static runtime)|Win32
		{AD0A27DA-91DA-46A2-ACBD-296C419ED3AA}.Release|Any CPU.ActiveCfg = Release|Win32
		{AD0A27DA-91DA-46A2-ACBD-296C419ED3AA}.Release|Mixed Platforms.ActiveCfg = Release (static runtime)|Win32
		{AD0A27DA-91DA-46A2-ACBD-296C419ED3AA}.Release|Mixed Platforms.Build.0 = Release (static runtime)|Win32
		{AD0A27DA-91DA-46A2-ACBD-296C419ED3AA}.Release|Win32.ActiveCfg = Release|Win32
		{AD0A27DA-91DA-46A2-ACBD-296C419ED3AA}.Release|Win32.Build.0 = Release|Win32
		{AD0A27DA-91DA-46A2-ACBD-296C419ED3AA}.Release|x86.ActiveCfg = Release|Win32
		{8461B474-1CD9-4A1A-95A3-BCCF4BD2CFA3}.Debug (static runtime)|Any CPU.ActiveCfg = Debug|x86
		{8461B474-1CD9-4A1A-95A3-BCCF4BD2CFA3}.Debug (static runtime)|Mixed Platforms.ActiveCfg = Debug|x86
		{8461B474-1CD9-4A1A-95A3-BCCF4BD2CFA3}.Debug (static runtime)|Mixed Platforms.Build.0 = Debug|x86
		{8461B474-1CD9-4A1A-95A3-BCCF4BD2CFA3}.Debug (static runtime)|Win32.ActiveCfg = Debug|x86
		{8461B474-1CD9-4A1A-95A3-BCCF4BD2CFA3}.Debug (static runtime)|x86.ActiveCfg = Debug|x86
		{8461B474-1CD9-4A1A-95A3-BCCF4BD2CFA3}.Debug (static runtime)|x86.Build.0 = Debug|x86
		{8461B474-1CD9-4A1A-95A3-BCCF4BD2CFA3}.Debug|Any CPU.ActiveCfg = Debug|x86
		{8461B474-1CD9-4A1A-95A3-BCCF4BD2CFA3}.Debug|Mixed Platforms.ActiveCfg = Debug|x86
		{8461B474-1CD9-4A1A-95A3-BCCF4BD2CFA3}.Debug|Mixed Platforms.Build.0 = Debug|x86
		{8461B474-1CD9-4A1A-95A3-BCCF4BD2CFA3}.Debug|Win32.ActiveCfg = Debug|x86
		{8461B474-1CD9-4A1A-95A3-BCCF4BD2CFA3}.Debug|x86.ActiveCfg = Debug|x86
		{8461B474-1CD9-4A1A-95A3-BCCF4BD2CFA3}.Debug|x86.Build.0 = Debug|x86
		{8461B474-1CD9-4A1A-95A3-BCCF4BD2CFA3}.Release (static runtime)|Any CPU.ActiveCfg = Release|x86
		{8461B474-1CD9-4A1A-95A3-BCCF4BD2CFA3}.Release (static runtime)|Mixed Platforms.ActiveCfg = Release|x86
		{8461B474-1CD9-4A1A-95A3-BCCF4BD2CFA3}.Release (static runtime)|Mixed Platforms.Build.0 = Release|x86
		{8461B474-1CD9-4A1A-95A3-BCCF4BD2CFA3}.Release (static runtime)|Win32.ActiveCfg = Release|x86
		{8461B474-1CD9-4A1A-95A3-BCCF4BD2CFA3}.Release (static runtime)|x86.ActiveCfg = Release|x86
		{8461B474-1CD9-4A1A-95A3-BCCF4BD2CFA3}.Release (static runtime)|x86.Build.0 = Release|x86
		{8461B474-1CD9-4A1A-95A3-BCCF4BD2CFA3}.Release|Any CPU.ActiveCfg = Release|x86
		{8461B474-1CD9-4A1A-95A3-BCCF4BD2CFA3}.Release|Mixed Platforms.ActiveCfg = Debug|x86
		{8461B474-1CD9-4A1A-95A3-BCCF4BD2CFA3}.Release|Mixed Platforms.Build.0 = Debug|x86
		{8461B474-1CD9-4A1A-95A3-BCCF4BD2CFA3}.Release|Win32.ActiveCfg = Release|x86
		{8461B474-1CD9-4A1A-95A3-BCCF4BD2CFA3}.Release|x86.ActiveCfg = Release|x86
		{8461B474-1CD9-4A1A-95A3-BCCF4BD2CFA3}.Release|x86.Build.0 = Release|x86
		{74A9CD30-24CE-4BCD-9638-0B009BAC7138}.Debug (static runtime)|Any CPU.ActiveCfg = Debug|Win32
		{74A9CD30-24CE-4BCD-9638-0B009BAC7138}.Debug (static runtime)|Mixed Platforms.ActiveCfg = Debug|Win32
		{74A9CD30-24CE-4BCD-9638-0B009BAC7138}.Debug (static runtime)|Mixed Platforms.Build.0 = Debug|Win32
		{74A9CD30-24CE-4BCD-9638-0B009BAC7138}.Debug (static runtime)|Win32.ActiveCfg = Debug|Win32
		{74A9CD30-24CE-4BCD-9638-0B009BAC7138}.Debug (static runtime)|Win32.Build.0 = Debug|Win32
		{74A9CD30-24CE-4BCD-9638-0B009BAC7138}.Debug (static runtime)|x86.ActiveCfg = Debug|Win32
		{74A9CD30-24CE-4BCD-9638-0B009BAC7138}.Debug|Any CPU.ActiveCfg = Debug|Win32
		{74A9CD30-24CE-4BCD-9638-0B009BAC7138}.Debug|Mixed Platforms.ActiveCfg = Debug|Win32
		{74A9CD30-24CE-4BCD-9638-0B009BAC7138}.Debug|Mixed Platforms.Build.0 = Debug|Win32
		{74A9CD30-24CE-4BCD-9638-0B009BAC7138}.Debug|Win32.ActiveCfg = Debug|Win32
		{74A9CD30-24CE-4BCD-9638-0B009BAC7138}.Debug|Win32.Build.0 = Debug|Win32
		{74A9CD30-24CE-4BCD-9638-0B009BAC7138}.Debug|x86.ActiveCfg = Debug|Win32
		{74A9CD30-24CE-4BCD-9638-0B009BAC7138}.Release (static runtime)|Any CPU.ActiveCfg = Release|Win32
		{74A9CD30-24CE-4BCD-9638-0B009BAC7138}.Release (static runtime)|Mixed Platforms.ActiveCfg = Release|Win32
		{74A9CD30-24CE-4BCD-9638-0B009BAC7138}.Release (static runtime)|Mixed Platforms.Build.0 = Release|Win32
		{74A9CD30-24CE-4BCD-9638-0B009BAC7138}.Release (static runtime)|Win32.ActiveCfg = Release|Win32
		{74A9CD30-24CE-4BCD-9638-0B009BAC7138}.Release (static runtime)|Win32.Build.0 = Release|Win32
		{74A9CD30-24CE-4BCD-9638-0B009BAC7138}.Release (static runtime)|x86.ActiveCfg = Release|Win32
		{74A9CD30-24CE-4BCD-9638-0B009BAC7138}.Release|Any CPU.ActiveCfg = Release|Win32
		{74A9CD30-24CE-4BCD-9638-0B009BAC7138}.Release|Mixed Platforms.ActiveCfg = Debug|Win32
		{74A9CD30-24CE-4BCD-9638-0B009BAC7138}.Release|Mixed Platforms.Build.0 = Debug|Win32
		{74A9CD30-24CE-4BCD-9638-0B009BAC7138}.Release|Win32.ActiveCfg = Release|Win32
		{74A9CD30-24CE-4BCD-9638-0B009BAC7138}.Release|Win32.Build.0 = Release|Win32
		{74A9CD30-24CE-4BCD-9638-0B009BAC7138}.Release|x86.ActiveCfg = Release|Win32
		{A02687EC-F5E4-472D-B286-23B23F11A43B}.Debug (static runtime)|Any CPU.ActiveCfg = Debug|x86
		{A02687EC-F5E4-472D-B286-23B23F11A43B}.Debug (static runtime)|Mixed Platforms.ActiveCfg = Debug|x86
		{A02687EC-F5E4-472D-B286-23B23F11A43B}.Debug (static runtime)|Mixed Platforms.Build.0 = Debug|x86
		{A02687EC-F5E4-472D-B286-23B23F11A43B}.Debug (static runtime)|Win32.ActiveCfg = Debug|x86
		{A02687EC-F5E4-472D-B286-23B23F11A43B}.Debug (static runtime)|x86.ActiveCfg = Debug|x86
		{A02687EC-F5E4-472D-B286-23B23F11A43B}.Debug (static runtime)|x86.Build.0 = Debug|x86
		{A02687EC-F5E4-472D-B286-23B23F11A43B}.Debug|Any CPU.ActiveCfg = Debug|x86
		{A02687EC-F5E4-472D-B286-23B23F11A43B}.Debug|Mixed Platforms.ActiveCfg = Debug|x86
		{A02687EC-F5E4-472D-B286-23B23F11A43B}.Debug|Mixed Platforms.Build.0 = Debug|x86
		{A02687EC-F5E4-472D-B286-23B23F11A43B}.Debug|Win32.ActiveCfg = Debug|x86
		{A02687EC-F5E4-472D-B286-23B23F11A43B}.Debug|x86.ActiveCfg = Debug|x86
		{A02687EC-F5E4-472D-B286-23B23F11A43B}.Debug|x86.Build.0 = Debug|x86
		{A02687EC-F5E4-472D-B286-23B23F11A43B}.Release (static runtime)|Any CPU.ActiveCfg = Release|x86
		{A02687EC-F5E4-472D-B286-23B23F11A43B}.Release (static runtime)|Mixed Platforms.ActiveCfg = Release|x86
		{A02687EC-F5E4-472D-B286-23B23F11A43B}.Release (static runtime)|Mixed Platforms.Build.0 = Release|x86
		{A02687EC-F5E4-472D-B286-23B23F11A43B}.Release (static runtime)|Win32.ActiveCfg = Release|x86
		{A02687EC-F5E4-472D-B286-23B23F11A43B}.Release (static runtime)|x86.ActiveCfg = Release|x86
		{A02687EC-F5E4-472D-B286-23B23F11A43B}.Release (static runtime)|x86.Build.0 = Release|x86
		{A02687EC-F5E4-472D-B286-23B23F11A43B}.Release|Any CPU.ActiveCfg = Release|x86
		{A02687EC-F5E4-472D-B286-23B23F11A43B}.Release|Mixed Platforms.ActiveCfg = Release|x86
		{A02687EC-F5E4-472D-B286-23B23F11A43B}.Release|Mixed Platforms.Build.0 = Release|x86
		{A02687EC-F5E4-472D-B286-23B23F11A43B}.Release|Win32.ActiveCfg = Release|x86
		{A02687EC-F5E4-472D-B286-23B23F11A43B}.Release|x86.ActiveCfg = Release|x86
		{A02687EC-F5E4-472D-B286-23B23F11A43B}.Release|x86.Build.0 = Release|x86
		{49274CC4-6B5E-4D64-821E-6B6BBBDC507E}.Debug (static runtime)|Any CPU.ActiveCfg = Debug|Any CPU
		{49274CC4-6B5E-4D64-821E-6B6BBBDC507E}.Debug (static runtime)|Any CPU.Build.0 = Debug|Any CPU
		{49274CC4-6B5E-4D64-821E-6B6BBBDC507E}.Debug (static runtime)|Mixed Platforms.ActiveCfg = Debug|Any CPU
		{49274CC4-6B5E-4D64-821E-6B6BBBDC507E}.Debug (static runtime)|Mixed Platforms.Build.0 = Debug|Any CPU
		{49274CC4-6B5E-4D64-821E-6B6BBBDC507E}.Debug (static runtime)|Win32.ActiveCfg = Debug|Any CPU
		{49274CC4-6B5E-4D64-821E-6B6BBBDC507E}.Debug (static runtime)|x86.ActiveCfg = Debug|Any CPU
		{49274CC4-6B5E-4D64-821E-6B6BBBDC507E}.Debug|Any CPU.ActiveCfg = Debug|Any CPU
		{49274CC4-6B5E-4D64-821E-6B6BBBDC507E}.Debug|Any CPU.Build.0 = Debug|Any CPU
		{49274CC4-6B5E-4D64-821E-6B6BBBDC507E}.Debug|Mixed Platforms.ActiveCfg = Debug|Any CPU
		{49274CC4-6B5E-4D64-821E-6B6BBBDC507E}.Debug|Mixed Platforms.Build.0 = Debug|Any CPU
		{49274CC4-6B5E-4D64-821E-6B6BBBDC507E}.Debug|Win32.ActiveCfg = Debug|Any CPU
		{49274CC4-6B5E-4D64-821E-6B6BBBDC507E}.Debug|x86.ActiveCfg = Debug|Any CPU
		{49274CC4-6B5E-4D64-821E-6B6BBBDC507E}.Release (static runtime)|Any CPU.ActiveCfg = Release|Any CPU
		{49274CC4-6B5E-4D64-821E-6B6BBBDC507E}.Release (static runtime)|Any CPU.Build.0 = Release|Any CPU
		{49274CC4-6B5E-4D64-821E-6B6BBBDC507E}.Release (static runtime)|Mixed Platforms.ActiveCfg = Release|Any CPU
		{49274CC4-6B5E-4D64-821E-6B6BBBDC507E}.Release (static runtime)|Mixed Platforms.Build.0 = Release|Any CPU
		{49274CC4-6B5E-4D64-821E-6B6BBBDC507E}.Release (static runtime)|Win32.ActiveCfg = Release|Any CPU
		{49274CC4-6B5E-4D64-821E-6B6BBBDC507E}.Release (static runtime)|x86.ActiveCfg = Release|Any CPU
		{49274CC4-6B5E-4D64-821E-6B6BBBDC507E}.Release|Any CPU.ActiveCfg = Release|Any CPU
		{49274CC4-6B5E-4D64-821E-6B6BBBDC507E}.Release|Any CPU.Build.0 = Release|Any CPU
		{49274CC4-6B5E-4D64-821E-6B6BBBDC507E}.Release|Mixed Platforms.ActiveCfg = Debug|Any CPU
		{49274CC4-6B5E-4D64-821E-6B6BBBDC507E}.Release|Mixed Platforms.Build.0 = Debug|Any CPU
		{49274CC4-6B5E-4D64-821E-6B6BBBDC507E}.Release|Win32.ActiveCfg = Release|Any CPU
		{49274CC4-6B5E-4D64-821E-6B6BBBDC507E}.Release|x86.ActiveCfg = Release|Any CPU
		{C272A5B1-ACB4-4F31-B847-07CCB803317C}.Debug (static runtime)|Any CPU.ActiveCfg = Debug|x86
		{C272A5B1-ACB4-4F31-B847-07CCB803317C}.Debug (static runtime)|Mixed Platforms.ActiveCfg = Debug|x86
		{C272A5B1-ACB4-4F31-B847-07CCB803317C}.Debug (static runtime)|Mixed Platforms.Build.0 = Debug|x86
		{C272A5B1-ACB4-4F31-B847-07CCB803317C}.Debug (static runtime)|Win32.ActiveCfg = Debug|x86
		{C272A5B1-ACB4-4F31-B847-07CCB803317C}.Debug (static runtime)|x86.ActiveCfg = Debug|x86
		{C272A5B1-ACB4-4F31-B847-07CCB803317C}.Debug (static runtime)|x86.Build.0 = Debug|x86
		{C272A5B1-ACB4-4F31-B847-07CCB803317C}.Debug|Any CPU.ActiveCfg = Debug|x86
		{C272A5B1-ACB4-4F31-B847-07CCB803317C}.Debug|Mixed Platforms.ActiveCfg = Debug|x86
		{C272A5B1-ACB4-4F31-B847-07CCB803317C}.Debug|Mixed Platforms.Build.0 = Debug|x86
		{C272A5B1-ACB4-4F31-B847-07CCB803317C}.Debug|Win32.ActiveCfg = Debug|x86
		{C272A5B1-ACB4-4F31-B847-07CCB803317C}.Debug|x86.ActiveCfg = Debug|x86
		{C272A5B1-ACB4-4F31-B847-07CCB803317C}.Debug|x86.Build.0 = Debug|x86
		{C272A5B1-ACB4-4F31-B847-07CCB803317C}.Release (static runtime)|Any CPU.ActiveCfg = Release|x86
		{C272A5B1-ACB4-4F31-B847-07CCB803317C}.Release (static runtime)|Mixed Platforms.ActiveCfg = Release|x86
		{C272A5B1-ACB4-4F31-B847-07CCB803317C}.Release (static runtime)|Mixed Platforms.Build.0 = Release|x86
		{C272A5B1-ACB4-4F31-B847-07CCB803317C}.Release (static runtime)|Win32.ActiveCfg = Release|x86
		{C272A5B1-ACB4-4F31-B847-07CCB803317C}.Release (static runtime)|x86.ActiveCfg = Release|x86
		{C272A5B1-ACB4-4F31-B847-07CCB803317C}.Release (static runtime)|x86.Build.0 = Release|x86
		{C272A5B1-ACB4-4F31-B847-07CCB803317C}.Release|Any CPU.ActiveCfg = Release|x86
		{C272A5B1-ACB4-4F31-B847-07CCB803317C}.Release|Mixed Platforms.ActiveCfg = Debug|x86
		{C272A5B1-ACB4-4F31-B847-07CCB803317C}.Release|Mixed Platforms.Build.0 = Debug|x86
		{C272A5B1-ACB4-4F31-B847-07CCB803317C}.Release|Win32.ActiveCfg = Release|x86
		{C272A5B1-ACB4-4F31-B847-07CCB803317C}.Release|x86.ActiveCfg = Release|x86
		{C272A5B1-ACB4-4F31-B847-07CCB803317C}.Release|x86.Build.0 = Release|x86
		{6813D52F-9120-4C27-A7E5-ACDB775FF21F}.Debug (static runtime)|Any CPU.ActiveCfg = Debug|Win32
		{6813D52F-9120-4C27-A7E5-ACDB775FF21F}.Debug (static runtime)|Mixed Platforms.ActiveCfg = Debug|Win32
		{6813D52F-9120-4C27-A7E5-ACDB775FF21F}.Debug (static runtime)|Mixed Platforms.Build.0 = Debug|Win32
		{6813D52F-9120-4C27-A7E5-ACDB775FF21F}.Debug (static runtime)|Win32.ActiveCfg = Debug|Win32
		{6813D52F-9120-4C27-A7E5-ACDB775FF21F}.Debug (static runtime)|Win32.Build.0 = Debug|Win32
		{6813D52F-9120-4C27-A7E5-ACDB775FF21F}.Debug (static runtime)|x86.ActiveCfg = Debug|Win32
		{6813D52F-9120-4C27-A7E5-ACDB775FF21F}.Debug|Any CPU.ActiveCfg = Debug|Win32
		{6813D52F-9120-4C27-A7E5-ACDB775FF21F}.Debug|Mixed Platforms.ActiveCfg = Debug|Win32
		{6813D52F-9120-4C27-A7E5-ACDB775FF21F}.Debug|Mixed Platforms.Build.0 = Debug|Win32
		{6813D52F-9120-4C27-A7E5-ACDB775FF21F}.Debug|Win32.ActiveCfg = Debug|Win32
		{6813D52F-9120-4C27-A7E5-ACDB775FF21F}.Debug|Win32.Build.0 = Debug|Win32
		{6813D52F-9120-4C27-A7E5-ACDB775FF21F}.Debug|x86.ActiveCfg = Debug|Win32
		{6813D52F-9120-4C27-A7E5-ACDB775FF21F}.Release (static runtime)|Any CPU.ActiveCfg = Release|Win32
		{6813D52F-9120-4C27-A7E5-ACDB775FF21F}.Release (static runtime)|Mixed Platforms.ActiveCfg = Release|Win32
		{6813D52F-9120-4C27-A7E5-ACDB775FF21F}.Release (static runtime)|Mixed Platforms.Build.0 = Release|Win32
		{6813D52F-9120-4C27-A7E5-ACDB775FF21F}.Release (static runtime)|Win32.ActiveCfg = Release|Win32
		{6813D52F-9120-4C27-A7E5-ACDB775FF21F}.Release (static runtime)|Win32.Build.0 = Release|Win32
		{6813D52F-9120-4C27-A7E5-ACDB775FF21F}.Release (static runtime)|x86.ActiveCfg = Release|Win32
		{6813D52F-9120-4C27-A7E5-ACDB775FF21F}.Release|Any CPU.ActiveCfg = Release|Win32
		{6813D52F-9120-4C27-A7E5-ACDB775FF21F}.Release|Mixed Platforms.ActiveCfg = Release|Win32
		{6813D52F-9120-4C27-A7E5-ACDB775FF21F}.Release|Mixed Platforms.Build.0 = Release|Win32
		{6813D52F-9120-4C27-A7E5-ACDB775FF21F}.Release|Win32.ActiveCfg = Release|Win32
		{6813D52F-9120-4C27-A7E5-ACDB775FF21F}.Release|Win32.Build.0 = Release|Win32
		{6813D52F-9120-4C27-A7E5-ACDB775FF21F}.Release|x86.ActiveCfg = Release|Win32
		{FE1F6BE1-D81D-4CC3-B3C7-D726DFA476A4}.Debug (static runtime)|Any CPU.ActiveCfg = Debug|x86
		{FE1F6BE1-D81D-4CC3-B3C7-D726DFA476A4}.Debug (static runtime)|Mixed Platforms.ActiveCfg = Debug|x86
		{FE1F6BE1-D81D-4CC3-B3C7-D726DFA476A4}.Debug (static runtime)|Mixed Platforms.Build.0 = Debug|x86
		{FE1F6BE1-D81D-4CC3-B3C7-D726DFA476A4}.Debug (static runtime)|Win32.ActiveCfg = Debug|x86
		{FE1F6BE1-D81D-4CC3-B3C7-D726DFA476A4}.Debug (static runtime)|x86.ActiveCfg = Debug|x86
		{FE1F6BE1-D81D-4CC3-B3C7-D726DFA476A4}.Debug (static runtime)|x86.Build.0 = Debug|x86
		{FE1F6BE1-D81D-4CC3-B3C7-D726DFA476A4}.Debug|Any CPU.ActiveCfg = Debug|x86
		{FE1F6BE1-D81D-4CC3-B3C7-D726DFA476A4}.Debug|Mixed Platforms.ActiveCfg = Debug|x86
		{FE1F6BE1-D81D-4CC3-B3C7-D726DFA476A4}.Debug|Mixed Platforms.Build.0 = Debug|x86
		{FE1F6BE1-D81D-4CC3-B3C7-D726DFA476A4}.Debug|Win32.ActiveCfg = Debug|x86
		{FE1F6BE1-D81D-4CC3-B3C7-D726DFA476A4}.Debug|x86.ActiveCfg = Debug|x86
		{FE1F6BE1-D81D-4CC3-B3C7-D726DFA476A4}.Debug|x86.Build.0 = Debug|x86
		{FE1F6BE1-D81D-4CC3-B3C7-D726DFA476A4}.Release (static runtime)|Any CPU.ActiveCfg = Release|x86
		{FE1F6BE1-D81D-4CC3-B3C7-D726DFA476A4}.Release (static runtime)|Mixed Platforms.ActiveCfg = Release|x86
		{FE1F6BE1-D81D-4CC3-B3C7-D726DFA476A4}.Release (static runtime)|Mixed Platforms.Build.0 = Release|x86
		{FE1F6BE1-D81D-4CC3-B3C7-D726DFA476A4}.Release (static runtime)|Win32.ActiveCfg = Release|x86
		{FE1F6BE1-D81D-4CC3-B3C7-D726DFA476A4}.Release (static runtime)|x86.ActiveCfg = Release|x86
		{FE1F6BE1-D81D-4CC3-B3C7-D726DFA476A4}.Release (static runtime)|x86.Build.0 = Release|x86
		{FE1F6BE1-D81D-4CC3-B3C7-D726DFA476A4}.Release|Any CPU.ActiveCfg = Release|x86
		{FE1F6BE1-D81D-4CC3-B3C7-D726DFA476A4}.Release|Mixed Platforms.ActiveCfg = Debug|x86
		{FE1F6BE1-D81D-4CC3-B3C7-D726DFA476A4}.Release|Mixed Platforms.Build.0 = Debug|x86
		{FE1F6BE1-D81D-4CC3-B3C7-D726DFA476A4}.Release|Win32.ActiveCfg = Release|x86
		{FE1F6BE1-D81D-4CC3-B3C7-D726DFA476A4}.Release|x86.ActiveCfg = Release|x86
		{FE1F6BE1-D81D-4CC3-B3C7-D726DFA476A4}.Release|x86.Build.0 = Release|x86
		{B70227ED-CD68-4A97-B38A-89CE5651631A}.Debug (static runtime)|Any CPU.ActiveCfg = Debug|x86
		{B70227ED-CD68-4A97-B38A-89CE5651631A}.Debug (static runtime)|Mixed Platforms.ActiveCfg = Debug|x86
		{B70227ED-CD68-4A97-B38A-89CE5651631A}.Debug (static runtime)|Mixed Platforms.Build.0 = Debug|x86
		{B70227ED-CD68-4A97-B38A-89CE5651631A}.Debug (static runtime)|Win32.ActiveCfg = Debug|x86
		{B70227ED-CD68-4A97-B38A-89CE5651631A}.Debug (static runtime)|x86.ActiveCfg = Debug|x86
		{B70227ED-CD68-4A97-B38A-89CE5651631A}.Debug (static runtime)|x86.Build.0 = Debug|x86
		{B70227ED-CD68-4A97-B38A-89CE5651631A}.Debug|Any CPU.ActiveCfg = Debug|x86
		{B70227ED-CD68-4A97-B38A-89CE5651631A}.Debug|Mixed Platforms.ActiveCfg = Debug|x86
		{B70227ED-CD68-4A97-B38A-89CE5651631A}.Debug|Mixed Platforms.Build.0 = Debug|x86
		{B70227ED-CD68-4A97-B38A-89CE5651631A}.Debug|Win32.ActiveCfg = Debug|x86
		{B70227ED-CD68-4A97-B38A-89CE5651631A}.Debug|x86.ActiveCfg = Debug|x86
		{B70227ED-CD68-4A97-B38A-89CE5651631A}.Debug|x86.Build.0 = Debug|x86
		{B70227ED-CD68-4A97-B38A-89CE5651631A}.Release (static runtime)|Any CPU.ActiveCfg = Release|x86
		{B70227ED-CD68-4A97-B38A-89CE5651631A}.Release (static runtime)|Mixed Platforms.ActiveCfg = Release|x86
		{B70227ED-CD68-4A97-B38A-89CE5651631A}.Release (static runtime)|Mixed Platforms.Build.0 = Release|x86
		{B70227ED-CD68-4A97-B38A-89CE5651631A}.Release (static runtime)|Win32.ActiveCfg = Release|x86
		{B70227ED-CD68-4A97-B38A-89CE5651631A}.Release (static runtime)|x86.ActiveCfg = Release|x86
		{B70227ED-CD68-4A97-B38A-89CE5651631A}.Release (static runtime)|x86.Build.0 = Release|x86
		{B70227ED-CD68-4A97-B38A-89CE5651631A}.Release|Any CPU.ActiveCfg = Release|x86
		{B70227ED-CD68-4A97-B38A-89CE5651631A}.Release|Mixed Platforms.ActiveCfg = Debug|x86
		{B70227ED-CD68-4A97-B38A-89CE5651631A}.Release|Mixed Platforms.Build.0 = Debug|x86
		{B70227ED-CD68-4A97-B38A-89CE5651631A}.Release|Win32.ActiveCfg = Release|x86
		{B70227ED-CD68-4A97-B38A-89CE5651631A}.Release|x86.ActiveCfg = Release|x86
		{B70227ED-CD68-4A97-B38A-89CE5651631A}.Release|x86.Build.0 = Release|x86
		{10B98FF3-16FD-4C77-A1A3-3FF31B792FC2}.Debug (static runtime)|Any CPU.ActiveCfg = Debug|x86
		{10B98FF3-16FD-4C77-A1A3-3FF31B792FC2}.Debug (static runtime)|Mixed Platforms.ActiveCfg = Debug|x86
		{10B98FF3-16FD-4C77-A1A3-3FF31B792FC2}.Debug (static runtime)|Mixed Platforms.Build.0 = Debug|x86
		{10B98FF3-16FD-4C77-A1A3-3FF31B792FC2}.Debug (static runtime)|Win32.ActiveCfg = Debug|x86
		{10B98FF3-16FD-4C77-A1A3-3FF31B792FC2}.Debug (static runtime)|x86.ActiveCfg = Debug|x86
		{10B98FF3-16FD-4C77-A1A3-3FF31B792FC2}.Debug (static runtime)|x86.Build.0 = Debug|x86
		{10B98FF3-16FD-4C77-A1A3-3FF31B792FC2}.Debug|Any CPU.ActiveCfg = Debug|x86
		{10B98FF3-16FD-4C77-A1A3-3FF31B792FC2}.Debug|Mixed Platforms.ActiveCfg = Debug|x86
		{10B98FF3-16FD-4C77-A1A3-3FF31B792FC2}.Debug|Mixed Platforms.Build.0 = Debug|x86
		{10B98FF3-16FD-4C77-A1A3-3FF31B792FC2}.Debug|Win32.ActiveCfg = Debug|x86
		{10B98FF3-16FD-4C77-A1A3-3FF31B792FC2}.Debug|x86.ActiveCfg = Debug|x86
		{10B98FF3-16FD-4C77-A1A3-3FF31B792FC2}.Debug|x86.Build.0 = Debug|x86
		{10B98FF3-16FD-4C77-A1A3-3FF31B792FC2}.Release (static runtime)|Any CPU.ActiveCfg = Release|x86
		{10B98FF3-16FD-4C77-A1A3-3FF31B792FC2}.Release (static runtime)|Mixed Platforms.ActiveCfg = Release|x86
		{10B98FF3-16FD-4C77-A1A3-3FF31B792FC2}.Release (static runtime)|Mixed Platforms.Build.0 = Release|x86
		{10B98FF3-16FD-4C77-A1A3-3FF31B792FC2}.Release (static runtime)|Win32.ActiveCfg = Release|x86
		{10B98FF3-16FD-4C77-A1A3-3FF31B792FC2}.Release (static runtime)|x86.ActiveCfg = Release|x86
		{10B98FF3-16FD-4C77-A1A3-3FF31B792FC2}.Release (static runtime)|x86.Build.0 = Release|x86
		{10B98FF3-16FD-4C77-A1A3-3FF31B792FC2}.Release|Any CPU.ActiveCfg = Release|x86
		{10B98FF3-16FD-4C77-A1A3-3FF31B792FC2}.Release|Mixed Platforms.ActiveCfg = Debug|x86
		{10B98FF3-16FD-4C77-A1A3-3FF31B792FC2}.Release|Mixed Platforms.Build.0 = Debug|x86
		{10B98FF3-16FD-4C77-A1A3-3FF31B792FC2}.Release|Win32.ActiveCfg = Release|x86
		{10B98FF3-16FD-4C77-A1A3-3FF31B792FC2}.Release|x86.ActiveCfg = Release|x86
		{10B98FF3-16FD-4C77-A1A3-3FF31B792FC2}.Release|x86.Build.0 = Release|x86
		{F64BBDA3-36B0-4A8E-91B1-38A68393E229}.Debug (static runtime)|Any CPU.ActiveCfg = Debug|x86
		{F64BBDA3-36B0-4A8E-91B1-38A68393E229}.Debug (static runtime)|Mixed Platforms.ActiveCfg = Debug|x86
		{F64BBDA3-36B0-4A8E-91B1-38A68393E229}.Debug (static runtime)|Mixed Platforms.Build.0 = Debug|x86
		{F64BBDA3-36B0-4A8E-91B1-38A68393E229}.Debug (static runtime)|Win32.ActiveCfg = Debug|x86
		{F64BBDA3-36B0-4A8E-91B1-38A68393E229}.Debug (static runtime)|x86.ActiveCfg = Debug|x86
		{F64BBDA3-36B0-4A8E-91B1-38A68393E229}.Debug (static runtime)|x86.Build.0 = Debug|x86
		{F64BBDA3-36B0-4A8E-91B1-38A68393E229}.Debug|Any CPU.ActiveCfg = Debug|x86
		{F64BBDA3-36B0-4A8E-91B1-38A68393E229}.Debug|Mixed Platforms.ActiveCfg = Debug|x86
		{F64BBDA3-36B0-4A8E-91B1-38A68393E229}.Debug|Mixed Platforms.Build.0 = Debug|x86
		{F64BBDA3-36B0-4A8E-91B1-38A68393E229}.Debug|Win32.ActiveCfg = Debug|x86
		{F64BBDA3-36B0-4A8E-91B1-38A68393E229}.Debug|x86.ActiveCfg = Debug|x86
		{F64BBDA3-36B0-4A8E-91B1-38A68393E229}.Debug|x86.Build.0 = Debug|x86
		{F64BBDA3-36B0-4A8E-91B1-38A68393E229}.Release (static runtime)|Any CPU.ActiveCfg = Release|x86
		{F64BBDA3-36B0-4A8E-91B1-38A68393E229}.Release (static runtime)|Mixed Platforms.ActiveCfg = Release|x86
		{F64BBDA3-36B0-4A8E-91B1-38A68393E229}.Release (static runtime)|Mixed Platforms.Build.0 = Release|x86
		{F64BBDA3-36B0-4A8E-91B1-38A68393E229}.Release (static runtime)|Win32.ActiveCfg = Release|x86
		{F64BBDA3-36B0-4A8E-91B1-38A68393E229}.Release (static runtime)|x86.ActiveCfg = Release|x86
		{F64BBDA3-36B0-4A8E-91B1-38A68393E229}.Release (static runtime)|x86.Build.0 = Release|x86
		{F64BBDA3-36B0-4A8E-91B1-38A68393E229}.Release|Any CPU.ActiveCfg = Release|x86
		{F64BBDA3-36B0-4A8E-91B1-38A68393E229}.Release|Mixed Platforms.ActiveCfg = Debug|x86
		{F64BBDA3-36B0-4A8E-91B1-38A68393E229}.Release|Mixed Platforms.Build.0 = Debug|x86
		{F64BBDA3-36B0-4A8E-91B1-38A68393E229}.Release|Win32.ActiveCfg = Release|x86
		{F64BBDA3-36B0-4A8E-91B1-38A68393E229}.Release|x86.ActiveCfg = Release|x86
		{F64BBDA3-36B0-4A8E-91B1-38A68393E229}.Release|x86.Build.0 = Release|x86
		{89B10EDD-0CF0-4835-8CFA-456FA09F2DE2}.Debug (static runtime)|Any CPU.ActiveCfg = Debug|Win32
		{89B10EDD-0CF0-4835-8CFA-456FA09F2DE2}.Debug (static runtime)|Mixed Platforms.ActiveCfg = Debug|Win32
		{89B10EDD-0CF0-4835-8CFA-456FA09F2DE2}.Debug (static runtime)|Mixed Platforms.Build.0 = Debug|Win32
		{89B10EDD-0CF0-4835-8CFA-456FA09F2DE2}.Debug (static runtime)|Win32.ActiveCfg = Debug|Win32
		{89B10EDD-0CF0-4835-8CFA-456FA09F2DE2}.Debug (static runtime)|Win32.Build.0 = Debug|Win32
		{89B10EDD-0CF0-4835-8CFA-456FA09F2DE2}.Debug (static runtime)|x86.ActiveCfg = Debug|Win32
		{89B10EDD-0CF0-4835-8CFA-456FA09F2DE2}.Debug|Any CPU.ActiveCfg = Debug|Win32
		{89B10EDD-0CF0-4835-8CFA-456FA09F2DE2}.Debug|Mixed Platforms.ActiveCfg = Debug|Win32
		{89B10EDD-0CF0-4835-8CFA-456FA09F2DE2}.Debug|Mixed Platforms.Build.0 = Debug|Win32
		{89B10EDD-0CF0-4835-8CFA-456FA09F2DE2}.Debug|Win32.ActiveCfg = Debug|Win32
		{89B10EDD-0CF0-4835-8CFA-456FA09F2DE2}.Debug|Win32.Build.0 = Debug|Win32
		{89B10EDD-0CF0-4835-8CFA-456FA09F2DE2}.Debug|x86.ActiveCfg = Debug|Win32
		{89B10EDD-0CF0-4835-8CFA-456FA09F2DE2}.Release (static runtime)|Any CPU.ActiveCfg = Release|Win32
		{89B10EDD-0CF0-4835-8CFA-456FA09F2DE2}.Release (static runtime)|Mixed Platforms.ActiveCfg = Release|Win32
		{89B10EDD-0CF0-4835-8CFA-456FA09F2DE2}.Release (static runtime)|Mixed Platforms.Build.0 = Release|Win32
		{89B10EDD-0CF0-4835-8CFA-456FA09F2DE2}.Release (static runtime)|Win32.ActiveCfg = Release|Win32
		{89B10EDD-0CF0-4835-8CFA-456FA09F2DE2}.Release (static runtime)|Win32.Build.0 = Release|Win32
		{89B10EDD-0CF0-4835-8CFA-456FA09F2DE2}.Release (static runtime)|x86.ActiveCfg = Release|Win32
		{89B10EDD-0CF0-4835-8CFA-456FA09F2DE2}.Release|Any CPU.ActiveCfg = Release|Win32
		{89B10EDD-0CF0-4835-8CFA-456FA09F2DE2}.Release|Mixed Platforms.ActiveCfg = Debug|Win32
		{89B10EDD-0CF0-4835-8CFA-456FA09F2DE2}.Release|Mixed Platforms.Build.0 = Debug|Win32
		{89B10EDD-0CF0-4835-8CFA-456FA09F2DE2}.Release|Win32.ActiveCfg = Release|Win32
		{89B10EDD-0CF0-4835-8CFA-456FA09F2DE2}.Release|Win32.Build.0 = Release|Win32
		{89B10EDD-0CF0-4835-8CFA-456FA09F2DE2}.Release|x86.ActiveCfg = Release|Win32
		{0AF0FB43-2C1E-40E4-871F-A153124F9343}.Debug (static runtime)|Any CPU.ActiveCfg = Debug|Any CPU
		{0AF0FB43-2C1E-40E4-871F-A153124F9343}.Debug (static runtime)|Any CPU.Build.0 = Debug|Any CPU
		{0AF0FB43-2C1E-40E4-871F-A153124F9343}.Debug (static runtime)|Mixed Platforms.ActiveCfg = Debug|Any CPU
		{0AF0FB43-2C1E-40E4-871F-A153124F9343}.Debug (static runtime)|Mixed Platforms.Build.0 = Debug|Any CPU
		{0AF0FB43-2C1E-40E4-871F-A153124F9343}.Debug (static runtime)|Win32.ActiveCfg = Debug|Any CPU
		{0AF0FB43-2C1E-40E4-871F-A153124F9343}.Debug (static runtime)|x86.ActiveCfg = Debug|Any CPU
		{0AF0FB43-2C1E-40E4-871F-A153124F9343}.Debug|Any CPU.ActiveCfg = Debug|Any CPU
		{0AF0FB43-2C1E-40E4-871F-A153124F9343}.Debug|Any CPU.Build.0 = Debug|Any CPU
		{0AF0FB43-2C1E-40E4-871F-A153124F9343}.Debug|Mixed Platforms.ActiveCfg = Debug|Any CPU
		{0AF0FB43-2C1E-40E4-871F-A153124F9343}.Debug|Mixed Platforms.Build.0 = Debug|Any CPU
		{0AF0FB43-2C1E-40E4-871F-A153124F9343}.Debug|Win32.ActiveCfg = Debug|Any CPU
		{0AF0FB43-2C1E-40E4-871F-A153124F9343}.Debug|x86.ActiveCfg = Debug|Any CPU
		{0AF0FB43-2C1E-40E4-871F-A153124F9343}.Release (static runtime)|Any CPU.ActiveCfg = Release|Any CPU
		{0AF0FB43-2C1E-40E4-871F-A153124F9343}.Release (static runtime)|Any CPU.Build.0 = Release|Any CPU
		{0AF0FB43-2C1E-40E4-871F-A153124F9343}.Release (static runtime)|Mixed Platforms.ActiveCfg = Release|Any CPU
		{0AF0FB43-2C1E-40E4-871F-A153124F9343}.Release (static runtime)|Mixed Platforms.Build.0 = Release|Any CPU
		{0AF0FB43-2C1E-40E4-871F-A153124F9343}.Release (static runtime)|Win32.ActiveCfg = Release|Any CPU
		{0AF0FB43-2C1E-40E4-871F-A153124F9343}.Release (static runtime)|x86.ActiveCfg = Release|Any CPU
		{0AF0FB43-2C1E-40E4-871F-A153124F9343}.Release|Any CPU.ActiveCfg = Release|Any CPU
		{0AF0FB43-2C1E-40E4-871F-A153124F9343}.Release|Any CPU.Build.0 = Release|Any CPU
		{0AF0FB43-2C1E-40E4-871F-A153124F9343}.Release|Mixed Platforms.ActiveCfg = Release|Any CPU
		{0AF0FB43-2C1E-40E4-871F-A153124F9343}.Release|Mixed Platforms.Build.0 = Release|Any CPU
		{0AF0FB43-2C1E-40E4-871F-A153124F9343}.Release|Win32.ActiveCfg = Release|Any CPU
		{0AF0FB43-2C1E-40E4-871F-A153124F9343}.Release|x86.ActiveCfg = Release|Any CPU
		{85BAC141-2F14-49E3-AF17-0C90E465EF6C}.Debug (static runtime)|Any CPU.ActiveCfg = Debug|x86
		{85BAC141-2F14-49E3-AF17-0C90E465EF6C}.Debug (static runtime)|Mixed Platforms.ActiveCfg = Debug|x86
		{85BAC141-2F14-49E3-AF17-0C90E465EF6C}.Debug (static runtime)|Mixed Platforms.Build.0 = Debug|x86
		{85BAC141-2F14-49E3-AF17-0C90E465EF6C}.Debug (static runtime)|Win32.ActiveCfg = Debug|x86
		{85BAC141-2F14-49E3-AF17-0C90E465EF6C}.Debug (static runtime)|x86.ActiveCfg = Debug|x86
		{85BAC141-2F14-49E3-AF17-0C90E465EF6C}.Debug (static runtime)|x86.Build.0 = Debug|x86
		{85BAC141-2F14-49E3-AF17-0C90E465EF6C}.Debug|Any CPU.ActiveCfg = Debug|x86
		{85BAC141-2F14-49E3-AF17-0C90E465EF6C}.Debug|Mixed Platforms.ActiveCfg = Debug|x86
		{85BAC141-2F14-49E3-AF17-0C90E465EF6C}.Debug|Mixed Platforms.Build.0 = Debug|x86
		{85BAC141-2F14-49E3-AF17-0C90E465EF6C}.Debug|Win32.ActiveCfg = Debug|x86
		{85BAC141-2F14-49E3-AF17-0C90E465EF6C}.Debug|x86.ActiveCfg = Debug|x86
		{85BAC141-2F14-49E3-AF17-0C90E465EF6C}.Debug|x86.Build.0 = Debug|x86
		{85BAC141-2F14-49E3-AF17-0C90E465EF6C}.Release (static runtime)|Any CPU.ActiveCfg = Release|x86
		{85BAC141-2F14-49E3-AF17-0C90E465EF6C}.Release (static runtime)|Mixed Platforms.ActiveCfg = Release|x86
		{85BAC141-2F14-49E3-AF17-0C90E465EF6C}.Release (static runtime)|Mixed Platforms.Build.0 = Release|x86
		{85BAC141-2F14-49E3-AF17-0C90E465EF6C}.Release (static runtime)|Win32.ActiveCfg = Release|x86
		{85BAC141-2F14-49E3-AF17-0C90E465EF6C}.Release (static runtime)|x86.ActiveCfg = Release|x86
		{85BAC141-2F14-49E3-AF17-0C90E465EF6C}.Release (static runtime)|x86.Build.0 = Release|x86
		{85BAC141-2F14-49E3-AF17-0C90E465EF6C}.Release|Any CPU.ActiveCfg = Release|x86
		{85BAC141-2F14-49E3-AF17-0C90E465EF6C}.Release|Mixed Platforms.ActiveCfg = Release|x86
		{85BAC141-2F14-49E3-AF17-0C90E465EF6C}.Release|Mixed Platforms.Build.0 = Release|x86
		{85BAC141-2F14-49E3-AF17-0C90E465EF6C}.Release|Win32.ActiveCfg = Release|x86
		{85BAC141-2F14-49E3-AF17-0C90E465EF6C}.Release|x86.ActiveCfg = Release|x86
		{85BAC141-2F14-49E3-AF17-0C90E465EF6C}.Release|x86.Build.0 = Release|x86
		{67E26D74-90D1-4531-9B2D-91D19468B7A7}.Debug (static runtime)|Any CPU.ActiveCfg = Debug|Any CPU
		{67E26D74-90D1-4531-9B2D-91D19468B7A7}.Debug (static runtime)|Any CPU.Build.0 = Debug|Any CPU
		{67E26D74-90D1-4531-9B2D-91D19468B7A7}.Debug (static runtime)|Mixed Platforms.ActiveCfg = Debug|Any CPU
		{67E26D74-90D1-4531-9B2D-91D19468B7A7}.Debug (static runtime)|Mixed Platforms.Build.0 = Debug|Any CPU
		{67E26D74-90D1-4531-9B2D-91D19468B7A7}.Debug (static runtime)|Win32.ActiveCfg = Debug|Any CPU
		{67E26D74-90D1-4531-9B2D-91D19468B7A7}.Debug (static runtime)|x86.ActiveCfg = Debug|Any CPU
		{67E26D74-90D1-4531-9B2D-91D19468B7A7}.Debug|Any CPU.ActiveCfg = Debug|Any CPU
		{67E26D74-90D1-4531-9B2D-91D19468B7A7}.Debug|Any CPU.Build.0 = Debug|Any CPU
		{67E26D74-90D1-4531-9B2D-91D19468B7A7}.Debug|Mixed Platforms.ActiveCfg = Debug|Any CPU
		{67E26D74-90D1-4531-9B2D-91D19468B7A7}.Debug|Mixed Platforms.Build.0 = Debug|Any CPU
		{67E26D74-90D1-4531-9B2D-91D19468B7A7}.Debug|Win32.ActiveCfg = Debug|Any CPU
		{67E26D74-90D1-4531-9B2D-91D19468B7A7}.Debug|x86.ActiveCfg = Debug|Any CPU
		{67E26D74-90D1-4531-9B2D-91D19468B7A7}.Release (static runtime)|Any CPU.ActiveCfg = Release|Any CPU
		{67E26D74-90D1-4531-9B2D-91D19468B7A7}.Release (static runtime)|Any CPU.Build.0 = Release|Any CPU
		{67E26D74-90D1-4531-9B2D-91D19468B7A7}.Release (static runtime)|Mixed Platforms.ActiveCfg = Release|Any CPU
		{67E26D74-90D1-4531-9B2D-91D19468B7A7}.Release (static runtime)|Mixed Platforms.Build.0 = Release|Any CPU
		{67E26D74-90D1-4531-9B2D-91D19468B7A7}.Release (static runtime)|Win32.ActiveCfg = Release|Any CPU
		{67E26D74-90D1-4531-9B2D-91D19468B7A7}.Release (static runtime)|x86.ActiveCfg = Release|Any CPU
		{67E26D74-90D1-4531-9B2D-91D19468B7A7}.Release|Any CPU.ActiveCfg = Release|Any CPU
		{67E26D74-90D1-4531-9B2D-91D19468B7A7}.Release|Any CPU.Build.0 = Release|Any CPU
		{67E26D74-90D1-4531-9B2D-91D19468B7A7}.Release|Mixed Platforms.ActiveCfg = Release|Any CPU
		{67E26D74-90D1-4531-9B2D-91D19468B7A7}.Release|Mixed Platforms.Build.0 = Release|Any CPU
		{67E26D74-90D1-4531-9B2D-91D19468B7A7}.Release|Win32.ActiveCfg = Release|Any CPU
		{67E26D74-90D1-4531-9B2D-91D19468B7A7}.Release|x86.ActiveCfg = Release|Any CPU
		{411E5479-58F8-4E4E-AAB0-3F8D65CE4F83}.Debug (static runtime)|Any CPU.ActiveCfg = Debug|x86
		{411E5479-58F8-4E4E-AAB0-3F8D65CE4F83}.Debug (static runtime)|Mixed Platforms.ActiveCfg = Debug|x86
		{411E5479-58F8-4E4E-AAB0-3F8D65CE4F83}.Debug (static runtime)|Mixed Platforms.Build.0 = Debug|x86
		{411E5479-58F8-4E4E-AAB0-3F8D65CE4F83}.Debug (static runtime)|Win32.ActiveCfg = Debug|x86
		{411E5479-58F8-4E4E-AAB0-3F8D65CE4F83}.Debug (static runtime)|x86.ActiveCfg = Debug|x86
		{411E5479-58F8-4E4E-AAB0-3F8D65CE4F83}.Debug (static runtime)|x86.Build.0 = Debug|x86
		{411E5479-58F8-4E4E-AAB0-3F8D65CE4F83}.Debug|Any CPU.ActiveCfg = Debug|x86
		{411E5479-58F8-4E4E-AAB0-3F8D65CE4F83}.Debug|Mixed Platforms.ActiveCfg = Debug|x86
		{411E5479-58F8-4E4E-AAB0-3F8D65CE4F83}.Debug|Mixed Platforms.Build.0 = Debug|x86
		{411E5479-58F8-4E4E-AAB0-3F8D65CE4F83}.Debug|Win32.ActiveCfg = Debug|x86
		{411E5479-58F8-4E4E-AAB0-3F8D65CE4F83}.Debug|x86.ActiveCfg = Debug|x86
		{411E5479-58F8-4E4E-AAB0-3F8D65CE4F83}.Debug|x86.Build.0 = Debug|x86
		{411E5479-58F8-4E4E-AAB0-3F8D65CE4F83}.Release (static runtime)|Any CPU.ActiveCfg = Release|x86
		{411E5479-58F8-4E4E-AAB0-3F8D65CE4F83}.Release (static runtime)|Mixed Platforms.ActiveCfg = Release|x86
		{411E5479-58F8-4E4E-AAB0-3F8D65CE4F83}.Release (static runtime)|Mixed Platforms.Build.0 = Release|x86
		{411E5479-58F8-4E4E-AAB0-3F8D65CE4F83}.Release (static runtime)|Win32.ActiveCfg = Release|x86
		{411E5479-58F8-4E4E-AAB0-3F8D65CE4F83}.Release (static runtime)|x86.ActiveCfg = Release|x86
		{411E5479-58F8-4E4E-AAB0-3F8D65CE4F83}.Release (static runtime)|x86.Build.0 = Release|x86
		{411E5479-58F8-4E4E-AAB0-3F8D65CE4F83}.Release|Any CPU.ActiveCfg = Release|x86
		{411E5479-58F8-4E4E-AAB0-3F8D65CE4F83}.Release|Mixed Platforms.ActiveCfg = Release|x86
		{411E5479-58F8-4E4E-AAB0-3F8D65CE4F83}.Release|Mixed Platforms.Build.0 = Release|x86
		{411E5479-58F8-4E4E-AAB0-3F8D65CE4F83}.Release|Win32.ActiveCfg = Release|x86
		{411E5479-58F8-4E4E-AAB0-3F8D65CE4F83}.Release|x86.ActiveCfg = Release|x86
		{411E5479-58F8-4E4E-AAB0-3F8D65CE4F83}.Release|x86.Build.0 = Release|x86
		{F6E762BD-DCDF-4CA0-ABAD-CB21C7D03BEC}.Debug (static runtime)|Any CPU.ActiveCfg = Debug|Any CPU
		{F6E762BD-DCDF-4CA0-ABAD-CB21C7D03BEC}.Debug (static runtime)|Any CPU.Build.0 = Debug|Any CPU
		{F6E762BD-DCDF-4CA0-ABAD-CB21C7D03BEC}.Debug (static runtime)|Mixed Platforms.ActiveCfg = Debug|Any CPU
		{F6E762BD-DCDF-4CA0-ABAD-CB21C7D03BEC}.Debug (static runtime)|Mixed Platforms.Build.0 = Debug|Any CPU
		{F6E762BD-DCDF-4CA0-ABAD-CB21C7D03BEC}.Debug (static runtime)|Win32.ActiveCfg = Debug|Any CPU
		{F6E762BD-DCDF-4CA0-ABAD-CB21C7D03BEC}.Debug (static runtime)|x86.ActiveCfg = Debug|Any CPU
		{F6E762BD-DCDF-4CA0-ABAD-CB21C7D03BEC}.Debug|Any CPU.ActiveCfg = Debug|Any CPU
		{F6E762BD-DCDF-4CA0-ABAD-CB21C7D03BEC}.Debug|Any CPU.Build.0 = Debug|Any CPU
		{F6E762BD-DCDF-4CA0-ABAD-CB21C7D03BEC}.Debug|Mixed Platforms.ActiveCfg = Debug|Any CPU
		{F6E762BD-DCDF-4CA0-ABAD-CB21C7D03BEC}.Debug|Mixed Platforms.Build.0 = Debug|Any CPU
		{F6E762BD-DCDF-4CA0-ABAD-CB21C7D03BEC}.Debug|Win32.ActiveCfg = Debug|Any CPU
		{F6E762BD-DCDF-4CA0-ABAD-CB21C7D03BEC}.Debug|x86.ActiveCfg = Debug|Any CPU
		{F6E762BD-DCDF-4CA0-ABAD-CB21C7D03BEC}.Release (static runtime)|Any CPU.ActiveCfg = Release|Any CPU
		{F6E762BD-DCDF-4CA0-ABAD-CB21C7D03BEC}.Release (static runtime)|Any CPU.Build.0 = Release|Any CPU
		{F6E762BD-DCDF-4CA0-ABAD-CB21C7D03BEC}.Release (static runtime)|Mixed Platforms.ActiveCfg = Release|Any CPU
		{F6E762BD-DCDF-4CA0-ABAD-CB21C7D03BEC}.Release (static runtime)|Mixed Platforms.Build.0 = Release|Any CPU
		{F6E762BD-DCDF-4CA0-ABAD-CB21C7D03BEC}.Release (static runtime)|Win32.ActiveCfg = Release|Any CPU
		{F6E762BD-DCDF-4CA0-ABAD-CB21C7D03BEC}.Release (static runtime)|x86.ActiveCfg = Release|Any CPU
		{F6E762BD-DCDF-4CA0-ABAD-CB21C7D03BEC}.Release|Any CPU.ActiveCfg = Release|Any CPU
		{F6E762BD-DCDF-4CA0-ABAD-CB21C7D03BEC}.Release|Any CPU.Build.0 = Release|Any CPU
		{F6E762BD-DCDF-4CA0-ABAD-CB21C7D03BEC}.Release|Mixed Platforms.ActiveCfg = Release|Any CPU
		{F6E762BD-DCDF-4CA0-ABAD-CB21C7D03BEC}.Release|Mixed Platforms.Build.0 = Release|Any CPU
		{F6E762BD-DCDF-4CA0-ABAD-CB21C7D03BEC}.Release|Win32.ActiveCfg = Release|Any CPU
		{F6E762BD-DCDF-4CA0-ABAD-CB21C7D03BEC}.Release|x86.ActiveCfg = Release|Any CPU
		{11D17F23-E54C-47D3-A04C-1338F456AC87}.Debug (static runtime)|Any CPU.ActiveCfg = Debug|Any CPU
		{11D17F23-E54C-47D3-A04C-1338F456AC87}.Debug (static runtime)|Any CPU.Build.0 = Debug|Any CPU
		{11D17F23-E54C-47D3-A04C-1338F456AC87}.Debug (static runtime)|Mixed Platforms.ActiveCfg = Debug|Any CPU
		{11D17F23-E54C-47D3-A04C-1338F456AC87}.Debug (static runtime)|Mixed Platforms.Build.0 = Debug|Any CPU
		{11D17F23-E54C-47D3-A04C-1338F456AC87}.Debug (static runtime)|Win32.ActiveCfg = Debug|Any CPU
		{11D17F23-E54C-47D3-A04C-1338F456AC87}.Debug (static runtime)|x86.ActiveCfg = Debug|Any CPU
		{11D17F23-E54C-47D3-A04C-1338F456AC87}.Debug|Any CPU.ActiveCfg = Debug|Any CPU
		{11D17F23-E54C-47D3-A04C-1338F456AC87}.Debug|Any CPU.Build.0 = Debug|Any CPU
		{11D17F23-E54C-47D3-A04C-1338F456AC87}.Debug|Mixed Platforms.ActiveCfg = Debug|Any CPU
		{11D17F23-E54C-47D3-A04C-1338F456AC87}.Debug|Mixed Platforms.Build.0 = Debug|Any CPU
		{11D17F23-E54C-47D3-A04C-1338F456AC87}.Debug|Win32.ActiveCfg = Debug|Any CPU
		{11D17F23-E54C-47D3-A04C-1338F456AC87}.Debug|x86.ActiveCfg = Debug|Any CPU
		{11D17F23-E54C-47D3-A04C-1338F456AC87}.Release (static runtime)|Any CPU.ActiveCfg = Release|Any CPU
		{11D17F23-E54C-47D3-A04C-1338F456AC87}.Release (static runtime)|Any CPU.Build.0 = Release|Any CPU
		{11D17F23-E54C-47D3-A04C-1338F456AC87}.Release (static runtime)|Mixed Platforms.ActiveCfg = Release|Any CPU
		{11D17F23-E54C-47D3-A04C-1338F456AC87}.Release (static runtime)|Mixed Platforms.Build.0 = Release|Any CPU
		{11D17F23-E54C-47D3-A04C-1338F456AC87}.Release (static runtime)|Win32.ActiveCfg = Release|Any CPU
		{11D17F23-E54C-47D3-A04C-1338F456AC87}.Release (static runtime)|x86.ActiveCfg = Release|Any CPU
		{11D17F23-E54C-47D3-A04C-1338F456AC87}.Release|Any CPU.ActiveCfg = Release|Any CPU
		{11D17F23-E54C-47D3-A04C-1338F456AC87}.Release|Any CPU.Build.0 = Release|Any CPU
		{11D17F23-E54C-47D3-A04C-1338F456AC87}.Release|Mixed Platforms.ActiveCfg = Release|Any CPU
		{11D17F23-E54C-47D3-A04C-1338F456AC87}.Release|Mixed Platforms.Build.0 = Release|Any CPU
		{11D17F23-E54C-47D3-A04C-1338F456AC87}.Release|Win32.ActiveCfg = Release|Any CPU
		{11D17F23-E54C-47D3-A04C-1338F456AC87}.Release|x86.ActiveCfg = Release|Any CPU
		{19347527-F7C0-41E9-BDA4-D3A041BA330D}.Debug (static runtime)|Any CPU.ActiveCfg = Debug|Win32
		{19347527-F7C0-41E9-BDA4-D3A041BA330D}.Debug (static runtime)|Mixed Platforms.ActiveCfg = Debug|Win32
		{19347527-F7C0-41E9-BDA4-D3A041BA330D}.Debug (static runtime)|Mixed Platforms.Build.0 = Debug|Win32
		{19347527-F7C0-41E9-BDA4-D3A041BA330D}.Debug (static runtime)|Win32.ActiveCfg = Debug|Win32
		{19347527-F7C0-41E9-BDA4-D3A041BA330D}.Debug (static runtime)|Win32.Build.0 = Debug|Win32
		{19347527-F7C0-41E9-BDA4-D3A041BA330D}.Debug (static runtime)|x86.ActiveCfg = Debug|Win32
		{19347527-F7C0-41E9-BDA4-D3A041BA330D}.Debug|Any CPU.ActiveCfg = Debug|Win32
		{19347527-F7C0-41E9-BDA4-D3A041BA330D}.Debug|Mixed Platforms.ActiveCfg = Debug|Win32
		{19347527-F7C0-41E9-BDA4-D3A041BA330D}.Debug|Mixed Platforms.Build.0 = Debug|Win32
		{19347527-F7C0-41E9-BDA4-D3A041BA330D}.Debug|Win32.ActiveCfg = Debug|Win32
		{19347527-F7C0-41E9-BDA4-D3A041BA330D}.Debug|Win32.Build.0 = Debug|Win32
		{19347527-F7C0-41E9-BDA4-D3A041BA330D}.Debug|x86.ActiveCfg = Debug|Win32
		{19347527-F7C0-41E9-BDA4-D3A041BA330D}.Release (static runtime)|Any CPU.ActiveCfg = Release|Win32
		{19347527-F7C0-41E9-BDA4-D3A041BA330D}.Release (static runtime)|Mixed Platforms.ActiveCfg = Release|Win32
		{19347527-F7C0-41E9-BDA4-D3A041BA330D}.Release (static runtime)|Mixed Platforms.Build.0 = Release|Win32
		{19347527-F7C0-41E9-BDA4-D3A041BA330D}.Release (static runtime)|Win32.ActiveCfg = Release|Win32
		{19347527-F7C0-41E9-BDA4-D3A041BA330D}.Release (static runtime)|Win32.Build.0 = Release|Win32
		{19347527-F7C0-41E9-BDA4-D3A041BA330D}.Release (static runtime)|x86.ActiveCfg = Release|Win32
		{19347527-F7C0-41E9-BDA4-D3A041BA330D}.Release|Any CPU.ActiveCfg = Release|Win32
		{19347527-F7C0-41E9-BDA4-D3A041BA330D}.Release|Mixed Platforms.ActiveCfg = Release|Win32
		{19347527-F7C0-41E9-BDA4-D3A041BA330D}.Release|Mixed Platforms.Build.0 = Release|Win32
		{19347527-F7C0-41E9-BDA4-D3A041BA330D}.Release|Win32.ActiveCfg = Release|Win32
		{19347527-F7C0-41E9-BDA4-D3A041BA330D}.Release|Win32.Build.0 = Release|Win32
		{19347527-F7C0-41E9-BDA4-D3A041BA330D}.Release|x86.ActiveCfg = Release|Win32
		{9EE40384-F139-4691-8E2D-882EA123FD68}.Debug (static runtime)|Any CPU.ActiveCfg = Debug|x86
		{9EE40384-F139-4691-8E2D-882EA123FD68}.Debug (static runtime)|Mixed Platforms.ActiveCfg = Debug|x86
		{9EE40384-F139-4691-8E2D-882EA123FD68}.Debug (static runtime)|Mixed Platforms.Build.0 = Debug|x86
		{9EE40384-F139-4691-8E2D-882EA123FD68}.Debug (static runtime)|Win32.ActiveCfg = Debug|x86
		{9EE40384-F139-4691-8E2D-882EA123FD68}.Debug (static runtime)|x86.ActiveCfg = Debug|x86
		{9EE40384-F139-4691-8E2D-882EA123FD68}.Debug (static runtime)|x86.Build.0 = Debug|x86
		{9EE40384-F139-4691-8E2D-882EA123FD68}.Debug|Any CPU.ActiveCfg = Debug|x86
		{9EE40384-F139-4691-8E2D-882EA123FD68}.Debug|Mixed Platforms.ActiveCfg = Debug|x86
		{9EE40384-F139-4691-8E2D-882EA123FD68}.Debug|Mixed Platforms.Build.0 = Debug|x86
		{9EE40384-F139-4691-8E2D-882EA123FD68}.Debug|Win32.ActiveCfg = Debug|x86
		{9EE40384-F139-4691-8E2D-882EA123FD68}.Debug|x86.ActiveCfg = Debug|x86
		{9EE40384-F139-4691-8E2D-882EA123FD68}.Debug|x86.Build.0 = Debug|x86
		{9EE40384-F139-4691-8E2D-882EA123FD68}.Release (static runtime)|Any CPU.ActiveCfg = Release|x86
		{9EE40384-F139-4691-8E2D-882EA123FD68}.Release (static runtime)|Mixed Platforms.ActiveCfg = Release|x86
		{9EE40384-F139-4691-8E2D-882EA123FD68}.Release (static runtime)|Mixed Platforms.Build.0 = Release|x86
		{9EE40384-F139-4691-8E2D-882EA123FD68}.Release (static runtime)|Win32.ActiveCfg = Release|x86
		{9EE40384-F139-4691-8E2D-882EA123FD68}.Release (static runtime)|x86.ActiveCfg = Release|x86
		{9EE40384-F139-4691-8E2D-882EA123FD68}.Release (static runtime)|x86.Build.0 = Release|x86
		{9EE40384-F139-4691-8E2D-882EA123FD68}.Release|Any CPU.ActiveCfg = Release|x86
		{9EE40384-F139-4691-8E2D-882EA123FD68}.Release|Mixed Platforms.ActiveCfg = Release|x86
		{9EE40384-F139-4691-8E2D-882EA123FD68}.Release|Mixed Platforms.Build.0 = Release|x86
		{9EE40384-F139-4691-8E2D-882EA123FD68}.Release|Win32.ActiveCfg = Release|x86
		{9EE40384-F139-4691-8E2D-882EA123FD68}.Release|x86.ActiveCfg = Release|x86
		{9EE40384-F139-4691-8E2D-882EA123FD68}.Release|x86.Build.0 = Release|x86
		{BDD80A6B-A1AE-4ECC-9997-4CAF3D7A46AD}.Debug (static runtime)|Any CPU.ActiveCfg = Debug|x86
		{BDD80A6B-A1AE-4ECC-9997-4CAF3D7A46AD}.Debug (static runtime)|Mixed Platforms.ActiveCfg = Debug|x86
		{BDD80A6B-A1AE-4ECC-9997-4CAF3D7A46AD}.Debug (static runtime)|Mixed Platforms.Build.0 = Debug|x86
		{BDD80A6B-A1AE-4ECC-9997-4CAF3D7A46AD}.Debug (static runtime)|Win32.ActiveCfg = Debug|x86
		{BDD80A6B-A1AE-4ECC-9997-4CAF3D7A46AD}.Debug (static runtime)|x86.ActiveCfg = Debug|x86
		{BDD80A6B-A1AE-4ECC-9997-4CAF3D7A46AD}.Debug (static runtime)|x86.Build.0 = Debug|x86
		{BDD80A6B-A1AE-4ECC-9997-4CAF3D7A46AD}.Debug|Any CPU.ActiveCfg = Debug|x86
		{BDD80A6B-A1AE-4ECC-9997-4CAF3D7A46AD}.Debug|Mixed Platforms.ActiveCfg = Debug|x86
		{BDD80A6B-A1AE-4ECC-9997-4CAF3D7A46AD}.Debug|Mixed Platforms.Build.0 = Debug|x86
		{BDD80A6B-A1AE-4ECC-9997-4CAF3D7A46AD}.Debug|Win32.ActiveCfg = Debug|x86
		{BDD80A6B-A1AE-4ECC-9997-4CAF3D7A46AD}.Debug|x86.ActiveCfg = Debug|x86
		{BDD80A6B-A1AE-4ECC-9997-4CAF3D7A46AD}.Debug|x86.Build.0 = Debug|x86
		{BDD80A6B-A1AE-4ECC-9997-4CAF3D7A46AD}.Release (static runtime)|Any CPU.ActiveCfg = Release|x86
		{BDD80A6B-A1AE-4ECC-9997-4CAF3D7A46AD}.Release (static runtime)|Mixed Platforms.ActiveCfg = Release|x86
		{BDD80A6B-A1AE-4ECC-9997-4CAF3D7A46AD}.Release (static runtime)|Mixed Platforms.Build.0 = Release|x86
		{BDD80A6B-A1AE-4ECC-9997-4CAF3D7A46AD}.Release (static runtime)|Win32.ActiveCfg = Release|x86
		{BDD80A6B-A1AE-4ECC-9997-4CAF3D7A46AD}.Release (static runtime)|x86.ActiveCfg = Release|x86
		{BDD80A6B-A1AE-4ECC-9997-4CAF3D7A46AD}.Release (static runtime)|x86.Build.0 = Release|x86
		{BDD80A6B-A1AE-4ECC-9997-4CAF3D7A46AD}.Release|Any CPU.ActiveCfg = Release|x86
		{BDD80A6B-A1AE-4ECC-9997-4CAF3D7A46AD}.Release|Mixed Platforms.ActiveCfg = Debug|x86
		{BDD80A6B-A1AE-4ECC-9997-4CAF3D7A46AD}.Release|Mixed Platforms.Build.0 = Debug|x86
		{BDD80A6B-A1AE-4ECC-9997-4CAF3D7A46AD}.Release|Win32.ActiveCfg = Release|x86
		{BDD80A6B-A1AE-4ECC-9997-4CAF3D7A46AD}.Release|x86.ActiveCfg = Release|x86
		{BDD80A6B-A1AE-4ECC-9997-4CAF3D7A46AD}.Release|x86.Build.0 = Release|x86
		{ECD37682-DF7E-409F-912D-0965634556B5}.Debug (static runtime)|Any CPU.ActiveCfg = Debug|Any CPU
		{ECD37682-DF7E-409F-912D-0965634556B5}.Debug (static runtime)|Any CPU.Build.0 = Debug|Any CPU
		{ECD37682-DF7E-409F-912D-0965634556B5}.Debug (static runtime)|Mixed Platforms.ActiveCfg = Debug|Any CPU
		{ECD37682-DF7E-409F-912D-0965634556B5}.Debug (static runtime)|Mixed Platforms.Build.0 = Debug|Any CPU
		{ECD37682-DF7E-409F-912D-0965634556B5}.Debug (static runtime)|Win32.ActiveCfg = Debug|Any CPU
		{ECD37682-DF7E-409F-912D-0965634556B5}.Debug (static runtime)|x86.ActiveCfg = Debug|Any CPU
		{ECD37682-DF7E-409F-912D-0965634556B5}.Debug|Any CPU.ActiveCfg = Debug|Any CPU
		{ECD37682-DF7E-409F-912D-0965634556B5}.Debug|Any CPU.Build.0 = Debug|Any CPU
		{ECD37682-DF7E-409F-912D-0965634556B5}.Debug|Mixed Platforms.ActiveCfg = Debug|Any CPU
		{ECD37682-DF7E-409F-912D-0965634556B5}.Debug|Mixed Platforms.Build.0 = Debug|Any CPU
		{ECD37682-DF7E-409F-912D-0965634556B5}.Debug|Win32.ActiveCfg = Debug|Any CPU
		{ECD37682-DF7E-409F-912D-0965634556B5}.Debug|x86.ActiveCfg = Debug|Any CPU
		{ECD37682-DF7E-409F-912D-0965634556B5}.Release (static runtime)|Any CPU.ActiveCfg = Release|Any CPU
		{ECD37682-DF7E-409F-912D-0965634556B5}.Release (static runtime)|Any CPU.Build.0 = Release|Any CPU
		{ECD37682-DF7E-409F-912D-0965634556B5}.Release (static runtime)|Mixed Platforms.ActiveCfg = Release|Any CPU
		{ECD37682-DF7E-409F-912D-0965634556B5}.Release (static runtime)|Mixed Platforms.Build.0 = Release|Any CPU
		{ECD37682-DF7E-409F-912D-0965634556B5}.Release (static runtime)|Win32.ActiveCfg = Release|Any CPU
		{ECD37682-DF7E-409F-912D-0965634556B5}.Release (static runtime)|x86.ActiveCfg = Release|Any CPU
		{ECD37682-DF7E-409F-912D-0965634556B5}.Release|Any CPU.ActiveCfg = Release|Any CPU
		{ECD37682-DF7E-409F-912D-0965634556B5}.Release|Any CPU.Build.0 = Release|Any CPU
		{ECD37682-DF7E-409F-912D-0965634556B5}.Release|Mixed Platforms.ActiveCfg = Release|Any CPU
		{ECD37682-DF7E-409F-912D-0965634556B5}.Release|Mixed Platforms.Build.0 = Release|Any CPU
		{ECD37682-DF7E-409F-912D-0965634556B5}.Release|Win32.ActiveCfg = Release|Any CPU
		{ECD37682-DF7E-409F-912D-0965634556B5}.Release|x86.ActiveCfg = Release|Any CPU
		{F364D6DD-F617-44EA-AF5E-C7512299A8C8}.Debug (static runtime)|Any CPU.ActiveCfg = Debug|x86
		{F364D6DD-F617-44EA-AF5E-C7512299A8C8}.Debug (static runtime)|Mixed Platforms.ActiveCfg = Debug|x86
		{F364D6DD-F617-44EA-AF5E-C7512299A8C8}.Debug (static runtime)|Mixed Platforms.Build.0 = Debug|x86
		{F364D6DD-F617-44EA-AF5E-C7512299A8C8}.Debug (static runtime)|Win32.ActiveCfg = Debug|x86
		{F364D6DD-F617-44EA-AF5E-C7512299A8C8}.Debug (static runtime)|x86.ActiveCfg = Debug|x86
		{F364D6DD-F617-44EA-AF5E-C7512299A8C8}.Debug (static runtime)|x86.Build.0 = Debug|x86
		{F364D6DD-F617-44EA-AF5E-C7512299A8C8}.Debug|Any CPU.ActiveCfg = Debug|x86
		{F364D6DD-F617-44EA-AF5E-C7512299A8C8}.Debug|Mixed Platforms.ActiveCfg = Debug|x86
		{F364D6DD-F617-44EA-AF5E-C7512299A8C8}.Debug|Mixed Platforms.Build.0 = Debug|x86
		{F364D6DD-F617-44EA-AF5E-C7512299A8C8}.Debug|Win32.ActiveCfg = Debug|x86
		{F364D6DD-F617-44EA-AF5E-C7512299A8C8}.Debug|x86.ActiveCfg = Debug|x86
		{F364D6DD-F617-44EA-AF5E-C7512299A8C8}.Debug|x86.Build.0 = Debug|x86
		{F364D6DD-F617-44EA-AF5E-C7512299A8C8}.Release (static runtime)|Any CPU.ActiveCfg = Release|x86
		{F364D6DD-F617-44EA-AF5E-C7512299A8C8}.Release (static runtime)|Mixed Platforms.ActiveCfg = Release|x86
		{F364D6DD-F617-44EA-AF5E-C7512299A8C8}.Release (static runtime)|Mixed Platforms.Build.0 = Release|x86
		{F364D6DD-F617-44EA-AF5E-C7512299A8C8}.Release (static runtime)|Win32.ActiveCfg = Release|x86
		{F364D6DD-F617-44EA-AF5E-C7512299A8C8}.Release (static runtime)|x86.ActiveCfg = Release|x86
		{F364D6DD-F617-44EA-AF5E-C7512299A8C8}.Release (static runtime)|x86.Build.0 = Release|x86
		{F364D6DD-F617-44EA-AF5E-C7512299A8C8}.Release|Any CPU.ActiveCfg = Release|x86
		{F364D6DD-F617-44EA-AF5E-C7512299A8C8}.Release|Mixed Platforms.ActiveCfg = Release|x86
		{F364D6DD-F617-44EA-AF5E-C7512299A8C8}.Release|Mixed Platforms.Build.0 = Release|x86
		{F364D6DD-F617-44EA-AF5E-C7512299A8C8}.Release|Win32.ActiveCfg = Release|x86
		{F364D6DD-F617-44EA-AF5E-C7512299A8C8}.Release|x86.ActiveCfg = Release|x86
		{F364D6DD-F617-44EA-AF5E-C7512299A8C8}.Release|x86.Build.0 = Release|x86
		{53F62ED9-1560-418B-BDA2-FB1DB8020F3F}.Debug (static runtime)|Any CPU.ActiveCfg = Debug|x86
		{53F62ED9-1560-418B-BDA2-FB1DB8020F3F}.Debug (static runtime)|Mixed Platforms.ActiveCfg = Debug|x86
		{53F62ED9-1560-418B-BDA2-FB1DB8020F3F}.Debug (static runtime)|Mixed Platforms.Build.0 = Debug|x86
		{53F62ED9-1560-418B-BDA2-FB1DB8020F3F}.Debug (static runtime)|Win32.ActiveCfg = Debug|x86
		{53F62ED9-1560-418B-BDA2-FB1DB8020F3F}.Debug (static runtime)|x86.ActiveCfg = Debug|x86
		{53F62ED9-1560-418B-BDA2-FB1DB8020F3F}.Debug (static runtime)|x86.Build.0 = Debug|x86
		{53F62ED9-1560-418B-BDA2-FB1DB8020F3F}.Debug|Any CPU.ActiveCfg = Debug|x86
		{53F62ED9-1560-418B-BDA2-FB1DB8020F3F}.Debug|Mixed Platforms.ActiveCfg = Debug|x86
		{53F62ED9-1560-418B-BDA2-FB1DB8020F3F}.Debug|Mixed Platforms.Build.0 = Debug|x86
		{53F62ED9-1560-418B-BDA2-FB1DB8020F3F}.Debug|Win32.ActiveCfg = Debug|x86
		{53F62ED9-1560-418B-BDA2-FB1DB8020F3F}.Debug|x86.ActiveCfg = Debug|x86
		{53F62ED9-1560-418B-BDA2-FB1DB8020F3F}.Debug|x86.Build.0 = Debug|x86
		{53F62ED9-1560-418B-BDA2-FB1DB8020F3F}.Release (static runtime)|Any CPU.ActiveCfg = Release|x86
		{53F62ED9-1560-418B-BDA2-FB1DB8020F3F}.Release (static runtime)|Mixed Platforms.ActiveCfg = Release|x86
		{53F62ED9-1560-418B-BDA2-FB1DB8020F3F}.Release (static runtime)|Mixed Platforms.Build.0 = Release|x86
		{53F62ED9-1560-418B-BDA2-FB1DB8020F3F}.Release (static runtime)|Win32.ActiveCfg = Release|x86
		{53F62ED9-1560-418B-BDA2-FB1DB8020F3F}.Release (static runtime)|x86.ActiveCfg = Release|x86
		{53F62ED9-1560-418B-BDA2-FB1DB8020F3F}.Release (static runtime)|x86.Build.0 = Release|x86
		{53F62ED9-1560-418B-BDA2-FB1DB8020F3F}.Release|Any CPU.ActiveCfg = Release|x86
		{53F62ED9-1560-418B-BDA2-FB1DB8020F3F}.Release|Mixed Platforms.ActiveCfg = Release|x86
		{53F62ED9-1560-418B-BDA2-FB1DB8020F3F}.Release|Mixed Platforms.Build.0 = Release|x86
		{53F62ED9-1560-418B-BDA2-FB1DB8020F3F}.Release|Win32.ActiveCfg = Release|x86
		{53F62ED9-1560-418B-BDA2-FB1DB8020F3F}.Release|x86.ActiveCfg = Release|x86
		{53F62ED9-1560-418B-BDA2-FB1DB8020F3F}.Release|x86.Build.0 = Release|x86
		{645BF639-1ECF-493C-BB0B-D659D71565B4}.Debug (static runtime)|Any CPU.ActiveCfg = Debug|x86
		{645BF639-1ECF-493C-BB0B-D659D71565B4}.Debug (static runtime)|Mixed Platforms.ActiveCfg = Debug|x86
		{645BF639-1ECF-493C-BB0B-D659D71565B4}.Debug (static runtime)|Mixed Platforms.Build.0 = Debug|x86
		{645BF639-1ECF-493C-BB0B-D659D71565B4}.Debug (static runtime)|Win32.ActiveCfg = Debug|x86
		{645BF639-1ECF-493C-BB0B-D659D71565B4}.Debug (static runtime)|x86.ActiveCfg = Debug|x86
		{645BF639-1ECF-493C-BB0B-D659D71565B4}.Debug (static runtime)|x86.Build.0 = Debug|x86
		{645BF639-1ECF-493C-BB0B-D659D71565B4}.Debug|Any CPU.ActiveCfg = Debug|x86
		{645BF639-1ECF-493C-BB0B-D659D71565B4}.Debug|Mixed Platforms.ActiveCfg = Debug|x86
		{645BF639-1ECF-493C-BB0B-D659D71565B4}.Debug|Mixed Platforms.Build.0 = Debug|x86
		{645BF639-1ECF-493C-BB0B-D659D71565B4}.Debug|Win32.ActiveCfg = Debug|x86
		{645BF639-1ECF-493C-BB0B-D659D71565B4}.Debug|x86.ActiveCfg = Debug|x86
		{645BF639-1ECF-493C-BB0B-D659D71565B4}.Debug|x86.Build.0 = Debug|x86
		{645BF639-1ECF-493C-BB0B-D659D71565B4}.Release (static runtime)|Any CPU.ActiveCfg = Release|x86
		{645BF639-1ECF-493C-BB0B-D659D71565B4}.Release (static runtime)|Mixed Platforms.ActiveCfg = Release|x86
		{645BF639-1ECF-493C-BB0B-D659D71565B4}.Release (static runtime)|Mixed Platforms.Build.0 = Release|x86
		{645BF639-1ECF-493C-BB0B-D659D71565B4}.Release (static runtime)|Win32.ActiveCfg = Release|x86
		{645BF639-1ECF-493C-BB0B-D659D71565B4}.Release (static runtime)|x86.ActiveCfg = Release|x86
		{645BF639-1ECF-493C-BB0B-D659D71565B4}.Release (static runtime)|x86.Build.0 = Release|x86
		{645BF639-1ECF-493C-BB0B-D659D71565B4}.Release|Any CPU.ActiveCfg = Release|x86
		{645BF639-1ECF-493C-BB0B-D659D71565B4}.Release|Mixed Platforms.ActiveCfg = Debug|x86
		{645BF639-1ECF-493C-BB0B-D659D71565B4}.Release|Mixed Platforms.Build.0 = Debug|x86
		{645BF639-1ECF-493C-BB0B-D659D71565B4}.Release|Win32.ActiveCfg = Release|x86
		{645BF639-1ECF-493C-BB0B-D659D71565B4}.Release|x86.ActiveCfg = Release|x86
		{645BF639-1ECF-493C-BB0B-D659D71565B4}.Release|x86.Build.0 = Release|x86
		{99BCA8CF-5249-44EC-8DB3-68432C183EE8}.Debug (static runtime)|Any CPU.ActiveCfg = Debug|Any CPU
		{99BCA8CF-5249-44EC-8DB3-68432C183EE8}.Debug (static runtime)|Any CPU.Build.0 = Debug|Any CPU
		{99BCA8CF-5249-44EC-8DB3-68432C183EE8}.Debug (static runtime)|Mixed Platforms.ActiveCfg = Debug|Any CPU
		{99BCA8CF-5249-44EC-8DB3-68432C183EE8}.Debug (static runtime)|Mixed Platforms.Build.0 = Debug|Any CPU
		{99BCA8CF-5249-44EC-8DB3-68432C183EE8}.Debug (static runtime)|Win32.ActiveCfg = Debug|Any CPU
		{99BCA8CF-5249-44EC-8DB3-68432C183EE8}.Debug (static runtime)|x86.ActiveCfg = Debug|Any CPU
		{99BCA8CF-5249-44EC-8DB3-68432C183EE8}.Debug|Any CPU.ActiveCfg = Debug|Any CPU
		{99BCA8CF-5249-44EC-8DB3-68432C183EE8}.Debug|Any CPU.Build.0 = Debug|Any CPU
		{99BCA8CF-5249-44EC-8DB3-68432C183EE8}.Debug|Mixed Platforms.ActiveCfg = Debug|Any CPU
		{99BCA8CF-5249-44EC-8DB3-68432C183EE8}.Debug|Mixed Platforms.Build.0 = Debug|Any CPU
		{99BCA8CF-5249-44EC-8DB3-68432C183EE8}.Debug|Win32.ActiveCfg = Debug|Any CPU
		{99BCA8CF-5249-44EC-8DB3-68432C183EE8}.Debug|x86.ActiveCfg = Debug|Any CPU
		{99BCA8CF-5249-44EC-8DB3-68432C183EE8}.Release (static runtime)|Any CPU.ActiveCfg = Release|Any CPU
		{99BCA8CF-5249-44EC-8DB3-68432C183EE8}.Release (static runtime)|Any CPU.Build.0 = Release|Any CPU
		{99BCA8CF-5249-44EC-8DB3-68432C183EE8}.Release (static runtime)|Mixed Platforms.ActiveCfg = Release|Any CPU
		{99BCA8CF-5249-44EC-8DB3-68432C183EE8}.Release (static runtime)|Mixed Platforms.Build.0 = Release|Any CPU
		{99BCA8CF-5249-44EC-8DB3-68432C183EE8}.Release (static runtime)|Win32.ActiveCfg = Release|Any CPU
		{99BCA8CF-5249-44EC-8DB3-68432C183EE8}.Release (static runtime)|x86.ActiveCfg = Release|Any CPU
		{99BCA8CF-5249-44EC-8DB3-68432C183EE8}.Release|Any CPU.ActiveCfg = Release|Any CPU
		{99BCA8CF-5249-44EC-8DB3-68432C183EE8}.Release|Any CPU.Build.0 = Release|Any CPU
		{99BCA8CF-5249-44EC-8DB3-68432C183EE8}.Release|Mixed Platforms.ActiveCfg = Release|Any CPU
		{99BCA8CF-5249-44EC-8DB3-68432C183EE8}.Release|Mixed Platforms.Build.0 = Release|Any CPU
		{99BCA8CF-5249-44EC-8DB3-68432C183EE8}.Release|Win32.ActiveCfg = Release|Any CPU
		{99BCA8CF-5249-44EC-8DB3-68432C183EE8}.Release|x86.ActiveCfg = Release|Any CPU
		{918C2A43-FAD6-4288-835A-60436A19C8EB}.Debug (static runtime)|Any CPU.ActiveCfg = Debug|Any CPU
		{918C2A43-FAD6-4288-835A-60436A19C8EB}.Debug (static runtime)|Any CPU.Build.0 = Debug|Any CPU
		{918C2A43-FAD6-4288-835A-60436A19C8EB}.Debug (static runtime)|Mixed Platforms.ActiveCfg = Debug|Any CPU
		{918C2A43-FAD6-4288-835A-60436A19C8EB}.Debug (static runtime)|Mixed Platforms.Build.0 = Debug|Any CPU
		{918C2A43-FAD6-4288-835A-60436A19C8EB}.Debug (static runtime)|Win32.ActiveCfg = Debug|Any CPU
		{918C2A43-FAD6-4288-835A-60436A19C8EB}.Debug (static runtime)|x86.ActiveCfg = Debug|Any CPU
		{918C2A43-FAD6-4288-835A-60436A19C8EB}.Debug|Any CPU.ActiveCfg = Debug|Any CPU
		{918C2A43-FAD6-4288-835A-60436A19C8EB}.Debug|Any CPU.Build.0 = Debug|Any CPU
		{918C2A43-FAD6-4288-835A-60436A19C8EB}.Debug|Mixed Platforms.ActiveCfg = Debug|Any CPU
		{918C2A43-FAD6-4288-835A-60436A19C8EB}.Debug|Mixed Platforms.Build.0 = Debug|Any CPU
		{918C2A43-FAD6-4288-835A-60436A19C8EB}.Debug|Win32.ActiveCfg = Debug|Any CPU
		{918C2A43-FAD6-4288-835A-60436A19C8EB}.Debug|x86.ActiveCfg = Debug|Any CPU
		{918C2A43-FAD6-4288-835A-60436A19C8EB}.Release (static runtime)|Any CPU.ActiveCfg = Release|Any CPU
		{918C2A43-FAD6-4288-835A-60436A19C8EB}.Release (static runtime)|Any CPU.Build.0 = Release|Any CPU
		{918C2A43-FAD6-4288-835A-60436A19C8EB}.Release (static runtime)|Mixed Platforms.ActiveCfg = Release|Any CPU
		{918C2A43-FAD6-4288-835A-60436A19C8EB}.Release (static runtime)|Mixed Platforms.Build.0 = Release|Any CPU
		{918C2A43-FAD6-4288-835A-60436A19C8EB}.Release (static runtime)|Win32.ActiveCfg = Release|Any CPU
		{918C2A43-FAD6-4288-835A-60436A19C8EB}.Release (static runtime)|x86.ActiveCfg = Release|Any CPU
		{918C2A43-FAD6-4288-835A-60436A19C8EB}.Release|Any CPU.ActiveCfg = Release|Any CPU
		{918C2A43-FAD6-4288-835A-60436A19C8EB}.Release|Any CPU.Build.0 = Release|Any CPU
		{918C2A43-FAD6-4288-835A-60436A19C8EB}.Release|Mixed Platforms.ActiveCfg = Release|Any CPU
		{918C2A43-FAD6-4288-835A-60436A19C8EB}.Release|Mixed Platforms.Build.0 = Release|Any CPU
		{918C2A43-FAD6-4288-835A-60436A19C8EB}.Release|Win32.ActiveCfg = Release|Any CPU
		{918C2A43-FAD6-4288-835A-60436A19C8EB}.Release|x86.ActiveCfg = Release|Any CPU
	EndGlobalSection
	GlobalSection(SolutionProperties) = preSolution
		HideSolutionNode = FALSE
	EndGlobalSection
	GlobalSection(NestedProjects) = preSolution
		{8461B474-1CD9-4A1A-95A3-BCCF4BD2CFA3} = {2C37C888-E7F6-4BF4-87FC-F1FF101FE476}
		{74A9CD30-24CE-4BCD-9638-0B009BAC7138} = {2C37C888-E7F6-4BF4-87FC-F1FF101FE476}
		{B70227ED-CD68-4A97-B38A-89CE5651631A} = {2C37C888-E7F6-4BF4-87FC-F1FF101FE476}
		{2E6C8E88-6D54-468B-9D31-9A68960A9F5A} = {2C37C888-E7F6-4BF4-87FC-F1FF101FE476}
		{10B98FF3-16FD-4C77-A1A3-3FF31B792FC2} = {2C37C888-E7F6-4BF4-87FC-F1FF101FE476}
		{F64BBDA3-36B0-4A8E-91B1-38A68393E229} = {2C37C888-E7F6-4BF4-87FC-F1FF101FE476}
		{19347527-F7C0-41E9-BDA4-D3A041BA330D} = {2C37C888-E7F6-4BF4-87FC-F1FF101FE476}
		{53F62ED9-1560-418B-BDA2-FB1DB8020F3F} = {2C37C888-E7F6-4BF4-87FC-F1FF101FE476}
		{BC7E8D87-50F8-457D-9113-2C51323384E7} = {A14D3605-7DCA-4C54-A3C9-33D5B6120828}
		{48CDEB64-D1D7-4BDA-90E8-AE879AF8B0C5} = {A14D3605-7DCA-4C54-A3C9-33D5B6120828}
		{AD0A27DA-91DA-46A2-ACBD-296C419ED3AA} = {A14D3605-7DCA-4C54-A3C9-33D5B6120828}
		{6813D52F-9120-4C27-A7E5-ACDB775FF21F} = {A14D3605-7DCA-4C54-A3C9-33D5B6120828}
		{470C3A4E-E667-4F8A-B89C-907F2C14B713} = {A14D3605-7DCA-4C54-A3C9-33D5B6120828}
		{3BDEC12B-3F54-4B3B-A313-0D62AC0FC1E6} = {A14D3605-7DCA-4C54-A3C9-33D5B6120828}
		{49274CC4-6B5E-4D64-821E-6B6BBBDC507E} = {C819577A-DEAC-43FE-BC68-E0EC1BB152CE}
		{C272A5B1-ACB4-4F31-B847-07CCB803317C} = {C819577A-DEAC-43FE-BC68-E0EC1BB152CE}
		{FE1F6BE1-D81D-4CC3-B3C7-D726DFA476A4} = {C819577A-DEAC-43FE-BC68-E0EC1BB152CE}
		{00E2E346-AD03-4596-9BEA-B6208847DFF0} = {C819577A-DEAC-43FE-BC68-E0EC1BB152CE}
		{22944B95-4F3E-4165-A611-A3848F0E74DD} = {C819577A-DEAC-43FE-BC68-E0EC1BB152CE}
		{F6E762BD-DCDF-4CA0-ABAD-CB21C7D03BEC} = {C819577A-DEAC-43FE-BC68-E0EC1BB152CE}
		{11D17F23-E54C-47D3-A04C-1338F456AC87} = {C819577A-DEAC-43FE-BC68-E0EC1BB152CE}
		{645BF639-1ECF-493C-BB0B-D659D71565B4} = {C819577A-DEAC-43FE-BC68-E0EC1BB152CE}
		{A02687EC-F5E4-472D-B286-23B23F11A43B} = {897EB31B-1319-4C1A-A53C-2E007DE6B60F}
		{9EE40384-F139-4691-8E2D-882EA123FD68} = {897EB31B-1319-4C1A-A53C-2E007DE6B60F}
		{89B10EDD-0CF0-4835-8CFA-456FA09F2DE2} = {3BDEC12B-3F54-4B3B-A313-0D62AC0FC1E6}
		{0AF0FB43-2C1E-40E4-871F-A153124F9343} = {22944B95-4F3E-4165-A611-A3848F0E74DD}
		{85BAC141-2F14-49E3-AF17-0C90E465EF6C} = {22944B95-4F3E-4165-A611-A3848F0E74DD}
		{67E26D74-90D1-4531-9B2D-91D19468B7A7} = {22944B95-4F3E-4165-A611-A3848F0E74DD}
		{411E5479-58F8-4E4E-AAB0-3F8D65CE4F83} = {22944B95-4F3E-4165-A611-A3848F0E74DD}
		{BDD80A6B-A1AE-4ECC-9997-4CAF3D7A46AD} = {22944B95-4F3E-4165-A611-A3848F0E74DD}
		{ECD37682-DF7E-409F-912D-0965634556B5} = {22944B95-4F3E-4165-A611-A3848F0E74DD}
		{F364D6DD-F617-44EA-AF5E-C7512299A8C8} = {22944B95-4F3E-4165-A611-A3848F0E74DD}
		{99BCA8CF-5249-44EC-8DB3-68432C183EE8} = {22944B95-4F3E-4165-A611-A3848F0E74DD}
		{918C2A43-FAD6-4288-835A-60436A19C8EB} = {22944B95-4F3E-4165-A611-A3848F0E74DD}
	EndGlobalSection
EndGlobal
