
Microsoft Visual Studio Solution File, Format Version 11.00
# Visual Studio 2010
Project("{FAE04EC0-301F-11D3-BF4B-00C04F79EFBC}") = "ExcelAddInRibbonTest", "ExcelAddInRibbonTest\ExcelAddInRibbonTest.csproj", "{DA94545D-DC2B-48CC-9084-4CEE310DD20A}"
EndProject
Project("{FAE04EC0-301F-11D3-BF4B-00C04F79EFBC}") = "QLNet", "..\qlnet\QLNet\QLNet.csproj", "{F6E762BD-DCDF-4CA0-ABAD-CB21C7D03BEC}"
EndProject
Global
	GlobalSection(SolutionConfigurationPlatforms) = preSolution
		Debug|Any CPU = Debug|Any CPU
		Release|Any CPU = Release|Any CPU
	EndGlobalSection
	GlobalSection(ProjectConfigurationPlatforms) = postSolution
		{DA94545D-DC2B-48CC-9084-4CEE310DD20A}.Debug|Any CPU.ActiveCfg = Debug|Any CPU
		{DA94545D-DC2B-48CC-9084-4CEE310DD20A}.Debug|Any CPU.Build.0 = Debug|Any CPU
		{DA94545D-DC2B-48CC-9084-4CEE310DD20A}.Release|Any CPU.ActiveCfg = Release|Any CPU
		{DA94545D-DC2B-48CC-9084-4CEE310DD20A}.Release|Any CPU.Build.0 = Release|Any CPU
		{F6E762BD-DCDF-4CA0-ABAD-CB21C7D03BEC}.Debug|Any CPU.ActiveCfg = Release|Any CPU
		{F6E762BD-DCDF-4CA0-ABAD-CB21C7D03BEC}.Debug|Any CPU.Build.0 = Release|Any CPU
		{F6E762BD-DCDF-4CA0-ABAD-CB21C7D03BEC}.Release|Any CPU.ActiveCfg = Release|Any CPU
		{F6E762BD-DCDF-4CA0-ABAD-CB21C7D03BEC}.Release|Any CPU.Build.0 = Release|Any CPU
	EndGlobalSection
	GlobalSection(SolutionProperties) = preSolution
		HideSolutionNode = FALSE
	EndGlobalSection
EndGlobal
