<?xml version="1.0" encoding="utf-8"?>
<Project ToolsVersion="4.0" xmlns="http://schemas.microsoft.com/developer/msbuild/2003">
  <ItemGroup>
    <Filter Include="소스 파일">
      <UniqueIdentifier>{4FC737F1-C7A5-4376-A066-2A32D752A2FF}</UniqueIdentifier>
      <Extensions>cpp;c;cc;cxx;def;odl;idl;hpj;bat;asm;asmx</Extensions>
    </Filter>
    <Filter Include="헤더 파일">
      <UniqueIdentifier>{93995380-89BD-4b04-88EB-625FBE52EBFB}</UniqueIdentifier>
      <Extensions>h;hpp;hxx;hm;inl;inc;xsd</Extensions>
    </Filter>
    <Filter Include="리소스 파일">
      <UniqueIdentifier>{67DA6AB6-F800-4c08-8B7A-83BB121AAD01}</UniqueIdentifier>
      <Extensions>rc;ico;cur;bmp;dlg;rc2;rct;bin;rgs;gif;jpg;jpeg;jpe;resx;tiff;tif;png;wav;mfcribbon-ms</Extensions>
    </Filter>
    <Filter Include="Factory">
      <UniqueIdentifier>{c9f03463-e1a2-4ec8-9f4a-4428429fb52d}</UniqueIdentifier>
    </Filter>
    <Filter Include="util">
      <UniqueIdentifier>{23150666-5a49-4047-b94d-033ad068215e}</UniqueIdentifier>
    </Filter>
    <Filter Include="tinyXml">
      <UniqueIdentifier>{5d697ff1-6f13-4c19-9ea7-5521d45e2bad}</UniqueIdentifier>
    </Filter>
    <Filter Include="Factory\StepDown">
      <UniqueIdentifier>{55b42bc0-14b3-48cb-8142-11fae881facb}</UniqueIdentifier>
    </Filter>
    <Filter Include="Factory\Etc">
      <UniqueIdentifier>{500561a9-6243-49fb-ac27-d2d79f21c80d}</UniqueIdentifier>
    </Filter>
  </ItemGroup>
  <ItemGroup>
    <None Include="ReadMe.txt" />
  </ItemGroup>
  <ItemGroup>
    <ClInclude Include="tinyXml\tinystr.h">
      <Filter>tinyXml</Filter>
    </ClInclude>
    <ClInclude Include="tinyXml\tinyxml.h">
      <Filter>tinyXml</Filter>
    </ClInclude>
    <ClInclude Include="util\convertFunction.hpp">
      <Filter>util</Filter>
    </ClInclude>
    <ClInclude Include="util\xmlUtilHeader.hpp">
      <Filter>util</Filter>
    </ClInclude>
    <ClInclude Include="Factory\StepDown\qlStepDownELSFactory.hpp">
      <Filter>Factory\StepDown</Filter>
    </ClInclude>
    <ClInclude Include="Factory\Etc\qlTermstructureFactory.hpp">
      <Filter>Factory\Etc</Filter>
    </ClInclude>
    <ClInclude Include="Factory\Etc\qlTimeUnitFactory.hpp">
      <Filter>Factory\Etc</Filter>
    </ClInclude>
    <ClInclude Include="Factory\Etc\qlYieldTermStructureFactory.hpp">
      <Filter>Factory\Etc</Filter>
    </ClInclude>
    <ClInclude Include="Factory\Etc\all.hpp">
      <Filter>Factory\Etc</Filter>
    </ClInclude>
    <ClInclude Include="Factory\Etc\qlBusinessDayConvention.hpp">
      <Filter>Factory\Etc</Filter>
    </ClInclude>
    <ClInclude Include="Factory\Etc\qlCalendarFactory.hpp">
      <Filter>Factory\Etc</Filter>
    </ClInclude>
    <ClInclude Include="Factory\Etc\qlCurrencyFactory.hpp">
      <Filter>Factory\Etc</Filter>
    </ClInclude>
    <ClInclude Include="Factory\Etc\qlDayCounterFactory.hpp">
      <Filter>Factory\Etc</Filter>
    </ClInclude>
    <ClInclude Include="Factory\Etc\qlFixingDateFactory.hpp">
      <Filter>Factory\Etc</Filter>
    </ClInclude>
    <ClInclude Include="Factory\Etc\qlInterestRateIndexFactory.hpp">
      <Filter>Factory\Etc</Filter>
    </ClInclude>
  </ItemGroup>
  <ItemGroup>
    <ClCompile Include="tinyXml\tinyxml.cpp">
      <Filter>tinyXml</Filter>
    </ClCompile>
    <ClCompile Include="tinyXml\tinyxmlerror.cpp">
      <Filter>tinyXml</Filter>
    </ClCompile>
    <ClCompile Include="tinyXml\tinyxmlparser.cpp">
      <Filter>tinyXml</Filter>
    </ClCompile>
    <ClCompile Include="tinyXml\tinystr.cpp">
      <Filter>tinyXml</Filter>
    </ClCompile>
    <ClCompile Include="util\makeSwap.cpp">
      <Filter>util</Filter>
    </ClCompile>
    <ClCompile Include="util\convertFunction.cpp">
      <Filter>util</Filter>
    </ClCompile>
    <ClCompile Include="Factory\StepDown\qlStepDownELSFactory.cpp">
      <Filter>Factory\StepDown</Filter>
    </ClCompile>
    <ClCompile Include="Factory\Etc\qlYieldTermStructureFactory.cpp">
      <Filter>Factory\Etc</Filter>
    </ClCompile>
  </ItemGroup>
</Project>