<?xml version="1.0" encoding="utf-8"?>
<Project ToolsVersion="4.0" xmlns="http://schemas.microsoft.com/developer/msbuild/2003">
  <ItemGroup>
    <None Include="ReadMe.txt" />
    <None Include="..\..\..\..\..\build_ql_1_1_0\Fpml\confirmation-5-2_xml\confirmation\products\interest-rate-derivatives\ird-ex06-xccy-swap.xml">
      <Filter>src\Instrument\InstrumentXml</Filter>
    </None>
    <None Include="..\xmlFactory\xml\testfpmlProduct.xml">
      <Filter>src\Instrument\InstrumentXml</Filter>
    </None>
  </ItemGroup>
  <ItemGroup>
    <Filter Include="src">
      <UniqueIdentifier>{4d48669a-51a9-41b0-ab5b-8fa7ac76d700}</UniqueIdentifier>
    </Filter>
    <Filter Include="src\Instrument">
      <UniqueIdentifier>{3c80a86b-e402-4c87-b29e-c6fa81d5cfd8}</UniqueIdentifier>
    </Filter>
    <Filter Include="src\Engine">
      <UniqueIdentifier>{d95e1689-260c-473c-ae05-13d8db49f20c}</UniqueIdentifier>
    </Filter>
    <Filter Include="src\Instrument\InstrumentXml">
      <UniqueIdentifier>{77aadd33-cc6e-4616-af6f-2a5027f0508d}</UniqueIdentifier>
    </Filter>
    <Filter Include="src\Engine\Tree">
      <UniqueIdentifier>{6d5c31ae-fb40-4ffb-b9b0-a2ccd18fa7b7}</UniqueIdentifier>
    </Filter>
    <Filter Include="src\Engine\MonteCarlo">
      <UniqueIdentifier>{d77207ae-7703-4862-b04d-304492720d98}</UniqueIdentifier>
    </Filter>
    <Filter Include="src\Index">
      <UniqueIdentifier>{edf3a35e-6b92-4713-8fa2-61346d8476d0}</UniqueIdentifier>
    </Filter>
    <Filter Include="src\Engine\MonteCarlo\ELSStepDown">
      <UniqueIdentifier>{4108499e-7576-4311-bdd1-14a6dc805603}</UniqueIdentifier>
    </Filter>
    <Filter Include="src\Engine\MonteCarlo\IRProduct">
      <UniqueIdentifier>{63c6c634-8649-4833-bc79-b1278fae573e}</UniqueIdentifier>
    </Filter>
    <Filter Include="src\Engine\MonteCarlo\StopLoss">
      <UniqueIdentifier>{29a8f7c7-c400-41e3-a4ac-9dc5c4102498}</UniqueIdentifier>
    </Filter>
    <Filter Include="src\Engine\MonteCarlo\pricer">
      <UniqueIdentifier>{a52dc433-17ce-4aca-aeae-2a07cf9097b0}</UniqueIdentifier>
    </Filter>
    <Filter Include="src\Engine\MonteCarlo\instrument">
      <UniqueIdentifier>{fb65ddeb-f86c-4d41-ad41-4366846968cd}</UniqueIdentifier>
    </Filter>
    <Filter Include="src\Engine\MonteCarlo\pricer\event">
      <UniqueIdentifier>{5dc1457c-3b48-4a11-9415-8db671e28b9e}</UniqueIdentifier>
    </Filter>
    <Filter Include="src\util">
      <UniqueIdentifier>{d3143aa7-9f07-4c50-a064-0a3c969200fa}</UniqueIdentifier>
    </Filter>
    <Filter Include="src\Engine\MonteCarlo\referenceCalculation">
      <UniqueIdentifier>{665b5049-cf29-4e11-98be-17498a1d84e3}</UniqueIdentifier>
    </Filter>
    <Filter Include="src\Engine\MonteCarlo\pricer\event\simpleOption">
      <UniqueIdentifier>{96e4a2ca-b9e5-4d24-a110-7c3184c38ee8}</UniqueIdentifier>
    </Filter>
    <Filter Include="src\Engine\MonteCarlo\IRProduct\rateCalculation">
      <UniqueIdentifier>{39c40852-d3dd-44c0-b1bc-49b556c32b8b}</UniqueIdentifier>
    </Filter>
    <Filter Include="src\Engine\MonteCarlo\Common">
      <UniqueIdentifier>{9393d919-12e8-48ab-b25d-a5999b97c128}</UniqueIdentifier>
    </Filter>
    <Filter Include="src\Engine\MonteCarlo\Common\Interface">
      <UniqueIdentifier>{f61f283c-f119-4905-89e3-95f12b01b4b6}</UniqueIdentifier>
    </Filter>
    <Filter Include="src\Engine\MonteCarlo\returnCalculation">
      <UniqueIdentifier>{77c6300a-f9c2-4c4d-b807-c9bd8cfbaf41}</UniqueIdentifier>
    </Filter>
    <Filter Include="src\Engine\MonteCarlo\stochacticProcess">
      <UniqueIdentifier>{ec4c5fd0-a216-4a72-ae05-f2e9dd8008aa}</UniqueIdentifier>
    </Filter>
    <Filter Include="src\Engine\MonteCarlo\IRProduct\couponCalculation">
      <UniqueIdentifier>{53eb3a35-d40a-49c7-8a90-9f2fc8fbf625}</UniqueIdentifier>
    </Filter>
    <Filter Include="src\Engine\MonteCarlo\eventCalculation">
      <UniqueIdentifier>{c238126a-819f-4867-90f3-f8fd3f51d76f}</UniqueIdentifier>
    </Filter>
    <Filter Include="src\Engine\MonteCarlo\preCalculation">
      <UniqueIdentifier>{c67efb49-bdb1-4d5c-9f35-7393dcacdb1d}</UniqueIdentifier>
    </Filter>
    <Filter Include="src\Engine\MonteCarlo\postCalculation">
      <UniqueIdentifier>{23224995-13da-4d4e-9ddc-ca461ea20d4e}</UniqueIdentifier>
    </Filter>
    <Filter Include="src\Engine\MonteCarlo\operator">
      <UniqueIdentifier>{754ae2ee-5a23-46c7-8c4b-5c059b1f219f}</UniqueIdentifier>
    </Filter>
    <Filter Include="src\Engine\MonteCarlo\operator\condition">
      <UniqueIdentifier>{bccc5b49-6f61-4de2-b8bd-ba95c76a2add}</UniqueIdentifier>
    </Filter>
    <Filter Include="src\Engine\MonteCarlo\preEventCalculation">
      <UniqueIdentifier>{f5b0623b-913b-4846-9d11-a256706bfea0}</UniqueIdentifier>
    </Filter>
    <Filter Include="src\Engine\MonteCarlo\eventCalculation\jointEventCalculation">
      <UniqueIdentifier>{ed0598e8-43a0-4db3-9446-d19769f2f53d}</UniqueIdentifier>
    </Filter>
    <Filter Include="src\Engine\MonteCarlo\variableInfo">
      <UniqueIdentifier>{d71d8d49-a70c-4f50-bb36-869a6175d75a}</UniqueIdentifier>
    </Filter>
    <Filter Include="src\Engine\MonteCarlo\eventCalculation\jointEventCalculation\simpleJointCal">
      <UniqueIdentifier>{bb36584c-f24e-477c-b4e4-b4f12e201d61}</UniqueIdentifier>
    </Filter>
    <Filter Include="src\Engine\MonteCarlo\eventCalculation\jointEventCalculation\rangeJointCal">
      <UniqueIdentifier>{08e636d4-95ad-45e5-b32c-8cb8724cf451}</UniqueIdentifier>
    </Filter>
    <Filter Include="src\Engine\MonteCarlo\returnCalculation\CallPut">
      <UniqueIdentifier>{89f6f4a8-d07d-47e2-b9fb-6f0491002855}</UniqueIdentifier>
    </Filter>
    <Filter Include="src\Engine\MonteCarlo\eventCalculation\dateInformation">
      <UniqueIdentifier>{e02cad0a-bc9a-4e77-9987-70c17466bde5}</UniqueIdentifier>
    </Filter>
    <Filter Include="src\Engine\MonteCarlo\result">
      <UniqueIdentifier>{75969acf-c449-47f0-b921-4dea3270696e}</UniqueIdentifier>
    </Filter>
    <Filter Include="src\Engine\MonteCarlo\pricer\additionalOption">
      <UniqueIdentifier>{cee3b563-0363-4ab0-a3a7-4c957f0d25d9}</UniqueIdentifier>
    </Filter>
  </ItemGroup>
  <ItemGroup>
    <ClInclude Include="src\Index\UnderlyingIndex.hpp">
      <Filter>src\Index</Filter>
    </ClInclude>
    <ClInclude Include="src\Engine\MonteCarlo\MCPricer.hpp">
      <Filter>src\Engine\MonteCarlo</Filter>
    </ClInclude>
    <ClInclude Include="src\Engine\MonteCarlo\StopLoss\stoplossPricer.hpp">
      <Filter>src\Engine\MonteCarlo\StopLoss</Filter>
    </ClInclude>
    <ClInclude Include="src\Engine\MonteCarlo\StopLoss\stoplossCalculation.hpp">
      <Filter>src\Engine\MonteCarlo\StopLoss</Filter>
    </ClInclude>
    <ClInclude Include="src\Engine\MonteCarlo\StopLoss\stoplossEventInfo.hpp">
      <Filter>src\Engine\MonteCarlo\StopLoss</Filter>
    </ClInclude>
    <ClInclude Include="src\Engine\MonteCarlo\Common\Interface\IEventInfo.hpp">
      <Filter>src\Engine\MonteCarlo\Common\Interface</Filter>
    </ClInclude>
    <ClInclude Include="src\Engine\MonteCarlo\Common\Interface\ISwapStream.hpp">
      <Filter>src\Engine\MonteCarlo\Common\Interface</Filter>
    </ClInclude>
    <ClInclude Include="src\Engine\MonteCarlo\Common\standardSwapStream.hpp">
      <Filter>src\Engine\MonteCarlo\Common</Filter>
    </ClInclude>
    <ClInclude Include="src\Engine\MonteCarlo\Common\Interface\all.hpp">
      <Filter>src\Engine\MonteCarlo\Common\Interface</Filter>
    </ClInclude>
    <ClInclude Include="src\Engine\MonteCarlo\Common\Interface\IReturnCalculation.hpp">
      <Filter>src\Engine\MonteCarlo\Common\Interface</Filter>
    </ClInclude>
    <ClInclude Include="src\Engine\MonteCarlo\pricer\stoplossEventPricer.hpp">
      <Filter>src\Engine\MonteCarlo\pricer</Filter>
    </ClInclude>
    <ClInclude Include="src\Engine\MonteCarlo\pricer\barrierEventPricer.hpp">
      <Filter>src\Engine\MonteCarlo\pricer</Filter>
    </ClInclude>
    <ClInclude Include="src\Engine\MonteCarlo\MonteEngine.hpp">
      <Filter>src\Engine\MonteCarlo</Filter>
    </ClInclude>
    <ClInclude Include="src\Engine\MonteCarlo\instrument\swapInst.hpp">
      <Filter>src\Engine\MonteCarlo\instrument</Filter>
    </ClInclude>
    <ClInclude Include="src\Engine\MonteCarlo\instrument\noteInst.hpp">
      <Filter>src\Engine\MonteCarlo\instrument</Filter>
    </ClInclude>
    <ClInclude Include="src\engine\montecarlo\pricer\event\eventTriggerInfo.hpp">
      <Filter>src\Engine\MonteCarlo\pricer\event</Filter>
    </ClInclude>
    <ClInclude Include="src\Engine\MonteCarlo\pricer\event\constPayoffEventTriggerInfo.hpp">
      <Filter>src\Engine\MonteCarlo\pricer\event</Filter>
    </ClInclude>
    <ClInclude Include="src\util\DateHelper.hpp">
      <Filter>src\util</Filter>
    </ClInclude>
    <ClInclude Include="src\Engine\MonteCarlo\pricer\vanillaPricer.hpp">
      <Filter>src\Engine\MonteCarlo\pricer</Filter>
    </ClInclude>
    <ClInclude Include="src\Engine\MonteCarlo\pricer\event\compositeSumOptionETI.hpp">
      <Filter>src\Engine\MonteCarlo\pricer\event</Filter>
    </ClInclude>
    <ClInclude Include="src\Engine\MonteCarlo\referenceCalculation\referenceCalculation.hpp">
      <Filter>src\Engine\MonteCarlo\referenceCalculation</Filter>
    </ClInclude>
    <ClInclude Include="src\Engine\MonteCarlo\pricer\event\simpleOption\vanillaPutETI.hpp">
      <Filter>src\Engine\MonteCarlo\pricer\event\simpleOption</Filter>
    </ClInclude>
    <ClInclude Include="src\Engine\MonteCarlo\pricer\event\simpleOption\singleBarrierOptionETI.hpp">
      <Filter>src\Engine\MonteCarlo\pricer\event\simpleOption</Filter>
    </ClInclude>
    <ClInclude Include="src\Engine\MonteCarlo\pricer\event\simpleOption\vanillaCallETI.hpp">
      <Filter>src\Engine\MonteCarlo\pricer\event\simpleOption</Filter>
    </ClInclude>
    <ClInclude Include="src\Engine\MonteCarlo\pricer\event\simpleOption\all.hpp">
      <Filter>src\Engine\MonteCarlo\pricer\event\simpleOption</Filter>
    </ClInclude>
    <ClInclude Include="src\Engine\MonteCarlo\pricer\event\simpleOption\constantPayoffETI.hpp">
      <Filter>src\Engine\MonteCarlo\pricer\event\simpleOption</Filter>
    </ClInclude>
    <ClInclude Include="src\Engine\MonteCarlo\IRProduct\RateCalculation.hpp">
      <Filter>src\Engine\MonteCarlo\IRProduct</Filter>
    </ClInclude>
    <ClInclude Include="src\Engine\MonteCarlo\IRProduct\rateCalculation\rangeRateCalculation.hpp">
      <Filter>src\Engine\MonteCarlo\IRProduct\rateCalculation</Filter>
    </ClInclude>
    <ClInclude Include="src\Engine\MonteCarlo\IRProduct\rateCalculation\range1D.hpp">
      <Filter>src\Engine\MonteCarlo\IRProduct\rateCalculation</Filter>
    </ClInclude>
    <ClInclude Include="src\Engine\MonteCarlo\IRProduct\rateCalculation\rangeEventInfo.hpp">
      <Filter>src\Engine\MonteCarlo\IRProduct\rateCalculation</Filter>
    </ClInclude>
    <ClInclude Include="src\Engine\MonteCarlo\instrument\all.hpp">
      <Filter>src\Engine\MonteCarlo\instrument</Filter>
    </ClInclude>
    <ClInclude Include="src\Engine\MonteCarlo\pricer\compositeSumOptionPricer.hpp">
      <Filter>src\Engine\MonteCarlo\pricer</Filter>
    </ClInclude>
    <ClInclude Include="src\Engine\MonteCarlo\pricer\event\simpleOption\barrierWithConstRebatePutOptionETI.hpp">
      <Filter>src\Engine\MonteCarlo\pricer\event\simpleOption</Filter>
    </ClInclude>
    <ClInclude Include="src\Engine\MonteCarlo\pricer\event\simpleOption\barrierWithConstRebateCallOptionETI.hpp">
      <Filter>src\Engine\MonteCarlo\pricer\event\simpleOption</Filter>
    </ClInclude>
    <ClInclude Include="src\Engine\MonteCarlo\pricer\event\constKiMinLossPayoffTriggerETI.hpp">
      <Filter>src\Engine\MonteCarlo\pricer\event</Filter>
    </ClInclude>
    <ClInclude Include="src\Engine\MonteCarlo\referenceCalculation\identityReferenceCal.hpp">
      <Filter>src\Engine\MonteCarlo\referenceCalculation</Filter>
    </ClInclude>
    <ClInclude Include="src\Engine\MonteCarlo\pricer\autoCallableSwapPricer.hpp">
      <Filter>src\Engine\MonteCarlo\pricer</Filter>
    </ClInclude>
    <ClInclude Include="src\Engine\MonteCarlo\pricer\event\simpleRangeConstReturnETI.hpp">
      <Filter>src\Engine\MonteCarlo\pricer\event</Filter>
    </ClInclude>
    <ClInclude Include="src\Engine\MonteCarlo\pricer\stepDownNoKIEventPricer.hpp">
      <Filter>src\Engine\MonteCarlo\pricer</Filter>
    </ClInclude>
    <ClInclude Include="src\Engine\MonteCarlo\IRProduct\rateCalculation\simpleRangeRateETI.hpp">
      <Filter>src\Engine\MonteCarlo\IRProduct\rateCalculation</Filter>
    </ClInclude>
    <ClInclude Include="src\Engine\MonteCarlo\IRProduct\rateCalculation\simpleRangeAccrualRateETI.hpp">
      <Filter>src\Engine\MonteCarlo\IRProduct\rateCalculation</Filter>
    </ClInclude>
    <ClInclude Include="src\Engine\MonteCarlo\IRProduct\rateCalculation\simpleRangeEvent.hpp">
      <Filter>src\Engine\MonteCarlo\IRProduct\rateCalculation</Filter>
    </ClInclude>
    <ClInclude Include="src\Engine\MonteCarlo\returnCalculation\all.hpp">
      <Filter>src\Engine\MonteCarlo\returnCalculation</Filter>
    </ClInclude>
    <ClInclude Include="src\Engine\MonteCarlo\returnCalculation\returnCalculation.hpp">
      <Filter>src\Engine\MonteCarlo\returnCalculation</Filter>
    </ClInclude>
    <ClInclude Include="src\Engine\MonteCarlo\returnCalculation\vanillaReturnCal.hpp">
      <Filter>src\Engine\MonteCarlo\returnCalculation</Filter>
    </ClInclude>
    <ClInclude Include="src\Engine\MonteCarlo\referenceCalculation\maximumReferenceCal.hpp">
      <Filter>src\Engine\MonteCarlo\referenceCalculation</Filter>
    </ClInclude>
    <ClInclude Include="src\Engine\MonteCarlo\referenceCalculation\minimumReferenceCal.hpp">
      <Filter>src\Engine\MonteCarlo\referenceCalculation</Filter>
    </ClInclude>
    <ClInclude Include="src\Engine\MonteCarlo\pricer\vanillaSwapPricer.hpp">
      <Filter>src\Engine\MonteCarlo\pricer</Filter>
    </ClInclude>
    <ClInclude Include="src\Engine\MonteCarlo\IRProduct\rateCalculation\vanillaRateETI.hpp">
      <Filter>src\Engine\MonteCarlo\IRProduct\rateCalculation</Filter>
    </ClInclude>
    <ClInclude Include="src\Engine\MonteCarlo\IRProduct\rateCalculation\fixedRateETI.hpp">
      <Filter>src\Engine\MonteCarlo\IRProduct\rateCalculation</Filter>
    </ClInclude>
    <ClInclude Include="src\Engine\MonteCarlo\stochasticProcess\hullWhiteProcess1DWrapper.hpp">
      <Filter>src\Engine\MonteCarlo\stochacticProcess</Filter>
    </ClInclude>
    <ClInclude Include="src\Engine\MonteCarlo\stochasticProcess\IProcessWrapper.hpp">
      <Filter>src\Engine\MonteCarlo\stochacticProcess</Filter>
    </ClInclude>
    <ClInclude Include="src\Engine\MonteCarlo\stochasticProcess\processArrayWrapper.hpp">
      <Filter>src\Engine\MonteCarlo\stochacticProcess</Filter>
    </ClInclude>
    <ClInclude Include="src\Engine\MonteCarlo\stochasticProcess\SabrProcess1DWrapper.hpp">
      <Filter>src\Engine\MonteCarlo\stochacticProcess</Filter>
    </ClInclude>
    <ClInclude Include="src\Engine\MonteCarlo\stochasticProcess\gbmProcess1DWrapper.hpp">
      <Filter>src\Engine\MonteCarlo\stochacticProcess</Filter>
    </ClInclude>
    <ClInclude Include="src\Engine\MonteCarlo\stochasticProcess\hullWhite2FactorProcess1DWrapper.hpp">
      <Filter>src\Engine\MonteCarlo\stochacticProcess</Filter>
    </ClInclude>
    <ClInclude Include="src\Engine\MonteCarlo\stochasticProcess\all.hpp">
      <Filter>src\Engine\MonteCarlo\stochacticProcess</Filter>
    </ClInclude>
    <ClInclude Include="src\Engine\MonteCarlo\PathGeneratorFactory.hpp">
      <Filter>src\Engine\MonteCarlo</Filter>
    </ClInclude>
    <ClInclude Include="src\Engine\MonteCarlo\returnCalculation\constReturnCal.hpp">
      <Filter>src\Engine\MonteCarlo\returnCalculation</Filter>
    </ClInclude>
    <ClInclude Include="src\Engine\MonteCarlo\IRProduct\rateCalculation\redemptionNotionalETI.hpp">
      <Filter>src\Engine\MonteCarlo\IRProduct\rateCalculation</Filter>
    </ClInclude>
    <ClInclude Include="src\Engine\MonteCarlo\pricer\event\simpleRangeReturnETI.hpp">
      <Filter>src\Engine\MonteCarlo\pricer\event</Filter>
    </ClInclude>
    <ClInclude Include="src\Engine\MonteCarlo\pricer\event\noAutoCallReturnETI.hpp">
      <Filter>src\Engine\MonteCarlo\pricer\event</Filter>
    </ClInclude>
    <ClInclude Include="src\Engine\MonteCarlo\pricer\all.hpp">
      <Filter>src\Engine\MonteCarlo\pricer</Filter>
    </ClInclude>
    <ClInclude Include="src\Engine\MonteCarlo\fixingDateInfo.hpp">
      <Filter>src\Engine\MonteCarlo</Filter>
    </ClInclude>
    <ClInclude Include="src\Engine\MonteCarlo\fixedFixingDateInfo.hpp">
      <Filter>src\Engine\MonteCarlo</Filter>
    </ClInclude>
    <ClInclude Include="src\Engine\MonteCarlo\refVariableFixingDateInfo.hpp">
      <Filter>src\Engine\MonteCarlo</Filter>
    </ClInclude>
    <ClInclude Include="src\Engine\MonteCarlo\returnCalculation\stopLossReturnCal.hpp">
      <Filter>src\Engine\MonteCarlo\returnCalculation</Filter>
    </ClInclude>
    <ClInclude Include="src\Engine\MonteCarlo\referenceCalculation\dailyReturnReferenceCal.hpp">
      <Filter>src\Engine\MonteCarlo\referenceCalculation</Filter>
    </ClInclude>
    <ClInclude Include="src\Engine\MonteCarlo\IRefVariable.hpp">
      <Filter>src\Engine\MonteCarlo</Filter>
    </ClInclude>
    <ClInclude Include="src\Engine\MonteCarlo\referenceCalculation\refVariableReferenceCal.hpp">
      <Filter>src\Engine\MonteCarlo\referenceCalculation</Filter>
    </ClInclude>
    <ClInclude Include="src\Engine\MonteCarlo\nullFixingDateInfo.hpp">
      <Filter>src\Engine\MonteCarlo</Filter>
    </ClInclude>
    <ClInclude Include="src\Engine\MonteCarlo\IRProduct\couponCalculation\vanillaCouponETI.hpp">
      <Filter>src\Engine\MonteCarlo\IRProduct\couponCalculation</Filter>
    </ClInclude>
    <ClInclude Include="src\Engine\MonteCarlo\IRProduct\couponCalculation.hpp">
      <Filter>src\Engine\MonteCarlo\IRProduct</Filter>
    </ClInclude>
    <ClInclude Include="src\Engine\MonteCarlo\IRProduct\rateCalculation\all.hpp">
      <Filter>src\Engine\MonteCarlo\IRProduct\rateCalculation</Filter>
    </ClInclude>
    <ClInclude Include="src\Engine\MonteCarlo\IRProduct\couponCalculation\all.hpp">
      <Filter>src\Engine\MonteCarlo\IRProduct\couponCalculation</Filter>
    </ClInclude>
    <ClInclude Include="src\Engine\MonteCarlo\pricer\event\all.hpp">
      <Filter>src\Engine\MonteCarlo\pricer\event</Filter>
    </ClInclude>
    <ClInclude Include="src\Engine\MonteCarlo\IRProduct\couponCalculation\simpleEventCouponETI.hpp">
      <Filter>src\Engine\MonteCarlo\IRProduct\couponCalculation</Filter>
    </ClInclude>
    <ClInclude Include="src\Engine\MonteCarlo\eventCalculation\simpleBarrierEventCal.hpp">
      <Filter>src\Engine\MonteCarlo\eventCalculation</Filter>
    </ClInclude>
    <ClInclude Include="src\Engine\MonteCarlo\eventCalculation\eventCalculation.hpp">
      <Filter>src\Engine\MonteCarlo\eventCalculation</Filter>
    </ClInclude>
    <ClInclude Include="src\Engine\MonteCarlo\eventCalculation\simpleRangeEventCal.hpp">
      <Filter>src\Engine\MonteCarlo\eventCalculation</Filter>
    </ClInclude>
    <ClInclude Include="src\Engine\MonteCarlo\eventCalculation\referenceEventCal.hpp">
      <Filter>src\Engine\MonteCarlo\eventCalculation</Filter>
    </ClInclude>
    <ClInclude Include="src\Engine\MonteCarlo\eventCalculation\all.hpp">
      <Filter>src\Engine\MonteCarlo\eventCalculation</Filter>
    </ClInclude>
    <ClInclude Include="src\Engine\MonteCarlo\autoTerminationETI.hpp">
      <Filter>src\Engine\MonteCarlo</Filter>
    </ClInclude>
    <ClInclude Include="src\Engine\MonteCarlo\preCalculation\preCalculation.hpp">
      <Filter>src\Engine\MonteCarlo\preCalculation</Filter>
    </ClInclude>
    <ClInclude Include="src\Engine\MonteCarlo\postCalculation\postCalculation.hpp">
      <Filter>src\Engine\MonteCarlo\postCalculation</Filter>
    </ClInclude>
    <ClInclude Include="src\Engine\MonteCarlo\variableCalculation.hpp">
      <Filter>src\Engine\MonteCarlo</Filter>
    </ClInclude>
    <ClInclude Include="src\Engine\MonteCarlo\operator\operator1D.hpp">
      <Filter>src\Engine\MonteCarlo\operator</Filter>
    </ClInclude>
    <ClInclude Include="src\Engine\MonteCarlo\operator\additionOperator1D.hpp">
      <Filter>src\Engine\MonteCarlo\operator</Filter>
    </ClInclude>
    <ClInclude Include="src\Engine\MonteCarlo\operator\maximumOperator1D.hpp">
      <Filter>src\Engine\MonteCarlo\operator</Filter>
    </ClInclude>
    <ClInclude Include="src\Engine\MonteCarlo\operator\multipleOperator1D.hpp">
      <Filter>src\Engine\MonteCarlo\operator</Filter>
    </ClInclude>
    <ClInclude Include="src\Engine\MonteCarlo\operator\condition\conditionOperator.hpp">
      <Filter>src\Engine\MonteCarlo\operator\condition</Filter>
    </ClInclude>
    <ClInclude Include="src\Engine\MonteCarlo\operator\condition\rangeConditionOperator1D.hpp">
      <Filter>src\Engine\MonteCarlo\operator\condition</Filter>
    </ClInclude>
    <ClInclude Include="src\Engine\MonteCarlo\returnCalculation\complex1DReturnCal.hpp">
      <Filter>src\Engine\MonteCarlo\returnCalculation</Filter>
    </ClInclude>
    <ClInclude Include="src\Engine\MonteCarlo\returnCalculation\complexNDReturnCal.hpp">
      <Filter>src\Engine\MonteCarlo\returnCalculation</Filter>
    </ClInclude>
    <ClInclude Include="src\Engine\MonteCarlo\operator\operatorND.hpp">
      <Filter>src\Engine\MonteCarlo\operator</Filter>
    </ClInclude>
    <ClInclude Include="src\Engine\MonteCarlo\IRProduct\couponCalculation\multiEventCouponETI.hpp">
      <Filter>src\Engine\MonteCarlo\IRProduct\couponCalculation</Filter>
    </ClInclude>
    <ClInclude Include="src\Engine\MonteCarlo\pricer\autoCallablePricer.hpp">
      <Filter>src\Engine\MonteCarlo\pricer</Filter>
    </ClInclude>
    <ClInclude Include="src\Engine\MonteCarlo\returnCalculation\zeroReturnCal.hpp">
      <Filter>src\Engine\MonteCarlo\returnCalculation</Filter>
    </ClInclude>
    <ClInclude Include="src\Engine\MonteCarlo\operator\all.hpp">
      <Filter>src\Engine\MonteCarlo\operator</Filter>
    </ClInclude>
    <ClInclude Include="src\Engine\MonteCarlo\preEventCalculation\preEventCalculation.hpp">
      <Filter>src\Engine\MonteCarlo\preEventCalculation</Filter>
    </ClInclude>
    <ClInclude Include="src\Engine\MonteCarlo\eventCalculation\jointEventCalculation\jointEventCalculation.hpp">
      <Filter>src\Engine\MonteCarlo\eventCalculation\jointEventCalculation</Filter>
    </ClInclude>
    <ClInclude Include="src\Engine\MonteCarlo\eventCalculation\jointEventCalculation\andEventCal.hpp">
      <Filter>src\Engine\MonteCarlo\eventCalculation\jointEventCalculation</Filter>
    </ClInclude>
    <ClInclude Include="src\Engine\MonteCarlo\eventCalculation\jointEventCalculation\atMostEventCal.hpp">
      <Filter>src\Engine\MonteCarlo\eventCalculation\jointEventCalculation</Filter>
    </ClInclude>
    <ClInclude Include="src\Engine\MonteCarlo\eventCalculation\jointEventCalculation\orEventCal.hpp">
      <Filter>src\Engine\MonteCarlo\eventCalculation\jointEventCalculation</Filter>
    </ClInclude>
    <ClInclude Include="src\Engine\MonteCarlo\eventCalculation\jointEventCalculation\atLeastEventCal.hpp">
      <Filter>src\Engine\MonteCarlo\eventCalculation\jointEventCalculation</Filter>
    </ClInclude>
    <ClInclude Include="src\Engine\MonteCarlo\eventCalculation\jointEventCalculation\countEventCal.hpp">
      <Filter>src\Engine\MonteCarlo\eventCalculation\jointEventCalculation</Filter>
    </ClInclude>
    <ClInclude Include="src\Engine\MonteCarlo\eventCalculation\jointEventCalculation\all.hpp">
      <Filter>src\Engine\MonteCarlo\eventCalculation\jointEventCalculation</Filter>
    </ClInclude>
    <ClInclude Include="src\Engine\MonteCarlo\variableInfo\variableInfo.hpp">
      <Filter>src\Engine\MonteCarlo\variableInfo</Filter>
    </ClInclude>
    <ClInclude Include="src\Engine\MonteCarlo\variableInfo\additionVariableInfo.hpp">
      <Filter>src\Engine\MonteCarlo\variableInfo</Filter>
    </ClInclude>
    <ClInclude Include="src\Engine\MonteCarlo\variableInfo\all.hpp">
      <Filter>src\Engine\MonteCarlo\variableInfo</Filter>
    </ClInclude>
    <ClInclude Include="src\Engine\MonteCarlo\preEventCalculation\preConditionEvent.hpp">
      <Filter>src\Engine\MonteCarlo\preEventCalculation</Filter>
    </ClInclude>
    <ClInclude Include="src\Engine\MonteCarlo\variableInfo\variableEventInfo.hpp">
      <Filter>src\Engine\MonteCarlo\variableInfo</Filter>
    </ClInclude>
    <ClInclude Include="src\Engine\MonteCarlo\variableInfo\overWriteVariableEventInfo.hpp">
      <Filter>src\Engine\MonteCarlo\variableInfo</Filter>
    </ClInclude>
    <ClInclude Include="src\Engine\MonteCarlo\variableInfo\overWriteVariableInfo.hpp">
      <Filter>src\Engine\MonteCarlo\variableInfo</Filter>
    </ClInclude>
    <ClInclude Include="src\Engine\MonteCarlo\variableInfo\nullVariableInfo.hpp">
      <Filter>src\Engine\MonteCarlo\variableInfo</Filter>
    </ClInclude>
    <ClInclude Include="src\Engine\MonteCarlo\variableInfo\nullVariableEventInfo.hpp">
      <Filter>src\Engine\MonteCarlo\variableInfo</Filter>
    </ClInclude>
    <ClInclude Include="src\Engine\MonteCarlo\variableInfo\resetVariableInfo.hpp">
      <Filter>src\Engine\MonteCarlo\variableInfo</Filter>
    </ClInclude>
    <ClInclude Include="src\Engine\MonteCarlo\variableInfo\predefinedVariableInfo.hpp">
      <Filter>src\Engine\MonteCarlo\variableInfo</Filter>
    </ClInclude>
    <ClInclude Include="src\Engine\MonteCarlo\stochasticProcess\ForwardRateModelWrapper.hpp">
      <Filter>src\Engine\MonteCarlo\stochacticProcess</Filter>
    </ClInclude>
    <ClInclude Include="src\Engine\MonteCarlo\eventCalculation\jointEventCalculation\simpleJointCal\andSimpleCal.hpp">
      <Filter>src\Engine\MonteCarlo\eventCalculation\jointEventCalculation\simpleJointCal</Filter>
    </ClInclude>
    <ClInclude Include="src\Engine\MonteCarlo\eventCalculation\jointEventCalculation\simpleJointCal\jointSimpleCalculation.hpp">
      <Filter>src\Engine\MonteCarlo\eventCalculation\jointEventCalculation\simpleJointCal</Filter>
    </ClInclude>
    <ClInclude Include="src\Engine\MonteCarlo\eventCalculation\jointEventCalculation\simpleJointCal\all.hpp">
      <Filter>src\Engine\MonteCarlo\eventCalculation\jointEventCalculation\simpleJointCal</Filter>
    </ClInclude>
    <ClInclude Include="src\Engine\MonteCarlo\IRProduct\rateCalculation\rangeFloatingAccrualRateETI.hpp">
      <Filter>src\Engine\MonteCarlo\IRProduct\rateCalculation</Filter>
    </ClInclude>
    <ClInclude Include="src\Engine\MonteCarlo\IRProduct\rateCalculation\rangeFixedAccrualRateETI.hpp">
      <Filter>src\Engine\MonteCarlo\IRProduct\rateCalculation</Filter>
    </ClInclude>
    <ClInclude Include="src\Engine\MonteCarlo\ITimeCalculation.hpp">
      <Filter>src\Engine\MonteCarlo</Filter>
    </ClInclude>
    <ClInclude Include="src\Engine\MonteCarlo\referenceCalculation\referenceTimeCalculation.hpp">
      <Filter>src\Engine\MonteCarlo\referenceCalculation</Filter>
    </ClInclude>
    <ClInclude Include="src\Engine\MonteCarlo\eventCalculation\multiRangeEventCal.hpp">
      <Filter>src\Engine\MonteCarlo\eventCalculation</Filter>
    </ClInclude>
    <ClInclude Include="src\Engine\MonteCarlo\eventCalculation\jointEventCalculation\rangeJointCal\range1DJointCalculation.hpp">
      <Filter>src\Engine\MonteCarlo\eventCalculation\jointEventCalculation\rangeJointCal</Filter>
    </ClInclude>
    <ClInclude Include="src\Engine\MonteCarlo\eventCalculation\jointEventCalculation\rangeJointCal\range1DJointAndCalculation.hpp">
      <Filter>src\Engine\MonteCarlo\eventCalculation\jointEventCalculation\rangeJointCal</Filter>
    </ClInclude>
    <ClInclude Include="src\Engine\MonteCarlo\eventCalculation\jointEventCalculation\rangeJointCal\range1DJointORCalculation.hpp">
      <Filter>src\Engine\MonteCarlo\eventCalculation\jointEventCalculation\rangeJointCal</Filter>
    </ClInclude>
    <ClInclude Include="src\Engine\MonteCarlo\returnCalculation\returnCalculationInfo.hpp">
      <Filter>src\Engine\MonteCarlo\returnCalculation</Filter>
    </ClInclude>
    <ClInclude Include="src\Engine\MonteCarlo\eventCalculation\eventCalculationInfo.hpp">
      <Filter>src\Engine\MonteCarlo\eventCalculation</Filter>
    </ClInclude>
    <ClInclude Include="src\Engine\MonteCarlo\returnCalculation\CallPutCompositeReturnCal.hpp">
      <Filter>src\Engine\MonteCarlo\returnCalculation</Filter>
    </ClInclude>
    <ClInclude Include="src\Engine\MonteCarlo\returnCalculation\CallPut\VanillaCall.hpp">
      <Filter>src\Engine\MonteCarlo\returnCalculation\CallPut</Filter>
    </ClInclude>
    <ClInclude Include="src\Engine\MonteCarlo\returnCalculation\CallPut\VanillaPut.hpp">
      <Filter>src\Engine\MonteCarlo\returnCalculation\CallPut</Filter>
    </ClInclude>
    <ClInclude Include="src\engine\montecarlo\returncalculation\callput\OptionPayoffFunction.hpp">
      <Filter>src\Engine\MonteCarlo\returnCalculation\CallPut</Filter>
    </ClInclude>
    <ClInclude Include="src\Engine\MonteCarlo\returnCalculation\CallPut\all.hpp">
      <Filter>src\Engine\MonteCarlo\returnCalculation\CallPut</Filter>
    </ClInclude>
    <ClInclude Include="src\Engine\MonteCarlo\operator\additionOperatorND.hpp">
      <Filter>src\Engine\MonteCarlo\operator</Filter>
    </ClInclude>
    <ClInclude Include="src\Engine\MonteCarlo\operator\maximumOperatorND.hpp">
      <Filter>src\Engine\MonteCarlo\operator</Filter>
    </ClInclude>
    <ClInclude Include="src\Engine\MonteCarlo\operator\multipleOperatorND.hpp">
      <Filter>src\Engine\MonteCarlo\operator</Filter>
    </ClInclude>
    <ClInclude Include="src\Engine\MonteCarlo\referenceCalculation\referenceCalculationInfo.hpp">
      <Filter>src\Engine\MonteCarlo\referenceCalculation</Filter>
    </ClInclude>
    <ClInclude Include="src\Engine\MonteCarlo\operator\divisionOperatorND.hpp">
      <Filter>src\Engine\MonteCarlo\operator</Filter>
    </ClInclude>
    <ClInclude Include="src\Engine\MonteCarlo\variableInfo\definedVariableInfo.hpp">
      <Filter>src\Engine\MonteCarlo\variableInfo</Filter>
    </ClInclude>
    <ClInclude Include="src\Engine\MonteCarlo\referenceCalculation\choiceReferenceCal.hpp">
      <Filter>src\Engine\MonteCarlo\referenceCalculation</Filter>
    </ClInclude>
    <ClInclude Include="src\Engine\MonteCarlo\fixingInformation.hpp">
      <Filter>src\Engine\MonteCarlo</Filter>
    </ClInclude>
    <ClInclude Include="src\Engine\MonteCarlo\operator\identityOperatorND.hpp">
      <Filter>src\Engine\MonteCarlo\operator</Filter>
    </ClInclude>
    <ClInclude Include="src\Engine\MonteCarlo\eventCalculation\simpleRangeEventTimeCal.hpp">
      <Filter>src\Engine\MonteCarlo\eventCalculation</Filter>
    </ClInclude>
    <ClInclude Include="src\Engine\MonteCarlo\eventCalculation\upperBarrierEventCal.hpp">
      <Filter>src\Engine\MonteCarlo\eventCalculation</Filter>
    </ClInclude>
    <ClInclude Include="src\Engine\MonteCarlo\eventCalculation\dateInformation\dateInformation.hpp">
      <Filter>src\Engine\MonteCarlo\eventCalculation\dateInformation</Filter>
    </ClInclude>
    <ClInclude Include="src\Engine\MonteCarlo\eventCalculation\dateInformation\dateList.hpp">
      <Filter>src\Engine\MonteCarlo\eventCalculation\dateInformation</Filter>
    </ClInclude>
    <ClInclude Include="src\Engine\MonteCarlo\eventCalculation\dateInformation\all.hpp">
      <Filter>src\Engine\MonteCarlo\eventCalculation\dateInformation</Filter>
    </ClInclude>
    <ClInclude Include="src\Engine\MonteCarlo\eventCalculation\dateInformation\dailyInterval.hpp">
      <Filter>src\Engine\MonteCarlo\eventCalculation\dateInformation</Filter>
    </ClInclude>
    <ClInclude Include="src\Engine\MonteCarlo\eventCalculation\lowerBarrierEventCal.hpp">
      <Filter>src\Engine\MonteCarlo\eventCalculation</Filter>
    </ClInclude>
    <ClInclude Include="src\Engine\MonteCarlo\eventCalculation\jointEventCalculation\simpleJointCal\identitySimpleCal.hpp">
      <Filter>src\Engine\MonteCarlo\eventCalculation\jointEventCalculation\simpleJointCal</Filter>
    </ClInclude>
    <ClInclude Include="src\Engine\MonteCarlo\result\resultCommulator.hpp">
      <Filter>src\Engine\MonteCarlo\result</Filter>
    </ClInclude>
    <ClInclude Include="src\Instrument\instrumentWithEngine.hpp">
      <Filter>src\Instrument</Filter>
    </ClInclude>
    <ClInclude Include="src\Engine\MonteCarlo\pricer\vanillaCreditEventPricer.hpp">
      <Filter>src\Engine\MonteCarlo\pricer</Filter>
    </ClInclude>
    <ClInclude Include="src\Engine\MonteCarlo\pricer\hifivePricer.hpp">
      <Filter>src\Engine\MonteCarlo\pricer</Filter>
    </ClInclude>
    <ClInclude Include="src\util\ConvertFunction.hpp">
      <Filter>src\util</Filter>
    </ClInclude>
    <ClInclude Include="src\Engine\MonteCarlo\result\CalculationLogCommulator.hpp">
      <Filter>src\Engine\MonteCarlo\result</Filter>
    </ClInclude>
    <ClInclude Include="src\Engine\MonteCarlo\IRProduct\couponCalculation\vanillaCallPutCouponETI.hpp">
      <Filter>src\Engine\MonteCarlo\IRProduct\couponCalculation</Filter>
    </ClInclude>
    <ClInclude Include="src\Engine\MonteCarlo\returnCalculation\callPutReturnCal.hpp">
      <Filter>src\Engine\MonteCarlo\returnCalculation</Filter>
    </ClInclude>
    <ClInclude Include="src\Engine\MonteCarlo\IRProduct\rateCalculation\multiConditionCouponRateETI.hpp">
      <Filter>src\Engine\MonteCarlo\IRProduct\rateCalculation</Filter>
    </ClInclude>
    <ClInclude Include="src\Engine\MonteCarlo\IRProduct\rateCalculation\multiConditionAccrualCouponRateETI.hpp">
      <Filter>src\Engine\MonteCarlo\IRProduct\rateCalculation</Filter>
    </ClInclude>
    <ClInclude Include="src\Engine\MonteCarlo\IRProduct\rateCalculation\multiConditionMultiRngAccrualCouponRateETI.hpp">
      <Filter>src\Engine\MonteCarlo\IRProduct\rateCalculation</Filter>
    </ClInclude>
    <ClInclude Include="src\Engine\MonteCarlo\IRProduct\rateCalculation\rangeND.hpp">
      <Filter>src\Engine\MonteCarlo\IRProduct\rateCalculation</Filter>
    </ClInclude>
    <ClInclude Include="src\Engine\MonteCarlo\stochasticProcess\nullProcessModelWrapper.hpp">
      <Filter>src\Engine\MonteCarlo\stochacticProcess</Filter>
    </ClInclude>
    <ClInclude Include="src\util\comparision.hpp">
      <Filter>src\util</Filter>
    </ClInclude>
    <ClInclude Include="src\util\MyResultCalculator.hpp">
      <Filter>src\util</Filter>
    </ClInclude>
    <ClInclude Include="src\util\CashFlowResult.hpp">
      <Filter>src\util</Filter>
    </ClInclude>
    <ClInclude Include="src\util\CalcValueResult.hpp">
      <Filter>src\util</Filter>
    </ClInclude>
    <ClInclude Include="src\Engine\MonteCarlo\pricer\additionalOption\additionalOption.hpp">
      <Filter>src\Engine\MonteCarlo\pricer\additionalOption</Filter>
    </ClInclude>
    <ClInclude Include="src\Engine\MonteCarlo\pricer\additionalOption\all.hpp">
      <Filter>src\Engine\MonteCarlo\pricer\additionalOption</Filter>
    </ClInclude>
    <ClInclude Include="src\Engine\MonteCarlo\pricer\additionalOption\callableOption.hpp">
      <Filter>src\Engine\MonteCarlo\pricer\additionalOption</Filter>
    </ClInclude>
    <ClInclude Include="src\Engine\MonteCarlo\pricer\additionalOption\noneOption.hpp">
      <Filter>src\Engine\MonteCarlo\pricer\additionalOption</Filter>
    </ClInclude>
  </ItemGroup>
  <ItemGroup>
    <ClCompile Include="src\Index\UnderlyingIndex.cpp">
      <Filter>src\Index</Filter>
    </ClCompile>
    <ClCompile Include="src\Engine\MonteCarlo\StopLoss\stoplossPricer.cpp">
      <Filter>src\Engine\MonteCarlo\StopLoss</Filter>
    </ClCompile>
    <ClCompile Include="src\Engine\MonteCarlo\StopLoss\stoplossCalculation.cpp">
      <Filter>src\Engine\MonteCarlo\StopLoss</Filter>
    </ClCompile>
    <ClCompile Include="src\Engine\MonteCarlo\StopLoss\stoplossEventInfo.cpp">
      <Filter>src\Engine\MonteCarlo\StopLoss</Filter>
    </ClCompile>
    <ClCompile Include="src\Engine\MonteCarlo\Common\standardSwapStream.cpp">
      <Filter>src\Engine\MonteCarlo\Common</Filter>
    </ClCompile>
    <ClCompile Include="src\Engine\MonteCarlo\instrument\swapInst.cpp">
      <Filter>src\Engine\MonteCarlo\instrument</Filter>
    </ClCompile>
    <ClCompile Include="src\Engine\MonteCarlo\instrument\noteInst.cpp">
      <Filter>src\Engine\MonteCarlo\instrument</Filter>
    </ClCompile>
    <ClCompile Include="src\Engine\MonteCarlo\pricer\event\constPayoffEventTriggerInfo.cpp">
      <Filter>src\Engine\MonteCarlo\pricer\event</Filter>
    </ClCompile>
    <ClCompile Include="src\Engine\MonteCarlo\MonteEngine.cpp">
      <Filter>src\Engine\MonteCarlo</Filter>
    </ClCompile>
    <ClCompile Include="src\Engine\MonteCarlo\pricer\event\eventTriggerInfo.cpp">
      <Filter>src\Engine\MonteCarlo\pricer\event</Filter>
    </ClCompile>
    <ClCompile Include="src\util\DateHelper.cpp">
      <Filter>src\util</Filter>
    </ClCompile>
    <ClCompile Include="src\Engine\MonteCarlo\pricer\vanillaPricer.cpp">
      <Filter>src\Engine\MonteCarlo\pricer</Filter>
    </ClCompile>
    <ClCompile Include="src\Engine\MonteCarlo\pricer\event\compositeSumOptionETI.cpp">
      <Filter>src\Engine\MonteCarlo\pricer\event</Filter>
    </ClCompile>
    <ClCompile Include="src\Engine\MonteCarlo\pricer\event\simpleOption\singleBarrierOptionETI.cpp">
      <Filter>src\Engine\MonteCarlo\pricer\event\simpleOption</Filter>
    </ClCompile>
    <ClCompile Include="src\Engine\MonteCarlo\pricer\event\simpleOption\vanillaCallETI.cpp">
      <Filter>src\Engine\MonteCarlo\pricer\event\simpleOption</Filter>
    </ClCompile>
    <ClCompile Include="src\Engine\MonteCarlo\pricer\event\simpleOption\vanillaPutETI.cpp">
      <Filter>src\Engine\MonteCarlo\pricer\event\simpleOption</Filter>
    </ClCompile>
    <ClCompile Include="src\Engine\MonteCarlo\pricer\event\simpleOption\constantPayoffETI.cpp">
      <Filter>src\Engine\MonteCarlo\pricer\event\simpleOption</Filter>
    </ClCompile>
    <ClCompile Include="src\Engine\MonteCarlo\IRProduct\RateCalculation.cpp">
      <Filter>src\Engine\MonteCarlo\IRProduct</Filter>
    </ClCompile>
    <ClCompile Include="src\Engine\MonteCarlo\IRProduct\rateCalculation\range1D.cpp">
      <Filter>src\Engine\MonteCarlo\IRProduct\rateCalculation</Filter>
    </ClCompile>
    <ClCompile Include="src\Engine\MonteCarlo\IRProduct\rateCalculation\rangeEventInfo.cpp">
      <Filter>src\Engine\MonteCarlo\IRProduct\rateCalculation</Filter>
    </ClCompile>
    <ClCompile Include="src\Engine\MonteCarlo\IRProduct\rateCalculation\rangeRateCalculation.cpp">
      <Filter>src\Engine\MonteCarlo\IRProduct\rateCalculation</Filter>
    </ClCompile>
    <ClCompile Include="src\Engine\MonteCarlo\pricer\compositeSumOptionPricer.cpp">
      <Filter>src\Engine\MonteCarlo\pricer</Filter>
    </ClCompile>
    <ClCompile Include="src\Engine\MonteCarlo\pricer\event\simpleOption\barrierWithConstRebatePutOptionETI.cpp">
      <Filter>src\Engine\MonteCarlo\pricer\event\simpleOption</Filter>
    </ClCompile>
    <ClCompile Include="src\Engine\MonteCarlo\pricer\event\simpleOption\barrierWithConstRebateCallOptionETI.cpp">
      <Filter>src\Engine\MonteCarlo\pricer\event\simpleOption</Filter>
    </ClCompile>
    <ClCompile Include="src\Engine\MonteCarlo\pricer\event\constKiMinLossPayoffTriggerETI.cpp">
      <Filter>src\Engine\MonteCarlo\pricer\event</Filter>
    </ClCompile>
    <ClCompile Include="src\Engine\MonteCarlo\referenceCalculation\identityReferenceCal.cpp">
      <Filter>src\Engine\MonteCarlo\referenceCalculation</Filter>
    </ClCompile>
    <ClCompile Include="src\Engine\MonteCarlo\pricer\autoCallableSwapPricer.cpp">
      <Filter>src\Engine\MonteCarlo\pricer</Filter>
    </ClCompile>
    <ClCompile Include="src\Engine\MonteCarlo\pricer\event\simpleRangeConstReturnETI.cpp">
      <Filter>src\Engine\MonteCarlo\pricer\event</Filter>
    </ClCompile>
    <ClCompile Include="src\Engine\MonteCarlo\pricer\stepDownNoKIEventPricer.cpp">
      <Filter>src\Engine\MonteCarlo\pricer</Filter>
    </ClCompile>
    <ClCompile Include="src\Engine\MonteCarlo\IRProduct\rateCalculation\simpleRangeRateETI.cpp">
      <Filter>src\Engine\MonteCarlo\IRProduct\rateCalculation</Filter>
    </ClCompile>
    <ClCompile Include="src\Engine\MonteCarlo\IRProduct\rateCalculation\simpleRangeAccrualRateETI.cpp">
      <Filter>src\Engine\MonteCarlo\IRProduct\rateCalculation</Filter>
    </ClCompile>
    <ClCompile Include="src\Engine\MonteCarlo\IRProduct\rateCalculation\simpleRangeEvent.cpp">
      <Filter>src\Engine\MonteCarlo\IRProduct\rateCalculation</Filter>
    </ClCompile>
    <ClCompile Include="src\Engine\MonteCarlo\returnCalculation\vanillaReturnCal.cpp">
      <Filter>src\Engine\MonteCarlo\returnCalculation</Filter>
    </ClCompile>
    <ClCompile Include="src\Engine\MonteCarlo\referenceCalculation\maximumReferenceCal.cpp">
      <Filter>src\Engine\MonteCarlo\referenceCalculation</Filter>
    </ClCompile>
    <ClCompile Include="src\Engine\MonteCarlo\referenceCalculation\minimumReferenceCal.cpp">
      <Filter>src\Engine\MonteCarlo\referenceCalculation</Filter>
    </ClCompile>
    <ClCompile Include="src\Engine\MonteCarlo\pricer\vanillaSwapPricer.cpp">
      <Filter>src\Engine\MonteCarlo\pricer</Filter>
    </ClCompile>
    <ClCompile Include="src\Engine\MonteCarlo\IRProduct\rateCalculation\vanillaRateETI.cpp">
      <Filter>src\Engine\MonteCarlo\IRProduct\rateCalculation</Filter>
    </ClCompile>
    <ClCompile Include="src\Engine\MonteCarlo\IRProduct\rateCalculation\fixedRateETI.cpp">
      <Filter>src\Engine\MonteCarlo\IRProduct\rateCalculation</Filter>
    </ClCompile>
    <ClCompile Include="src\Engine\MonteCarlo\stochasticProcess\hullWhiteProcess1DWrapper.cpp">
      <Filter>src\Engine\MonteCarlo\stochacticProcess</Filter>
    </ClCompile>
    <ClCompile Include="src\Engine\MonteCarlo\stochasticProcess\processArrayWrapper.cpp">
      <Filter>src\Engine\MonteCarlo\stochacticProcess</Filter>
    </ClCompile>
    <ClCompile Include="src\Engine\MonteCarlo\stochasticProcess\SabrProcess1DWrapper.cpp">
      <Filter>src\Engine\MonteCarlo\stochacticProcess</Filter>
    </ClCompile>
    <ClCompile Include="src\Engine\MonteCarlo\stochasticProcess\gbmProcess1DWrapper.cpp">
      <Filter>src\Engine\MonteCarlo\stochacticProcess</Filter>
    </ClCompile>
    <ClCompile Include="src\Engine\MonteCarlo\stochasticProcess\hullWhite2FactorProcess1DWrapper.cpp">
      <Filter>src\Engine\MonteCarlo\stochacticProcess</Filter>
    </ClCompile>
    <ClCompile Include="src\Engine\MonteCarlo\PathGeneratorFactory.cpp">
      <Filter>src\Engine\MonteCarlo</Filter>
    </ClCompile>
    <ClCompile Include="src\Engine\MonteCarlo\returnCalculation\constReturnCal.cpp">
      <Filter>src\Engine\MonteCarlo\returnCalculation</Filter>
    </ClCompile>
    <ClCompile Include="src\Engine\MonteCarlo\IRProduct\rateCalculation\redemptionNotionalETI.cpp">
      <Filter>src\Engine\MonteCarlo\IRProduct\rateCalculation</Filter>
    </ClCompile>
    <ClCompile Include="src\Engine\MonteCarlo\pricer\event\simpleRangeReturnETI.cpp">
      <Filter>src\Engine\MonteCarlo\pricer\event</Filter>
    </ClCompile>
    <ClCompile Include="src\Engine\MonteCarlo\pricer\event\noAutoCallReturnETI.cpp">
      <Filter>src\Engine\MonteCarlo\pricer\event</Filter>
    </ClCompile>
    <ClCompile Include="src\Engine\MonteCarlo\pricer\stoplossEventPricer.cpp">
      <Filter>src\Engine\MonteCarlo\pricer</Filter>
    </ClCompile>
    <ClCompile Include="src\Engine\MonteCarlo\referenceCalculation\referenceCalculation.cpp">
      <Filter>src\Engine\MonteCarlo\referenceCalculation</Filter>
    </ClCompile>
    <ClCompile Include="src\Engine\MonteCarlo\fixingDateInfo.cpp">
      <Filter>src\Engine\MonteCarlo</Filter>
    </ClCompile>
    <ClCompile Include="src\Engine\MonteCarlo\refVariableFixingDateInfo.cpp">
      <Filter>src\Engine\MonteCarlo</Filter>
    </ClCompile>
    <ClCompile Include="src\Engine\MonteCarlo\fixedFixingDateInfo.cpp">
      <Filter>src\Engine\MonteCarlo</Filter>
    </ClCompile>
    <ClCompile Include="src\Engine\MonteCarlo\returnCalculation\stopLossReturnCal.cpp">
      <Filter>src\Engine\MonteCarlo\returnCalculation</Filter>
    </ClCompile>
    <ClCompile Include="src\Engine\MonteCarlo\referenceCalculation\dailyReturnReferenceCal.cpp">
      <Filter>src\Engine\MonteCarlo\referenceCalculation</Filter>
    </ClCompile>
    <ClCompile Include="src\Engine\MonteCarlo\IRefVariable.cpp">
      <Filter>src\Engine\MonteCarlo</Filter>
    </ClCompile>
    <ClCompile Include="src\Engine\MonteCarlo\referenceCalculation\refVariableReferenceCal.cpp">
      <Filter>src\Engine\MonteCarlo\referenceCalculation</Filter>
    </ClCompile>
    <ClCompile Include="src\Engine\MonteCarlo\returnCalculation\returnCalculation.cpp">
      <Filter>src\Engine\MonteCarlo\returnCalculation</Filter>
    </ClCompile>
    <ClCompile Include="src\Engine\MonteCarlo\nullFixingDateInfo.cpp">
      <Filter>src\Engine\MonteCarlo</Filter>
    </ClCompile>
    <ClCompile Include="src\Engine\MonteCarlo\IRProduct\couponCalculation\vanillaCouponETI.cpp">
      <Filter>src\Engine\MonteCarlo\IRProduct\couponCalculation</Filter>
    </ClCompile>
    <ClCompile Include="src\Engine\MonteCarlo\IRProduct\couponCalculation.cpp">
      <Filter>src\Engine\MonteCarlo\IRProduct</Filter>
    </ClCompile>
    <ClCompile Include="src\Engine\MonteCarlo\IRProduct\couponCalculation\simpleEventCouponETI.cpp">
      <Filter>src\Engine\MonteCarlo\IRProduct\couponCalculation</Filter>
    </ClCompile>
    <ClCompile Include="src\Engine\MonteCarlo\eventCalculation\simpleBarrierEventCal.cpp">
      <Filter>src\Engine\MonteCarlo\eventCalculation</Filter>
    </ClCompile>
    <ClCompile Include="src\Engine\MonteCarlo\eventCalculation\eventCalculation.cpp">
      <Filter>src\Engine\MonteCarlo\eventCalculation</Filter>
    </ClCompile>
    <ClCompile Include="src\Engine\MonteCarlo\eventCalculation\simpleRangeEventCal.cpp">
      <Filter>src\Engine\MonteCarlo\eventCalculation</Filter>
    </ClCompile>
    <ClCompile Include="src\Engine\MonteCarlo\eventCalculation\referenceEventCal.cpp">
      <Filter>src\Engine\MonteCarlo\eventCalculation</Filter>
    </ClCompile>
    <ClCompile Include="src\Engine\MonteCarlo\autoTerminationETI.cpp">
      <Filter>src\Engine\MonteCarlo</Filter>
    </ClCompile>
    <ClCompile Include="src\Engine\MonteCarlo\preCalculation\preCalculation.cpp">
      <Filter>src\Engine\MonteCarlo\preCalculation</Filter>
    </ClCompile>
    <ClCompile Include="src\Engine\MonteCarlo\postCalculation\postCalculation.cpp">
      <Filter>src\Engine\MonteCarlo\postCalculation</Filter>
    </ClCompile>
    <ClCompile Include="src\Engine\MonteCarlo\variableCalculation.cpp">
      <Filter>src\Engine\MonteCarlo</Filter>
    </ClCompile>
    <ClCompile Include="src\Engine\MonteCarlo\operator\operator1D.cpp">
      <Filter>src\Engine\MonteCarlo\operator</Filter>
    </ClCompile>
    <ClCompile Include="src\Engine\MonteCarlo\operator\additionOperator1D.cpp">
      <Filter>src\Engine\MonteCarlo\operator</Filter>
    </ClCompile>
    <ClCompile Include="src\Engine\MonteCarlo\operator\maximumOperator1D.cpp">
      <Filter>src\Engine\MonteCarlo\operator</Filter>
    </ClCompile>
    <ClCompile Include="src\Engine\MonteCarlo\operator\multipleOperator1D.cpp">
      <Filter>src\Engine\MonteCarlo\operator</Filter>
    </ClCompile>
    <ClCompile Include="src\Engine\MonteCarlo\operator\condition\conditionOperator.cpp">
      <Filter>src\Engine\MonteCarlo\operator\condition</Filter>
    </ClCompile>
    <ClCompile Include="src\Engine\MonteCarlo\operator\condition\rangeConditionOperator1D.cpp">
      <Filter>src\Engine\MonteCarlo\operator\condition</Filter>
    </ClCompile>
    <ClCompile Include="src\Engine\MonteCarlo\returnCalculation\complex1DReturnCal.cpp">
      <Filter>src\Engine\MonteCarlo\returnCalculation</Filter>
    </ClCompile>
    <ClCompile Include="src\Engine\MonteCarlo\returnCalculation\complexNDReturnCal.cpp">
      <Filter>src\Engine\MonteCarlo\returnCalculation</Filter>
    </ClCompile>
    <ClCompile Include="src\Engine\MonteCarlo\operator\operatorND.cpp">
      <Filter>src\Engine\MonteCarlo\operator</Filter>
    </ClCompile>
    <ClCompile Include="src\Engine\MonteCarlo\IRProduct\couponCalculation\multiEventCouponETI.cpp">
      <Filter>src\Engine\MonteCarlo\IRProduct\couponCalculation</Filter>
    </ClCompile>
    <ClCompile Include="src\Engine\MonteCarlo\pricer\autoCallablePricer.cpp">
      <Filter>src\Engine\MonteCarlo\pricer</Filter>
    </ClCompile>
    <ClCompile Include="src\Engine\MonteCarlo\returnCalculation\zeroReturnCal.cpp">
      <Filter>src\Engine\MonteCarlo\returnCalculation</Filter>
    </ClCompile>
    <ClCompile Include="src\Engine\MonteCarlo\preEventCalculation\preEventCalculation.cpp">
      <Filter>src\Engine\MonteCarlo\preEventCalculation</Filter>
    </ClCompile>
    <ClCompile Include="src\Engine\MonteCarlo\eventCalculation\jointEventCalculation\jointEventCalculation.cpp">
      <Filter>src\Engine\MonteCarlo\eventCalculation\jointEventCalculation</Filter>
    </ClCompile>
    <ClCompile Include="src\Engine\MonteCarlo\eventCalculation\jointEventCalculation\andEventCal.cpp">
      <Filter>src\Engine\MonteCarlo\eventCalculation\jointEventCalculation</Filter>
    </ClCompile>
    <ClCompile Include="src\Engine\MonteCarlo\eventCalculation\jointEventCalculation\orEventCal.cpp">
      <Filter>src\Engine\MonteCarlo\eventCalculation\jointEventCalculation</Filter>
    </ClCompile>
    <ClCompile Include="src\Engine\MonteCarlo\eventCalculation\jointEventCalculation\atLeastEventCal.cpp">
      <Filter>src\Engine\MonteCarlo\eventCalculation\jointEventCalculation</Filter>
    </ClCompile>
    <ClCompile Include="src\Engine\MonteCarlo\eventCalculation\jointEventCalculation\atMostEventCal.cpp">
      <Filter>src\Engine\MonteCarlo\eventCalculation\jointEventCalculation</Filter>
    </ClCompile>
    <ClCompile Include="src\Engine\MonteCarlo\eventCalculation\jointEventCalculation\countEventCal.cpp">
      <Filter>src\Engine\MonteCarlo\eventCalculation\jointEventCalculation</Filter>
    </ClCompile>
    <ClCompile Include="src\Engine\MonteCarlo\variableInfo\variableInfo.cpp">
      <Filter>src\Engine\MonteCarlo\variableInfo</Filter>
    </ClCompile>
    <ClCompile Include="src\Engine\MonteCarlo\variableInfo\additionVariableInfo.cpp">
      <Filter>src\Engine\MonteCarlo\variableInfo</Filter>
    </ClCompile>
    <ClCompile Include="src\Engine\MonteCarlo\preEventCalculation\preConditionEvent.cpp">
      <Filter>src\Engine\MonteCarlo\preEventCalculation</Filter>
    </ClCompile>
    <ClCompile Include="src\Engine\MonteCarlo\variableInfo\variableEventInfo.cpp">
      <Filter>src\Engine\MonteCarlo\variableInfo</Filter>
    </ClCompile>
    <ClCompile Include="src\Engine\MonteCarlo\variableInfo\overWriteVariableEventInfo.cpp">
      <Filter>src\Engine\MonteCarlo\variableInfo</Filter>
    </ClCompile>
    <ClCompile Include="src\Engine\MonteCarlo\variableInfo\overWriteVariableInfo.cpp">
      <Filter>src\Engine\MonteCarlo\variableInfo</Filter>
    </ClCompile>
    <ClCompile Include="src\Engine\MonteCarlo\variableInfo\nullVariableEventInfo.cpp">
      <Filter>src\Engine\MonteCarlo\variableInfo</Filter>
    </ClCompile>
    <ClCompile Include="src\Engine\MonteCarlo\variableInfo\nullVariableInfo.cpp">
      <Filter>src\Engine\MonteCarlo\variableInfo</Filter>
    </ClCompile>
    <ClCompile Include="src\Engine\MonteCarlo\variableInfo\resetVariableInfo.cpp">
      <Filter>src\Engine\MonteCarlo\variableInfo</Filter>
    </ClCompile>
    <ClCompile Include="src\Engine\MonteCarlo\MCPricer.cpp">
      <Filter>src\Engine\MonteCarlo</Filter>
    </ClCompile>
    <ClCompile Include="src\Engine\MonteCarlo\variableInfo\predefinedVariableInfo.cpp">
      <Filter>src\Engine\MonteCarlo\variableInfo</Filter>
    </ClCompile>
    <ClCompile Include="src\Engine\MonteCarlo\stochasticProcess\ForwardRateModelWrapper.cpp">
      <Filter>src\Engine\MonteCarlo\stochacticProcess</Filter>
    </ClCompile>
    <ClCompile Include="src\Engine\MonteCarlo\eventCalculation\jointEventCalculation\simpleJointCal\andSimpleCal.cpp">
      <Filter>src\Engine\MonteCarlo\eventCalculation\jointEventCalculation\simpleJointCal</Filter>
    </ClCompile>
    <ClCompile Include="src\Engine\MonteCarlo\IRProduct\rateCalculation\rangeFloatingAccrualRateETI.cpp">
      <Filter>src\Engine\MonteCarlo\IRProduct\rateCalculation</Filter>
    </ClCompile>
    <ClCompile Include="src\Engine\MonteCarlo\IRProduct\rateCalculation\rangeFixedAccrualRateETI.cpp">
      <Filter>src\Engine\MonteCarlo\IRProduct\rateCalculation</Filter>
    </ClCompile>
    <ClCompile Include="src\Engine\MonteCarlo\ITimeCalculation.cpp">
      <Filter>src\Engine\MonteCarlo</Filter>
    </ClCompile>
    <ClCompile Include="src\Engine\MonteCarlo\referenceCalculation\referenceTimeCalculation.cpp">
      <Filter>src\Engine\MonteCarlo\referenceCalculation</Filter>
    </ClCompile>
    <ClCompile Include="src\Engine\MonteCarlo\eventCalculation\multiRangeEventCal.cpp">
      <Filter>src\Engine\MonteCarlo\eventCalculation</Filter>
    </ClCompile>
    <ClCompile Include="src\Engine\MonteCarlo\eventCalculation\jointEventCalculation\rangeJointCal\range1DJointCalculation.cpp">
      <Filter>src\Engine\MonteCarlo\eventCalculation\jointEventCalculation\rangeJointCal</Filter>
    </ClCompile>
    <ClCompile Include="src\Engine\MonteCarlo\eventCalculation\jointEventCalculation\rangeJointCal\range1DJointAndCalculation.cpp">
      <Filter>src\Engine\MonteCarlo\eventCalculation\jointEventCalculation\rangeJointCal</Filter>
    </ClCompile>
    <ClCompile Include="src\Engine\MonteCarlo\eventCalculation\jointEventCalculation\rangeJointCal\range1DJointORCalculation.cpp">
      <Filter>src\Engine\MonteCarlo\eventCalculation\jointEventCalculation\rangeJointCal</Filter>
    </ClCompile>
    <ClCompile Include="src\Engine\MonteCarlo\returnCalculation\returnCalculationInfo.cpp">
      <Filter>src\Engine\MonteCarlo\returnCalculation</Filter>
    </ClCompile>
    <ClCompile Include="src\Engine\MonteCarlo\eventCalculation\eventCalculationInfo.cpp">
      <Filter>src\Engine\MonteCarlo\eventCalculation</Filter>
    </ClCompile>
    <ClCompile Include="src\Engine\MonteCarlo\returnCalculation\CallPutCompositeReturnCal.cpp">
      <Filter>src\Engine\MonteCarlo\returnCalculation</Filter>
    </ClCompile>
    <ClCompile Include="src\Engine\MonteCarlo\returnCalculation\CallPut\VanillaPut.cpp">
      <Filter>src\Engine\MonteCarlo\returnCalculation\CallPut</Filter>
    </ClCompile>
    <ClCompile Include="src\Engine\MonteCarlo\returnCalculation\CallPut\VanillaCall.cpp">
      <Filter>src\Engine\MonteCarlo\returnCalculation\CallPut</Filter>
    </ClCompile>
    <ClCompile Include="src\Engine\MonteCarlo\returnCalculation\CallPut\OptionPayoffFunction.cpp">
      <Filter>src\Engine\MonteCarlo\returnCalculation\CallPut</Filter>
    </ClCompile>
    <ClCompile Include="src\Engine\MonteCarlo\operator\additionOperatorND.cpp">
      <Filter>src\Engine\MonteCarlo\operator</Filter>
    </ClCompile>
    <ClCompile Include="src\Engine\MonteCarlo\operator\maximumOperatorND.cpp">
      <Filter>src\Engine\MonteCarlo\operator</Filter>
    </ClCompile>
    <ClCompile Include="src\Engine\MonteCarlo\operator\multipleOperatorND.cpp">
      <Filter>src\Engine\MonteCarlo\operator</Filter>
    </ClCompile>
    <ClCompile Include="src\Engine\MonteCarlo\referenceCalculation\referenceCalculationInfo.cpp">
      <Filter>src\Engine\MonteCarlo\referenceCalculation</Filter>
    </ClCompile>
    <ClCompile Include="src\Engine\MonteCarlo\operator\divisionOperatorND.cpp">
      <Filter>src\Engine\MonteCarlo\operator</Filter>
    </ClCompile>
    <ClCompile Include="src\Engine\MonteCarlo\variableInfo\definedVariableInfo.cpp">
      <Filter>src\Engine\MonteCarlo\variableInfo</Filter>
    </ClCompile>
    <ClCompile Include="src\Engine\MonteCarlo\referenceCalculation\choiceReferenceCal.cpp">
      <Filter>src\Engine\MonteCarlo\referenceCalculation</Filter>
    </ClCompile>
    <ClCompile Include="src\Engine\MonteCarlo\fixingInformation.cpp">
      <Filter>src\Engine\MonteCarlo</Filter>
    </ClCompile>
    <ClCompile Include="src\Engine\MonteCarlo\operator\identityOperatorND.cpp">
      <Filter>src\Engine\MonteCarlo\operator</Filter>
    </ClCompile>
    <ClCompile Include="src\Engine\MonteCarlo\eventCalculation\simpleRangeEventTimeCal.cpp">
      <Filter>src\Engine\MonteCarlo\eventCalculation</Filter>
    </ClCompile>
    <ClCompile Include="src\Engine\MonteCarlo\eventCalculation\upperBarrierEventCal.cpp">
      <Filter>src\Engine\MonteCarlo\eventCalculation</Filter>
    </ClCompile>
    <ClCompile Include="src\Engine\MonteCarlo\eventCalculation\dateInformation\dateList.cpp">
      <Filter>src\Engine\MonteCarlo\eventCalculation\dateInformation</Filter>
    </ClCompile>
    <ClCompile Include="src\Engine\MonteCarlo\eventCalculation\dateInformation\dailyInterval.cpp">
      <Filter>src\Engine\MonteCarlo\eventCalculation\dateInformation</Filter>
    </ClCompile>
    <ClCompile Include="src\Engine\MonteCarlo\eventCalculation\lowerBarrierEventCal.cpp">
      <Filter>src\Engine\MonteCarlo\eventCalculation</Filter>
    </ClCompile>
    <ClCompile Include="src\Engine\MonteCarlo\eventCalculation\jointEventCalculation\simpleJointCal\identitySimpleCal.cpp">
      <Filter>src\Engine\MonteCarlo\eventCalculation\jointEventCalculation\simpleJointCal</Filter>
    </ClCompile>
    <ClCompile Include="src\Engine\MonteCarlo\result\resultCommulator.cpp">
      <Filter>src\Engine\MonteCarlo\result</Filter>
    </ClCompile>
    <ClCompile Include="src\Instrument\instrumentWithEngine.cpp">
      <Filter>src\Instrument</Filter>
    </ClCompile>
    <ClCompile Include="src\Engine\MonteCarlo\pricer\vanillaCreditEventPricer.cpp">
      <Filter>src\Engine\MonteCarlo\pricer</Filter>
    </ClCompile>
    <ClCompile Include="src\Engine\MonteCarlo\pricer\hifivePricer.cpp">
      <Filter>src\Engine\MonteCarlo\pricer</Filter>
    </ClCompile>
    <ClCompile Include="src\util\ConvertFunction.cpp">
      <Filter>src\util</Filter>
    </ClCompile>
    <ClCompile Include="src\Engine\MonteCarlo\result\CalculationLogCommulator.cpp">
      <Filter>src\Engine\MonteCarlo\result</Filter>
    </ClCompile>
    <ClCompile Include="src\Engine\MonteCarlo\IRProduct\couponCalculation\vanillaCallPutCouponETI.cpp">
      <Filter>src\Engine\MonteCarlo\IRProduct\couponCalculation</Filter>
    </ClCompile>
    <ClCompile Include="src\Engine\MonteCarlo\returnCalculation\callPutReturnCal.cpp">
      <Filter>src\Engine\MonteCarlo\returnCalculation</Filter>
    </ClCompile>
    <ClCompile Include="src\Engine\MonteCarlo\IRProduct\rateCalculation\multiConditionCouponRateETI.cpp">
      <Filter>src\Engine\MonteCarlo\IRProduct\rateCalculation</Filter>
    </ClCompile>
    <ClCompile Include="src\Engine\MonteCarlo\IRProduct\rateCalculation\multiConditionAccrualCouponRateETI.cpp">
      <Filter>src\Engine\MonteCarlo\IRProduct\rateCalculation</Filter>
    </ClCompile>
    <ClCompile Include="src\Engine\MonteCarlo\IRProduct\rateCalculation\multiConditionMultiRngAccrualCouponRateETI.cpp">
      <Filter>src\Engine\MonteCarlo\IRProduct\rateCalculation</Filter>
    </ClCompile>
    <ClCompile Include="src\Engine\MonteCarlo\IRProduct\rateCalculation\rangeND.cpp">
      <Filter>src\Engine\MonteCarlo\IRProduct\rateCalculation</Filter>
    </ClCompile>
    <ClCompile Include="src\Engine\MonteCarlo\stochasticProcess\nullProcessModelWrapper.cpp">
      <Filter>src\Engine\MonteCarlo\stochacticProcess</Filter>
    </ClCompile>
    <ClCompile Include="src\util\comparision.cpp">
      <Filter>src\util</Filter>
    </ClCompile>
    <ClCompile Include="src\util\MyResultCalculator.cpp">
      <Filter>src\util</Filter>
    </ClCompile>
    <ClCompile Include="src\util\CashFlowResult.cpp">
      <Filter>src\util</Filter>
    </ClCompile>
    <ClCompile Include="src\util\CalcValueResult.cpp">
      <Filter>src\util</Filter>
    </ClCompile>
    <ClCompile Include="src\Engine\MonteCarlo\pricer\additionalOption\additionalOption.cpp">
      <Filter>src\Engine\MonteCarlo\pricer\additionalOption</Filter>
    </ClCompile>
    <ClCompile Include="src\Engine\MonteCarlo\pricer\additionalOption\callableOption.cpp">
      <Filter>src\Engine\MonteCarlo\pricer\additionalOption</Filter>
    </ClCompile>
    <ClCompile Include="src\Engine\MonteCarlo\pricer\additionalOption\noneOption.cpp">
      <Filter>src\Engine\MonteCarlo\pricer\additionalOption</Filter>
    </ClCompile>
  </ItemGroup>
</Project>